
Microsoft Visual Studio Solution File, Format Version 12.00
# Visual Studio Version 17
VisualStudioVersion = 17.2.32505.173
MinimumVisualStudioVersion = 10.0.40219.1
Project("{8BC9CEB8-8B4A-11D0-8D11-00A0C91BC942}") = "PixelExplorer", "PixelExplorer\PixelExplorer.vcxproj", "{9F3390AF-8B8E-4844-BF61-C4C850115EC6}"
	ProjectSection(ProjectDependencies) = postProject
		{FA1A064D-329D-4DF3-9F9D-5DC1718BDF23} = {FA1A064D-329D-4DF3-9F9D-5DC1718BDF23}
	EndProjectSection
EndProject
Project("{8BC9CEB8-8B4A-11D0-8D11-00A0C91BC942}") = "PXEngine", "PXEngine\PXEngine.vcxproj", "{FA1A064D-329D-4DF3-9F9D-5DC1718BDF23}"
	ProjectSection(ProjectDependencies) = postProject
		{55AE3D72-7DE6-F19F-AEF2-9AE8CA26CF3D} = {55AE3D72-7DE6-F19F-AEF2-9AE8CA26CF3D}
		{6908C021-D84A-393C-B6BD-7314E5DA923F} = {6908C021-D84A-393C-B6BD-7314E5DA923F}
		{81CE8DAF-EBB2-4761-8E45-B71ABCCA8C68} = {81CE8DAF-EBB2-4761-8E45-B71ABCCA8C68}
		{F2BFD854-81CA-3C8E-90E4-FC38300693DF} = {F2BFD854-81CA-3C8E-90E4-FC38300693DF}
	EndProjectSection
EndProject
Project("{8BC9CEB8-8B4A-11D0-8D11-00A0C91BC942}") = "SDL2", "SDL2\VisualC\SDL\SDL.vcxproj", "{81CE8DAF-EBB2-4761-8E45-B71ABCCA8C68}"
EndProject
Project("{8BC9CEB8-8B4A-11D0-8D11-00A0C91BC942}") = "glew_shared", "glew\build\vc15\glew_shared.vcxproj", "{55AE3D72-7DE6-F19F-AEF2-9AE8CA26CF3D}"
EndProject
Project("{2150E333-8FDC-42A3-9474-1A3956D46DE8}") = "PhysX", "PhysX", "{3BC57B80-048B-4CFA-8028-124F14AEF6EA}"
EndProject
Project("{2150E333-8FDC-42A3-9474-1A3956D46DE8}") = "Win32", "Win32", "{A66A8E6F-6F95-428E-A31A-1B22638D76A1}"
EndProject
Project("{8BC9CEB8-8B4A-11D0-8D11-00A0C91BC942}") = "PhysX", "PhysX\physx\compiler\vc16win32\sdk_source_bin\PhysX.vcxproj", "{6908C021-D84A-393C-B6BD-7314E5DA923F}"
EndProject
Project("{8BC9CEB8-8B4A-11D0-8D11-00A0C91BC942}") = "FastXml", "PhysX\physx\compiler\vc16win32\sdk_source_bin\FastXml.vcxproj", "{AF646CA3-F3FF-3461-AFBC-2B35221EF37B}"
EndProject
Project("{8BC9CEB8-8B4A-11D0-8D11-00A0C91BC942}") = "LowLevel", "PhysX\physx\compiler\vc16win32\sdk_source_bin\LowLevel.vcxproj", "{7D7BD319-365E-349C-B08C-E55E8F3E4BC8}"
EndProject
Project("{8BC9CEB8-8B4A-11D0-8D11-00A0C91BC942}") = "LowLevelAABB", "PhysX\physx\compiler\vc16win32\sdk_source_bin\LowLevelAABB.vcxproj", "{F76FC1E6-98A8-32F4-BC24-721A22E48088}"
EndProject
Project("{8BC9CEB8-8B4A-11D0-8D11-00A0C91BC942}") = "LowLevelDynamics", "PhysX\physx\compiler\vc16win32\sdk_source_bin\LowLevelDynamics.vcxproj", "{E4857050-8F13-3872-B6D1-21E183374212}"
EndProject
Project("{8BC9CEB8-8B4A-11D0-8D11-00A0C91BC942}") = "PhysXCharacterKinematic", "PhysX\physx\compiler\vc16win32\sdk_source_bin\PhysXCharacterKinematic.vcxproj", "{E19EE955-F0EB-3786-89AB-29022590244F}"
EndProject
Project("{8BC9CEB8-8B4A-11D0-8D11-00A0C91BC942}") = "PhysXCommon", "PhysX\physx\compiler\vc16win32\sdk_source_bin\PhysXCommon.vcxproj", "{AF8448B0-237D-34F0-A57F-8755971B16BB}"
EndProject
Project("{8BC9CEB8-8B4A-11D0-8D11-00A0C91BC942}") = "PhysXCooking", "PhysX\physx\compiler\vc16win32\sdk_source_bin\PhysXCooking.vcxproj", "{69C0116E-4847-3BB8-93B8-25C56A674905}"
EndProject
Project("{8BC9CEB8-8B4A-11D0-8D11-00A0C91BC942}") = "PhysXExtensions", "PhysX\physx\compiler\vc16win32\sdk_source_bin\PhysXExtensions.vcxproj", "{55D48817-F149-3011-81B8-85921C10E664}"
EndProject
Project("{8BC9CEB8-8B4A-11D0-8D11-00A0C91BC942}") = "PhysXFoundation", "PhysX\physx\compiler\vc16win32\sdk_source_bin\PhysXFoundation.vcxproj", "{A378DC6A-E7E0-3A15-B205-20D0C1CEDF14}"
EndProject
Project("{8BC9CEB8-8B4A-11D0-8D11-00A0C91BC942}") = "PhysXPvdSDK", "PhysX\physx\compiler\vc16win32\sdk_source_bin\PhysXPvdSDK.vcxproj", "{7185401A-4856-382A-8297-97C72D1A38BE}"
EndProject
Project("{8BC9CEB8-8B4A-11D0-8D11-00A0C91BC942}") = "PhysXTask", "PhysX\physx\compiler\vc16win32\sdk_source_bin\PhysXTask.vcxproj", "{12024C74-078F-3478-BBD5-D7E9AFF3017A}"
EndProject
Project("{8BC9CEB8-8B4A-11D0-8D11-00A0C91BC942}") = "PhysXVehicle", "PhysX\physx\compiler\vc16win32\sdk_source_bin\PhysXVehicle.vcxproj", "{18321BDA-4B5C-3935-B71C-5709CB65ED07}"
EndProject
Project("{8BC9CEB8-8B4A-11D0-8D11-00A0C91BC942}") = "SceneQuery", "PhysX\physx\compiler\vc16win32\sdk_source_bin\SceneQuery.vcxproj", "{8A91452F-F1EB-313F-8932-81B963FF2D40}"
EndProject
Project("{8BC9CEB8-8B4A-11D0-8D11-00A0C91BC942}") = "SimulationController", "PhysX\physx\compiler\vc16win32\sdk_source_bin\SimulationController.vcxproj", "{437AD087-D0D7-3840-9B5E-528A88B5164D}"
EndProject
Project("{2150E333-8FDC-42A3-9474-1A3956D46DE8}") = "x64", "x64", "{3BDCBBDA-B1EE-4F51-801E-5B557F3FC5B4}"
EndProject
Project("{8BC9CEB8-8B4A-11D0-8D11-00A0C91BC942}") = "FastXml", "PhysX\physx\compiler\vc16win64\sdk_source_bin\FastXml.vcxproj", "{A95E34F8-28AF-3F65-BC90-278EBA335608}"
EndProject
Project("{8BC9CEB8-8B4A-11D0-8D11-00A0C91BC942}") = "LowLevel", "PhysX\physx\compiler\vc16win64\sdk_source_bin\LowLevel.vcxproj", "{9185AC6B-7613-3588-8B01-3859E3CD2787}"
EndProject
Project("{8BC9CEB8-8B4A-11D0-8D11-00A0C91BC942}") = "LowLevelAABB", "PhysX\physx\compiler\vc16win64\sdk_source_bin\LowLevelAABB.vcxproj", "{C5DCC36B-EB19-31A1-80AE-1934DB8C62E0}"
EndProject
Project("{8BC9CEB8-8B4A-11D0-8D11-00A0C91BC942}") = "LowLevelDynamics", "PhysX\physx\compiler\vc16win64\sdk_source_bin\LowLevelDynamics.vcxproj", "{6C21B011-E70F-3C94-866A-6AC3A30DBCD8}"
EndProject
Project("{8BC9CEB8-8B4A-11D0-8D11-00A0C91BC942}") = "PhysX", "PhysX\physx\compiler\vc16win64\sdk_source_bin\PhysX.vcxproj", "{F2BFD854-81CA-3C8E-90E4-FC38300693DF}"
EndProject
Project("{8BC9CEB8-8B4A-11D0-8D11-00A0C91BC942}") = "PhysXCharacterKinematic", "PhysX\physx\compiler\vc16win64\sdk_source_bin\PhysXCharacterKinematic.vcxproj", "{3927F599-A596-3EBF-835E-766613D5FA19}"
EndProject
Project("{8BC9CEB8-8B4A-11D0-8D11-00A0C91BC942}") = "PhysXCommon", "PhysX\physx\compiler\vc16win64\sdk_source_bin\PhysXCommon.vcxproj", "{53A3A3AB-C367-3E3F-BC1D-5D8846A6C020}"
EndProject
Project("{8BC9CEB8-8B4A-11D0-8D11-00A0C91BC942}") = "PhysXCooking", "PhysX\physx\compiler\vc16win64\sdk_source_bin\PhysXCooking.vcxproj", "{DF3AE37F-3ADB-3AB4-A7FD-6B0D141B35EB}"
EndProject
Project("{8BC9CEB8-8B4A-11D0-8D11-00A0C91BC942}") = "PhysXExtensions", "PhysX\physx\compiler\vc16win64\sdk_source_bin\PhysXExtensions.vcxproj", "{84D8E58E-3ACC-343B-8D9F-19D20C84CFC6}"
EndProject
Project("{8BC9CEB8-8B4A-11D0-8D11-00A0C91BC942}") = "PhysXFoundation", "PhysX\physx\compiler\vc16win64\sdk_source_bin\PhysXFoundation.vcxproj", "{D917BD1D-B816-36E9-8D2B-C04353FE511E}"
EndProject
Project("{8BC9CEB8-8B4A-11D0-8D11-00A0C91BC942}") = "PhysXPvdSDK", "PhysX\physx\compiler\vc16win64\sdk_source_bin\PhysXPvdSDK.vcxproj", "{2C32EF16-0A74-30D7-AF53-AB2ECF0147BA}"
EndProject
Project("{8BC9CEB8-8B4A-11D0-8D11-00A0C91BC942}") = "PhysXTask", "PhysX\physx\compiler\vc16win64\sdk_source_bin\PhysXTask.vcxproj", "{A4678EDE-9335-3948-A0D7-D67FDECAE282}"
EndProject
Project("{8BC9CEB8-8B4A-11D0-8D11-00A0C91BC942}") = "PhysXVehicle", "PhysX\physx\compiler\vc16win64\sdk_source_bin\PhysXVehicle.vcxproj", "{038DD3C8-02B6-39C0-B440-9C99DD20A261}"
EndProject
Project("{8BC9CEB8-8B4A-11D0-8D11-00A0C91BC942}") = "SceneQuery", "PhysX\physx\compiler\vc16win64\sdk_source_bin\SceneQuery.vcxproj", "{C641A462-9D15-3F7F-A519-FAD64F86F331}"
EndProject
Project("{8BC9CEB8-8B4A-11D0-8D11-00A0C91BC942}") = "SimulationController", "PhysX\physx\compiler\vc16win64\sdk_source_bin\SimulationController.vcxproj", "{513257AF-22BF-3467-AE18-0BC531BBF669}"
EndProject
Global
	GlobalSection(SolutionConfigurationPlatforms) = preSolution
		checked|x64 = checked|x64
		checked|x86 = checked|x86
		Debug|x64 = Debug|x64
		Debug|x86 = Debug|x86
		MinSizeRel|x64 = MinSizeRel|x64
		MinSizeRel|x86 = MinSizeRel|x86
		profile|x64 = profile|x64
		profile|x86 = profile|x86
		Release|x64 = Release|x64
		Release|x86 = Release|x86
		RelWithDebInfo|x64 = RelWithDebInfo|x64
		RelWithDebInfo|x86 = RelWithDebInfo|x86
	EndGlobalSection
	GlobalSection(ProjectConfigurationPlatforms) = postSolution
		{9F3390AF-8B8E-4844-BF61-C4C850115EC6}.checked|x64.ActiveCfg = Release|x64
		{9F3390AF-8B8E-4844-BF61-C4C850115EC6}.checked|x64.Build.0 = Release|x64
		{9F3390AF-8B8E-4844-BF61-C4C850115EC6}.checked|x86.ActiveCfg = Release|Win32
		{9F3390AF-8B8E-4844-BF61-C4C850115EC6}.checked|x86.Build.0 = Release|Win32
		{9F3390AF-8B8E-4844-BF61-C4C850115EC6}.Debug|x64.ActiveCfg = Debug|x64
		{9F3390AF-8B8E-4844-BF61-C4C850115EC6}.Debug|x64.Build.0 = Debug|x64
		{9F3390AF-8B8E-4844-BF61-C4C850115EC6}.Debug|x86.ActiveCfg = Debug|Win32
		{9F3390AF-8B8E-4844-BF61-C4C850115EC6}.Debug|x86.Build.0 = Debug|Win32
		{9F3390AF-8B8E-4844-BF61-C4C850115EC6}.MinSizeRel|x64.ActiveCfg = Debug|x64
		{9F3390AF-8B8E-4844-BF61-C4C850115EC6}.MinSizeRel|x64.Build.0 = Debug|x64
		{9F3390AF-8B8E-4844-BF61-C4C850115EC6}.MinSizeRel|x86.ActiveCfg = Debug|Win32
		{9F3390AF-8B8E-4844-BF61-C4C850115EC6}.MinSizeRel|x86.Build.0 = Debug|Win32
		{9F3390AF-8B8E-4844-BF61-C4C850115EC6}.profile|x64.ActiveCfg = Release|x64
		{9F3390AF-8B8E-4844-BF61-C4C850115EC6}.profile|x64.Build.0 = Release|x64
		{9F3390AF-8B8E-4844-BF61-C4C850115EC6}.profile|x86.ActiveCfg = Release|Win32
		{9F3390AF-8B8E-4844-BF61-C4C850115EC6}.profile|x86.Build.0 = Release|Win32
		{9F3390AF-8B8E-4844-BF61-C4C850115EC6}.Release|x64.ActiveCfg = Release|x64
		{9F3390AF-8B8E-4844-BF61-C4C850115EC6}.Release|x64.Build.0 = Release|x64
		{9F3390AF-8B8E-4844-BF61-C4C850115EC6}.Release|x86.ActiveCfg = Release|Win32
		{9F3390AF-8B8E-4844-BF61-C4C850115EC6}.Release|x86.Build.0 = Release|Win32
		{9F3390AF-8B8E-4844-BF61-C4C850115EC6}.RelWithDebInfo|x64.ActiveCfg = Release|x64
		{9F3390AF-8B8E-4844-BF61-C4C850115EC6}.RelWithDebInfo|x64.Build.0 = Release|x64
		{9F3390AF-8B8E-4844-BF61-C4C850115EC6}.RelWithDebInfo|x86.ActiveCfg = Release|Win32
		{9F3390AF-8B8E-4844-BF61-C4C850115EC6}.RelWithDebInfo|x86.Build.0 = Release|Win32
		{FA1A064D-329D-4DF3-9F9D-5DC1718BDF23}.checked|x64.ActiveCfg = Debug|x64
		{FA1A064D-329D-4DF3-9F9D-5DC1718BDF23}.checked|x64.Build.0 = Debug|x64
		{FA1A064D-329D-4DF3-9F9D-5DC1718BDF23}.checked|x86.ActiveCfg = Debug|Win32
		{FA1A064D-329D-4DF3-9F9D-5DC1718BDF23}.checked|x86.Build.0 = Debug|Win32
		{FA1A064D-329D-4DF3-9F9D-5DC1718BDF23}.Debug|x64.ActiveCfg = Debug|x64
		{FA1A064D-329D-4DF3-9F9D-5DC1718BDF23}.Debug|x64.Build.0 = Debug|x64
		{FA1A064D-329D-4DF3-9F9D-5DC1718BDF23}.Debug|x86.ActiveCfg = Debug|Win32
		{FA1A064D-329D-4DF3-9F9D-5DC1718BDF23}.Debug|x86.Build.0 = Debug|Win32
		{FA1A064D-329D-4DF3-9F9D-5DC1718BDF23}.MinSizeRel|x64.ActiveCfg = Debug|x64
		{FA1A064D-329D-4DF3-9F9D-5DC1718BDF23}.MinSizeRel|x64.Build.0 = Debug|x64
		{FA1A064D-329D-4DF3-9F9D-5DC1718BDF23}.MinSizeRel|x86.ActiveCfg = Debug|Win32
		{FA1A064D-329D-4DF3-9F9D-5DC1718BDF23}.MinSizeRel|x86.Build.0 = Debug|Win32
		{FA1A064D-329D-4DF3-9F9D-5DC1718BDF23}.profile|x64.ActiveCfg = Debug|x64
		{FA1A064D-329D-4DF3-9F9D-5DC1718BDF23}.profile|x64.Build.0 = Debug|x64
		{FA1A064D-329D-4DF3-9F9D-5DC1718BDF23}.profile|x86.ActiveCfg = Debug|Win32
		{FA1A064D-329D-4DF3-9F9D-5DC1718BDF23}.profile|x86.Build.0 = Debug|Win32
		{FA1A064D-329D-4DF3-9F9D-5DC1718BDF23}.Release|x64.ActiveCfg = Release|x64
		{FA1A064D-329D-4DF3-9F9D-5DC1718BDF23}.Release|x64.Build.0 = Release|x64
		{FA1A064D-329D-4DF3-9F9D-5DC1718BDF23}.Release|x86.ActiveCfg = Release|Win32
		{FA1A064D-329D-4DF3-9F9D-5DC1718BDF23}.Release|x86.Build.0 = Release|Win32
		{FA1A064D-329D-4DF3-9F9D-5DC1718BDF23}.RelWithDebInfo|x64.ActiveCfg = Release|x64
		{FA1A064D-329D-4DF3-9F9D-5DC1718BDF23}.RelWithDebInfo|x64.Build.0 = Release|x64
		{FA1A064D-329D-4DF3-9F9D-5DC1718BDF23}.RelWithDebInfo|x86.ActiveCfg = Release|Win32
		{FA1A064D-329D-4DF3-9F9D-5DC1718BDF23}.RelWithDebInfo|x86.Build.0 = Release|Win32
		{81CE8DAF-EBB2-4761-8E45-B71ABCCA8C68}.checked|x64.ActiveCfg = Debug|x64
		{81CE8DAF-EBB2-4761-8E45-B71ABCCA8C68}.checked|x64.Build.0 = Debug|x64
		{81CE8DAF-EBB2-4761-8E45-B71ABCCA8C68}.checked|x86.ActiveCfg = Debug|Win32
		{81CE8DAF-EBB2-4761-8E45-B71ABCCA8C68}.checked|x86.Build.0 = Debug|Win32
		{81CE8DAF-EBB2-4761-8E45-B71ABCCA8C68}.Debug|x64.ActiveCfg = Debug|x64
		{81CE8DAF-EBB2-4761-8E45-B71ABCCA8C68}.Debug|x64.Build.0 = Debug|x64
		{81CE8DAF-EBB2-4761-8E45-B71ABCCA8C68}.Debug|x86.ActiveCfg = Debug|Win32
		{81CE8DAF-EBB2-4761-8E45-B71ABCCA8C68}.Debug|x86.Build.0 = Debug|Win32
		{81CE8DAF-EBB2-4761-8E45-B71ABCCA8C68}.MinSizeRel|x64.ActiveCfg = Debug|x64
		{81CE8DAF-EBB2-4761-8E45-B71ABCCA8C68}.MinSizeRel|x64.Build.0 = Debug|x64
		{81CE8DAF-EBB2-4761-8E45-B71ABCCA8C68}.MinSizeRel|x86.ActiveCfg = Debug|Win32
		{81CE8DAF-EBB2-4761-8E45-B71ABCCA8C68}.MinSizeRel|x86.Build.0 = Debug|Win32
		{81CE8DAF-EBB2-4761-8E45-B71ABCCA8C68}.profile|x64.ActiveCfg = Debug|x64
		{81CE8DAF-EBB2-4761-8E45-B71ABCCA8C68}.profile|x64.Build.0 = Debug|x64
		{81CE8DAF-EBB2-4761-8E45-B71ABCCA8C68}.profile|x86.ActiveCfg = Debug|Win32
		{81CE8DAF-EBB2-4761-8E45-B71ABCCA8C68}.profile|x86.Build.0 = Debug|Win32
		{81CE8DAF-EBB2-4761-8E45-B71ABCCA8C68}.Release|x64.ActiveCfg = Release|x64
		{81CE8DAF-EBB2-4761-8E45-B71ABCCA8C68}.Release|x64.Build.0 = Release|x64
		{81CE8DAF-EBB2-4761-8E45-B71ABCCA8C68}.Release|x86.ActiveCfg = Release|Win32
		{81CE8DAF-EBB2-4761-8E45-B71ABCCA8C68}.Release|x86.Build.0 = Release|Win32
		{81CE8DAF-EBB2-4761-8E45-B71ABCCA8C68}.RelWithDebInfo|x64.ActiveCfg = Release|x64
		{81CE8DAF-EBB2-4761-8E45-B71ABCCA8C68}.RelWithDebInfo|x64.Build.0 = Release|x64
		{81CE8DAF-EBB2-4761-8E45-B71ABCCA8C68}.RelWithDebInfo|x86.ActiveCfg = Release|Win32
		{81CE8DAF-EBB2-4761-8E45-B71ABCCA8C68}.RelWithDebInfo|x86.Build.0 = Release|Win32
		{55AE3D72-7DE6-F19F-AEF2-9AE8CA26CF3D}.checked|x64.ActiveCfg = Debug|x64
		{55AE3D72-7DE6-F19F-AEF2-9AE8CA26CF3D}.checked|x64.Build.0 = Debug|x64
		{55AE3D72-7DE6-F19F-AEF2-9AE8CA26CF3D}.checked|x86.ActiveCfg = Debug|Win32
		{55AE3D72-7DE6-F19F-AEF2-9AE8CA26CF3D}.checked|x86.Build.0 = Debug|Win32
		{55AE3D72-7DE6-F19F-AEF2-9AE8CA26CF3D}.Debug|x64.ActiveCfg = Debug|x64
		{55AE3D72-7DE6-F19F-AEF2-9AE8CA26CF3D}.Debug|x64.Build.0 = Debug|x64
		{55AE3D72-7DE6-F19F-AEF2-9AE8CA26CF3D}.Debug|x86.ActiveCfg = Debug|Win32
		{55AE3D72-7DE6-F19F-AEF2-9AE8CA26CF3D}.Debug|x86.Build.0 = Debug|Win32
		{55AE3D72-7DE6-F19F-AEF2-9AE8CA26CF3D}.MinSizeRel|x64.ActiveCfg = Debug|x64
		{55AE3D72-7DE6-F19F-AEF2-9AE8CA26CF3D}.MinSizeRel|x64.Build.0 = Debug|x64
		{55AE3D72-7DE6-F19F-AEF2-9AE8CA26CF3D}.MinSizeRel|x86.ActiveCfg = Debug|Win32
		{55AE3D72-7DE6-F19F-AEF2-9AE8CA26CF3D}.MinSizeRel|x86.Build.0 = Debug|Win32
		{55AE3D72-7DE6-F19F-AEF2-9AE8CA26CF3D}.profile|x64.ActiveCfg = Debug|x64
		{55AE3D72-7DE6-F19F-AEF2-9AE8CA26CF3D}.profile|x64.Build.0 = Debug|x64
		{55AE3D72-7DE6-F19F-AEF2-9AE8CA26CF3D}.profile|x86.ActiveCfg = Debug|Win32
		{55AE3D72-7DE6-F19F-AEF2-9AE8CA26CF3D}.profile|x86.Build.0 = Debug|Win32
		{55AE3D72-7DE6-F19F-AEF2-9AE8CA26CF3D}.Release|x64.ActiveCfg = Release|x64
		{55AE3D72-7DE6-F19F-AEF2-9AE8CA26CF3D}.Release|x64.Build.0 = Release|x64
		{55AE3D72-7DE6-F19F-AEF2-9AE8CA26CF3D}.Release|x86.ActiveCfg = Release|Win32
		{55AE3D72-7DE6-F19F-AEF2-9AE8CA26CF3D}.Release|x86.Build.0 = Release|Win32
		{55AE3D72-7DE6-F19F-AEF2-9AE8CA26CF3D}.RelWithDebInfo|x64.ActiveCfg = Release|x64
		{55AE3D72-7DE6-F19F-AEF2-9AE8CA26CF3D}.RelWithDebInfo|x64.Build.0 = Release|x64
		{55AE3D72-7DE6-F19F-AEF2-9AE8CA26CF3D}.RelWithDebInfo|x86.ActiveCfg = Release|Win32
		{55AE3D72-7DE6-F19F-AEF2-9AE8CA26CF3D}.RelWithDebInfo|x86.Build.0 = Release|Win32
		{6908C021-D84A-393C-B6BD-7314E5DA923F}.checked|x64.ActiveCfg = checked|Win32
		{6908C021-D84A-393C-B6BD-7314E5DA923F}.checked|x64.Build.0 = checked|Win32
		{6908C021-D84A-393C-B6BD-7314E5DA923F}.checked|x86.ActiveCfg = checked|Win32
		{6908C021-D84A-393C-B6BD-7314E5DA923F}.checked|x86.Build.0 = checked|Win32
		{6908C021-D84A-393C-B6BD-7314E5DA923F}.Debug|x64.ActiveCfg = debug|Win32
		{6908C021-D84A-393C-B6BD-7314E5DA923F}.Debug|x64.Build.0 = debug|Win32
		{6908C021-D84A-393C-B6BD-7314E5DA923F}.Debug|x86.ActiveCfg = debug|Win32
		{6908C021-D84A-393C-B6BD-7314E5DA923F}.Debug|x86.Build.0 = debug|Win32
		{6908C021-D84A-393C-B6BD-7314E5DA923F}.MinSizeRel|x64.ActiveCfg = debug|Win32
		{6908C021-D84A-393C-B6BD-7314E5DA923F}.MinSizeRel|x64.Build.0 = debug|Win32
		{6908C021-D84A-393C-B6BD-7314E5DA923F}.MinSizeRel|x86.ActiveCfg = debug|Win32
		{6908C021-D84A-393C-B6BD-7314E5DA923F}.MinSizeRel|x86.Build.0 = debug|Win32
		{6908C021-D84A-393C-B6BD-7314E5DA923F}.profile|x64.ActiveCfg = profile|Win32
		{6908C021-D84A-393C-B6BD-7314E5DA923F}.profile|x64.Build.0 = profile|Win32
		{6908C021-D84A-393C-B6BD-7314E5DA923F}.profile|x86.ActiveCfg = profile|Win32
		{6908C021-D84A-393C-B6BD-7314E5DA923F}.profile|x86.Build.0 = profile|Win32
		{6908C021-D84A-393C-B6BD-7314E5DA923F}.Release|x64.ActiveCfg = release|Win32
		{6908C021-D84A-393C-B6BD-7314E5DA923F}.Release|x64.Build.0 = release|Win32
		{6908C021-D84A-393C-B6BD-7314E5DA923F}.Release|x86.ActiveCfg = release|Win32
		{6908C021-D84A-393C-B6BD-7314E5DA923F}.Release|x86.Build.0 = release|Win32
		{6908C021-D84A-393C-B6BD-7314E5DA923F}.RelWithDebInfo|x64.ActiveCfg = release|Win32
		{6908C021-D84A-393C-B6BD-7314E5DA923F}.RelWithDebInfo|x64.Build.0 = release|Win32
		{6908C021-D84A-393C-B6BD-7314E5DA923F}.RelWithDebInfo|x86.ActiveCfg = release|Win32
		{6908C021-D84A-393C-B6BD-7314E5DA923F}.RelWithDebInfo|x86.Build.0 = release|Win32
		{AF646CA3-F3FF-3461-AFBC-2B35221EF37B}.checked|x64.ActiveCfg = checked|Win32
		{AF646CA3-F3FF-3461-AFBC-2B35221EF37B}.checked|x64.Build.0 = checked|Win32
		{AF646CA3-F3FF-3461-AFBC-2B35221EF37B}.checked|x86.ActiveCfg = checked|Win32
		{AF646CA3-F3FF-3461-AFBC-2B35221EF37B}.checked|x86.Build.0 = checked|Win32
		{AF646CA3-F3FF-3461-AFBC-2B35221EF37B}.Debug|x64.ActiveCfg = debug|Win32
		{AF646CA3-F3FF-3461-AFBC-2B35221EF37B}.Debug|x64.Build.0 = debug|Win32
		{AF646CA3-F3FF-3461-AFBC-2B35221EF37B}.Debug|x86.ActiveCfg = debug|Win32
		{AF646CA3-F3FF-3461-AFBC-2B35221EF37B}.Debug|x86.Build.0 = debug|Win32
		{AF646CA3-F3FF-3461-AFBC-2B35221EF37B}.MinSizeRel|x64.ActiveCfg = debug|Win32
		{AF646CA3-F3FF-3461-AFBC-2B35221EF37B}.MinSizeRel|x64.Build.0 = debug|Win32
		{AF646CA3-F3FF-3461-AFBC-2B35221EF37B}.MinSizeRel|x86.ActiveCfg = debug|Win32
		{AF646CA3-F3FF-3461-AFBC-2B35221EF37B}.MinSizeRel|x86.Build.0 = debug|Win32
		{AF646CA3-F3FF-3461-AFBC-2B35221EF37B}.profile|x64.ActiveCfg = profile|Win32
		{AF646CA3-F3FF-3461-AFBC-2B35221EF37B}.profile|x64.Build.0 = profile|Win32
		{AF646CA3-F3FF-3461-AFBC-2B35221EF37B}.profile|x86.ActiveCfg = profile|Win32
		{AF646CA3-F3FF-3461-AFBC-2B35221EF37B}.profile|x86.Build.0 = profile|Win32
		{AF646CA3-F3FF-3461-AFBC-2B35221EF37B}.Release|x64.ActiveCfg = release|Win32
		{AF646CA3-F3FF-3461-AFBC-2B35221EF37B}.Release|x64.Build.0 = release|Win32
		{AF646CA3-F3FF-3461-AFBC-2B35221EF37B}.Release|x86.ActiveCfg = release|Win32
		{AF646CA3-F3FF-3461-AFBC-2B35221EF37B}.Release|x86.Build.0 = release|Win32
		{AF646CA3-F3FF-3461-AFBC-2B35221EF37B}.RelWithDebInfo|x64.ActiveCfg = release|Win32
		{AF646CA3-F3FF-3461-AFBC-2B35221EF37B}.RelWithDebInfo|x64.Build.0 = release|Win32
		{AF646CA3-F3FF-3461-AFBC-2B35221EF37B}.RelWithDebInfo|x86.ActiveCfg = release|Win32
		{AF646CA3-F3FF-3461-AFBC-2B35221EF37B}.RelWithDebInfo|x86.Build.0 = release|Win32
		{7D7BD319-365E-349C-B08C-E55E8F3E4BC8}.checked|x64.ActiveCfg = checked|Win32
		{7D7BD319-365E-349C-B08C-E55E8F3E4BC8}.checked|x64.Build.0 = checked|Win32
		{7D7BD319-365E-349C-B08C-E55E8F3E4BC8}.checked|x86.ActiveCfg = checked|Win32
		{7D7BD319-365E-349C-B08C-E55E8F3E4BC8}.checked|x86.Build.0 = checked|Win32
		{7D7BD319-365E-349C-B08C-E55E8F3E4BC8}.Debug|x64.ActiveCfg = debug|Win32
		{7D7BD319-365E-349C-B08C-E55E8F3E4BC8}.Debug|x64.Build.0 = debug|Win32
		{7D7BD319-365E-349C-B08C-E55E8F3E4BC8}.Debug|x86.ActiveCfg = debug|Win32
		{7D7BD319-365E-349C-B08C-E55E8F3E4BC8}.Debug|x86.Build.0 = debug|Win32
		{7D7BD319-365E-349C-B08C-E55E8F3E4BC8}.MinSizeRel|x64.ActiveCfg = debug|Win32
		{7D7BD319-365E-349C-B08C-E55E8F3E4BC8}.MinSizeRel|x64.Build.0 = debug|Win32
		{7D7BD319-365E-349C-B08C-E55E8F3E4BC8}.MinSizeRel|x86.ActiveCfg = debug|Win32
		{7D7BD319-365E-349C-B08C-E55E8F3E4BC8}.MinSizeRel|x86.Build.0 = debug|Win32
		{7D7BD319-365E-349C-B08C-E55E8F3E4BC8}.profile|x64.ActiveCfg = profile|Win32
		{7D7BD319-365E-349C-B08C-E55E8F3E4BC8}.profile|x64.Build.0 = profile|Win32
		{7D7BD319-365E-349C-B08C-E55E8F3E4BC8}.profile|x86.ActiveCfg = profile|Win32
		{7D7BD319-365E-349C-B08C-E55E8F3E4BC8}.profile|x86.Build.0 = profile|Win32
		{7D7BD319-365E-349C-B08C-E55E8F3E4BC8}.Release|x64.ActiveCfg = release|Win32
		{7D7BD319-365E-349C-B08C-E55E8F3E4BC8}.Release|x64.Build.0 = release|Win32
		{7D7BD319-365E-349C-B08C-E55E8F3E4BC8}.Release|x86.ActiveCfg = release|Win32
		{7D7BD319-365E-349C-B08C-E55E8F3E4BC8}.Release|x86.Build.0 = release|Win32
		{7D7BD319-365E-349C-B08C-E55E8F3E4BC8}.RelWithDebInfo|x64.ActiveCfg = release|Win32
		{7D7BD319-365E-349C-B08C-E55E8F3E4BC8}.RelWithDebInfo|x64.Build.0 = release|Win32
		{7D7BD319-365E-349C-B08C-E55E8F3E4BC8}.RelWithDebInfo|x86.ActiveCfg = release|Win32
		{7D7BD319-365E-349C-B08C-E55E8F3E4BC8}.RelWithDebInfo|x86.Build.0 = release|Win32
		{F76FC1E6-98A8-32F4-BC24-721A22E48088}.checked|x64.ActiveCfg = checked|Win32
		{F76FC1E6-98A8-32F4-BC24-721A22E48088}.checked|x64.Build.0 = checked|Win32
		{F76FC1E6-98A8-32F4-BC24-721A22E48088}.checked|x86.ActiveCfg = checked|Win32
		{F76FC1E6-98A8-32F4-BC24-721A22E48088}.checked|x86.Build.0 = checked|Win32
		{F76FC1E6-98A8-32F4-BC24-721A22E48088}.Debug|x64.ActiveCfg = debug|Win32
		{F76FC1E6-98A8-32F4-BC24-721A22E48088}.Debug|x64.Build.0 = debug|Win32
		{F76FC1E6-98A8-32F4-BC24-721A22E48088}.Debug|x86.ActiveCfg = debug|Win32
		{F76FC1E6-98A8-32F4-BC24-721A22E48088}.Debug|x86.Build.0 = debug|Win32
		{F76FC1E6-98A8-32F4-BC24-721A22E48088}.MinSizeRel|x64.ActiveCfg = debug|Win32
		{F76FC1E6-98A8-32F4-BC24-721A22E48088}.MinSizeRel|x64.Build.0 = debug|Win32
		{F76FC1E6-98A8-32F4-BC24-721A22E48088}.MinSizeRel|x86.ActiveCfg = debug|Win32
		{F76FC1E6-98A8-32F4-BC24-721A22E48088}.MinSizeRel|x86.Build.0 = debug|Win32
		{F76FC1E6-98A8-32F4-BC24-721A22E48088}.profile|x64.ActiveCfg = profile|Win32
		{F76FC1E6-98A8-32F4-BC24-721A22E48088}.profile|x64.Build.0 = profile|Win32
		{F76FC1E6-98A8-32F4-BC24-721A22E48088}.profile|x86.ActiveCfg = profile|Win32
		{F76FC1E6-98A8-32F4-BC24-721A22E48088}.profile|x86.Build.0 = profile|Win32
		{F76FC1E6-98A8-32F4-BC24-721A22E48088}.Release|x64.ActiveCfg = release|Win32
		{F76FC1E6-98A8-32F4-BC24-721A22E48088}.Release|x64.Build.0 = release|Win32
		{F76FC1E6-98A8-32F4-BC24-721A22E48088}.Release|x86.ActiveCfg = release|Win32
		{F76FC1E6-98A8-32F4-BC24-721A22E48088}.Release|x86.Build.0 = release|Win32
		{F76FC1E6-98A8-32F4-BC24-721A22E48088}.RelWithDebInfo|x64.ActiveCfg = release|Win32
		{F76FC1E6-98A8-32F4-BC24-721A22E48088}.RelWithDebInfo|x64.Build.0 = release|Win32
		{F76FC1E6-98A8-32F4-BC24-721A22E48088}.RelWithDebInfo|x86.ActiveCfg = release|Win32
		{F76FC1E6-98A8-32F4-BC24-721A22E48088}.RelWithDebInfo|x86.Build.0 = release|Win32
		{E4857050-8F13-3872-B6D1-21E183374212}.checked|x64.ActiveCfg = checked|Win32
		{E4857050-8F13-3872-B6D1-21E183374212}.checked|x64.Build.0 = checked|Win32
		{E4857050-8F13-3872-B6D1-21E183374212}.checked|x86.ActiveCfg = checked|Win32
		{E4857050-8F13-3872-B6D1-21E183374212}.checked|x86.Build.0 = checked|Win32
		{E4857050-8F13-3872-B6D1-21E183374212}.Debug|x64.ActiveCfg = debug|Win32
		{E4857050-8F13-3872-B6D1-21E183374212}.Debug|x64.Build.0 = debug|Win32
		{E4857050-8F13-3872-B6D1-21E183374212}.Debug|x86.ActiveCfg = debug|Win32
		{E4857050-8F13-3872-B6D1-21E183374212}.Debug|x86.Build.0 = debug|Win32
		{E4857050-8F13-3872-B6D1-21E183374212}.MinSizeRel|x64.ActiveCfg = debug|Win32
		{E4857050-8F13-3872-B6D1-21E183374212}.MinSizeRel|x64.Build.0 = debug|Win32
		{E4857050-8F13-3872-B6D1-21E183374212}.MinSizeRel|x86.ActiveCfg = debug|Win32
		{E4857050-8F13-3872-B6D1-21E183374212}.MinSizeRel|x86.Build.0 = debug|Win32
		{E4857050-8F13-3872-B6D1-21E183374212}.profile|x64.ActiveCfg = profile|Win32
		{E4857050-8F13-3872-B6D1-21E183374212}.profile|x64.Build.0 = profile|Win32
		{E4857050-8F13-3872-B6D1-21E183374212}.profile|x86.ActiveCfg = profile|Win32
		{E4857050-8F13-3872-B6D1-21E183374212}.profile|x86.Build.0 = profile|Win32
		{E4857050-8F13-3872-B6D1-21E183374212}.Release|x64.ActiveCfg = release|Win32
		{E4857050-8F13-3872-B6D1-21E183374212}.Release|x64.Build.0 = release|Win32
		{E4857050-8F13-3872-B6D1-21E183374212}.Release|x86.ActiveCfg = release|Win32
		{E4857050-8F13-3872-B6D1-21E183374212}.Release|x86.Build.0 = release|Win32
		{E4857050-8F13-3872-B6D1-21E183374212}.RelWithDebInfo|x64.ActiveCfg = release|Win32
		{E4857050-8F13-3872-B6D1-21E183374212}.RelWithDebInfo|x64.Build.0 = release|Win32
		{E4857050-8F13-3872-B6D1-21E183374212}.RelWithDebInfo|x86.ActiveCfg = release|Win32
		{E4857050-8F13-3872-B6D1-21E183374212}.RelWithDebInfo|x86.Build.0 = release|Win32
		{E19EE955-F0EB-3786-89AB-29022590244F}.checked|x64.ActiveCfg = checked|Win32
		{E19EE955-F0EB-3786-89AB-29022590244F}.checked|x64.Build.0 = checked|Win32
		{E19EE955-F0EB-3786-89AB-29022590244F}.checked|x86.ActiveCfg = checked|Win32
		{E19EE955-F0EB-3786-89AB-29022590244F}.checked|x86.Build.0 = checked|Win32
		{E19EE955-F0EB-3786-89AB-29022590244F}.Debug|x64.ActiveCfg = debug|Win32
		{E19EE955-F0EB-3786-89AB-29022590244F}.Debug|x64.Build.0 = debug|Win32
		{E19EE955-F0EB-3786-89AB-29022590244F}.Debug|x86.ActiveCfg = debug|Win32
		{E19EE955-F0EB-3786-89AB-29022590244F}.Debug|x86.Build.0 = debug|Win32
		{E19EE955-F0EB-3786-89AB-29022590244F}.MinSizeRel|x64.ActiveCfg = debug|Win32
		{E19EE955-F0EB-3786-89AB-29022590244F}.MinSizeRel|x64.Build.0 = debug|Win32
		{E19EE955-F0EB-3786-89AB-29022590244F}.MinSizeRel|x86.ActiveCfg = debug|Win32
		{E19EE955-F0EB-3786-89AB-29022590244F}.MinSizeRel|x86.Build.0 = debug|Win32
		{E19EE955-F0EB-3786-89AB-29022590244F}.profile|x64.ActiveCfg = profile|Win32
		{E19EE955-F0EB-3786-89AB-29022590244F}.profile|x64.Build.0 = profile|Win32
		{E19EE955-F0EB-3786-89AB-29022590244F}.profile|x86.ActiveCfg = profile|Win32
		{E19EE955-F0EB-3786-89AB-29022590244F}.profile|x86.Build.0 = profile|Win32
		{E19EE955-F0EB-3786-89AB-29022590244F}.Release|x64.ActiveCfg = release|Win32
		{E19EE955-F0EB-3786-89AB-29022590244F}.Release|x64.Build.0 = release|Win32
		{E19EE955-F0EB-3786-89AB-29022590244F}.Release|x86.ActiveCfg = release|Win32
		{E19EE955-F0EB-3786-89AB-29022590244F}.Release|x86.Build.0 = release|Win32
		{E19EE955-F0EB-3786-89AB-29022590244F}.RelWithDebInfo|x64.ActiveCfg = release|Win32
		{E19EE955-F0EB-3786-89AB-29022590244F}.RelWithDebInfo|x64.Build.0 = release|Win32
		{E19EE955-F0EB-3786-89AB-29022590244F}.RelWithDebInfo|x86.ActiveCfg = release|Win32
		{E19EE955-F0EB-3786-89AB-29022590244F}.RelWithDebInfo|x86.Build.0 = release|Win32
		{AF8448B0-237D-34F0-A57F-8755971B16BB}.checked|x64.ActiveCfg = checked|Win32
		{AF8448B0-237D-34F0-A57F-8755971B16BB}.checked|x64.Build.0 = checked|Win32
		{AF8448B0-237D-34F0-A57F-8755971B16BB}.checked|x86.ActiveCfg = checked|Win32
		{AF8448B0-237D-34F0-A57F-8755971B16BB}.checked|x86.Build.0 = checked|Win32
		{AF8448B0-237D-34F0-A57F-8755971B16BB}.Debug|x64.ActiveCfg = debug|Win32
		{AF8448B0-237D-34F0-A57F-8755971B16BB}.Debug|x64.Build.0 = debug|Win32
		{AF8448B0-237D-34F0-A57F-8755971B16BB}.Debug|x86.ActiveCfg = debug|Win32
		{AF8448B0-237D-34F0-A57F-8755971B16BB}.Debug|x86.Build.0 = debug|Win32
		{AF8448B0-237D-34F0-A57F-8755971B16BB}.MinSizeRel|x64.ActiveCfg = debug|Win32
		{AF8448B0-237D-34F0-A57F-8755971B16BB}.MinSizeRel|x64.Build.0 = debug|Win32
		{AF8448B0-237D-34F0-A57F-8755971B16BB}.MinSizeRel|x86.ActiveCfg = debug|Win32
		{AF8448B0-237D-34F0-A57F-8755971B16BB}.MinSizeRel|x86.Build.0 = debug|Win32
		{AF8448B0-237D-34F0-A57F-8755971B16BB}.profile|x64.ActiveCfg = profile|Win32
		{AF8448B0-237D-34F0-A57F-8755971B16BB}.profile|x64.Build.0 = profile|Win32
		{AF8448B0-237D-34F0-A57F-8755971B16BB}.profile|x86.ActiveCfg = profile|Win32
		{AF8448B0-237D-34F0-A57F-8755971B16BB}.profile|x86.Build.0 = profile|Win32
		{AF8448B0-237D-34F0-A57F-8755971B16BB}.Release|x64.ActiveCfg = release|Win32
		{AF8448B0-237D-34F0-A57F-8755971B16BB}.Release|x64.Build.0 = release|Win32
		{AF8448B0-237D-34F0-A57F-8755971B16BB}.Release|x86.ActiveCfg = release|Win32
		{AF8448B0-237D-34F0-A57F-8755971B16BB}.Release|x86.Build.0 = release|Win32
		{AF8448B0-237D-34F0-A57F-8755971B16BB}.RelWithDebInfo|x64.ActiveCfg = release|Win32
		{AF8448B0-237D-34F0-A57F-8755971B16BB}.RelWithDebInfo|x64.Build.0 = release|Win32
		{AF8448B0-237D-34F0-A57F-8755971B16BB}.RelWithDebInfo|x86.ActiveCfg = release|Win32
		{AF8448B0-237D-34F0-A57F-8755971B16BB}.RelWithDebInfo|x86.Build.0 = release|Win32
		{69C0116E-4847-3BB8-93B8-25C56A674905}.checked|x64.ActiveCfg = checked|Win32
		{69C0116E-4847-3BB8-93B8-25C56A674905}.checked|x64.Build.0 = checked|Win32
		{69C0116E-4847-3BB8-93B8-25C56A674905}.checked|x86.ActiveCfg = checked|Win32
		{69C0116E-4847-3BB8-93B8-25C56A674905}.checked|x86.Build.0 = checked|Win32
		{69C0116E-4847-3BB8-93B8-25C56A674905}.Debug|x64.ActiveCfg = debug|Win32
		{69C0116E-4847-3BB8-93B8-25C56A674905}.Debug|x64.Build.0 = debug|Win32
		{69C0116E-4847-3BB8-93B8-25C56A674905}.Debug|x86.ActiveCfg = debug|Win32
		{69C0116E-4847-3BB8-93B8-25C56A674905}.Debug|x86.Build.0 = debug|Win32
		{69C0116E-4847-3BB8-93B8-25C56A674905}.MinSizeRel|x64.ActiveCfg = debug|Win32
		{69C0116E-4847-3BB8-93B8-25C56A674905}.MinSizeRel|x64.Build.0 = debug|Win32
		{69C0116E-4847-3BB8-93B8-25C56A674905}.MinSizeRel|x86.ActiveCfg = debug|Win32
		{69C0116E-4847-3BB8-93B8-25C56A674905}.MinSizeRel|x86.Build.0 = debug|Win32
		{69C0116E-4847-3BB8-93B8-25C56A674905}.profile|x64.ActiveCfg = profile|Win32
		{69C0116E-4847-3BB8-93B8-25C56A674905}.profile|x64.Build.0 = profile|Win32
		{69C0116E-4847-3BB8-93B8-25C56A674905}.profile|x86.ActiveCfg = profile|Win32
		{69C0116E-4847-3BB8-93B8-25C56A674905}.profile|x86.Build.0 = profile|Win32
		{69C0116E-4847-3BB8-93B8-25C56A674905}.Release|x64.ActiveCfg = release|Win32
		{69C0116E-4847-3BB8-93B8-25C56A674905}.Release|x64.Build.0 = release|Win32
		{69C0116E-4847-3BB8-93B8-25C56A674905}.Release|x86.ActiveCfg = release|Win32
		{69C0116E-4847-3BB8-93B8-25C56A674905}.Release|x86.Build.0 = release|Win32
		{69C0116E-4847-3BB8-93B8-25C56A674905}.RelWithDebInfo|x64.ActiveCfg = release|Win32
		{69C0116E-4847-3BB8-93B8-25C56A674905}.RelWithDebInfo|x64.Build.0 = release|Win32
		{69C0116E-4847-3BB8-93B8-25C56A674905}.RelWithDebInfo|x86.ActiveCfg = release|Win32
		{69C0116E-4847-3BB8-93B8-25C56A674905}.RelWithDebInfo|x86.Build.0 = release|Win32
		{55D48817-F149-3011-81B8-85921C10E664}.checked|x64.ActiveCfg = checked|Win32
		{55D48817-F149-3011-81B8-85921C10E664}.checked|x64.Build.0 = checked|Win32
		{55D48817-F149-3011-81B8-85921C10E664}.checked|x86.ActiveCfg = checked|Win32
		{55D48817-F149-3011-81B8-85921C10E664}.checked|x86.Build.0 = checked|Win32
		{55D48817-F149-3011-81B8-85921C10E664}.Debug|x64.ActiveCfg = debug|Win32
		{55D48817-F149-3011-81B8-85921C10E664}.Debug|x64.Build.0 = debug|Win32
		{55D48817-F149-3011-81B8-85921C10E664}.Debug|x86.ActiveCfg = debug|Win32
		{55D48817-F149-3011-81B8-85921C10E664}.Debug|x86.Build.0 = debug|Win32
		{55D48817-F149-3011-81B8-85921C10E664}.MinSizeRel|x64.ActiveCfg = debug|Win32
		{55D48817-F149-3011-81B8-85921C10E664}.MinSizeRel|x64.Build.0 = debug|Win32
		{55D48817-F149-3011-81B8-85921C10E664}.MinSizeRel|x86.ActiveCfg = debug|Win32
		{55D48817-F149-3011-81B8-85921C10E664}.MinSizeRel|x86.Build.0 = debug|Win32
		{55D48817-F149-3011-81B8-85921C10E664}.profile|x64.ActiveCfg = profile|Win32
		{55D48817-F149-3011-81B8-85921C10E664}.profile|x64.Build.0 = profile|Win32
		{55D48817-F149-3011-81B8-85921C10E664}.profile|x86.ActiveCfg = profile|Win32
		{55D48817-F149-3011-81B8-85921C10E664}.profile|x86.Build.0 = profile|Win32
		{55D48817-F149-3011-81B8-85921C10E664}.Release|x64.ActiveCfg = release|Win32
		{55D48817-F149-3011-81B8-85921C10E664}.Release|x64.Build.0 = release|Win32
		{55D48817-F149-3011-81B8-85921C10E664}.Release|x86.ActiveCfg = release|Win32
		{55D48817-F149-3011-81B8-85921C10E664}.Release|x86.Build.0 = release|Win32
		{55D48817-F149-3011-81B8-85921C10E664}.RelWithDebInfo|x64.ActiveCfg = release|Win32
		{55D48817-F149-3011-81B8-85921C10E664}.RelWithDebInfo|x64.Build.0 = release|Win32
		{55D48817-F149-3011-81B8-85921C10E664}.RelWithDebInfo|x86.ActiveCfg = release|Win32
		{55D48817-F149-3011-81B8-85921C10E664}.RelWithDebInfo|x86.Build.0 = release|Win32
		{A378DC6A-E7E0-3A15-B205-20D0C1CEDF14}.checked|x64.ActiveCfg = checked|Win32
		{A378DC6A-E7E0-3A15-B205-20D0C1CEDF14}.checked|x64.Build.0 = checked|Win32
		{A378DC6A-E7E0-3A15-B205-20D0C1CEDF14}.checked|x86.ActiveCfg = checked|Win32
		{A378DC6A-E7E0-3A15-B205-20D0C1CEDF14}.checked|x86.Build.0 = checked|Win32
		{A378DC6A-E7E0-3A15-B205-20D0C1CEDF14}.Debug|x64.ActiveCfg = debug|Win32
		{A378DC6A-E7E0-3A15-B205-20D0C1CEDF14}.Debug|x64.Build.0 = debug|Win32
		{A378DC6A-E7E0-3A15-B205-20D0C1CEDF14}.Debug|x86.ActiveCfg = debug|Win32
		{A378DC6A-E7E0-3A15-B205-20D0C1CEDF14}.Debug|x86.Build.0 = debug|Win32
		{A378DC6A-E7E0-3A15-B205-20D0C1CEDF14}.MinSizeRel|x64.ActiveCfg = debug|Win32
		{A378DC6A-E7E0-3A15-B205-20D0C1CEDF14}.MinSizeRel|x64.Build.0 = debug|Win32
		{A378DC6A-E7E0-3A15-B205-20D0C1CEDF14}.MinSizeRel|x86.ActiveCfg = debug|Win32
		{A378DC6A-E7E0-3A15-B205-20D0C1CEDF14}.MinSizeRel|x86.Build.0 = debug|Win32
		{A378DC6A-E7E0-3A15-B205-20D0C1CEDF14}.profile|x64.ActiveCfg = profile|Win32
		{A378DC6A-E7E0-3A15-B205-20D0C1CEDF14}.profile|x64.Build.0 = profile|Win32
		{A378DC6A-E7E0-3A15-B205-20D0C1CEDF14}.profile|x86.ActiveCfg = profile|Win32
		{A378DC6A-E7E0-3A15-B205-20D0C1CEDF14}.profile|x86.Build.0 = profile|Win32
		{A378DC6A-E7E0-3A15-B205-20D0C1CEDF14}.Release|x64.ActiveCfg = release|Win32
		{A378DC6A-E7E0-3A15-B205-20D0C1CEDF14}.Release|x64.Build.0 = release|Win32
		{A378DC6A-E7E0-3A15-B205-20D0C1CEDF14}.Release|x86.ActiveCfg = release|Win32
		{A378DC6A-E7E0-3A15-B205-20D0C1CEDF14}.Release|x86.Build.0 = release|Win32
		{A378DC6A-E7E0-3A15-B205-20D0C1CEDF14}.RelWithDebInfo|x64.ActiveCfg = release|Win32
		{A378DC6A-E7E0-3A15-B205-20D0C1CEDF14}.RelWithDebInfo|x64.Build.0 = release|Win32
		{A378DC6A-E7E0-3A15-B205-20D0C1CEDF14}.RelWithDebInfo|x86.ActiveCfg = release|Win32
		{A378DC6A-E7E0-3A15-B205-20D0C1CEDF14}.RelWithDebInfo|x86.Build.0 = release|Win32
		{7185401A-4856-382A-8297-97C72D1A38BE}.checked|x64.ActiveCfg = checked|Win32
		{7185401A-4856-382A-8297-97C72D1A38BE}.checked|x64.Build.0 = checked|Win32
		{7185401A-4856-382A-8297-97C72D1A38BE}.checked|x86.ActiveCfg = checked|Win32
		{7185401A-4856-382A-8297-97C72D1A38BE}.checked|x86.Build.0 = checked|Win32
		{7185401A-4856-382A-8297-97C72D1A38BE}.Debug|x64.ActiveCfg = debug|Win32
		{7185401A-4856-382A-8297-97C72D1A38BE}.Debug|x64.Build.0 = debug|Win32
		{7185401A-4856-382A-8297-97C72D1A38BE}.Debug|x86.ActiveCfg = debug|Win32
		{7185401A-4856-382A-8297-97C72D1A38BE}.Debug|x86.Build.0 = debug|Win32
		{7185401A-4856-382A-8297-97C72D1A38BE}.MinSizeRel|x64.ActiveCfg = debug|Win32
		{7185401A-4856-382A-8297-97C72D1A38BE}.MinSizeRel|x64.Build.0 = debug|Win32
		{7185401A-4856-382A-8297-97C72D1A38BE}.MinSizeRel|x86.ActiveCfg = debug|Win32
		{7185401A-4856-382A-8297-97C72D1A38BE}.MinSizeRel|x86.Build.0 = debug|Win32
		{7185401A-4856-382A-8297-97C72D1A38BE}.profile|x64.ActiveCfg = profile|Win32
		{7185401A-4856-382A-8297-97C72D1A38BE}.profile|x64.Build.0 = profile|Win32
		{7185401A-4856-382A-8297-97C72D1A38BE}.profile|x86.ActiveCfg = profile|Win32
		{7185401A-4856-382A-8297-97C72D1A38BE}.profile|x86.Build.0 = profile|Win32
		{7185401A-4856-382A-8297-97C72D1A38BE}.Release|x64.ActiveCfg = release|Win32
		{7185401A-4856-382A-8297-97C72D1A38BE}.Release|x64.Build.0 = release|Win32
		{7185401A-4856-382A-8297-97C72D1A38BE}.Release|x86.ActiveCfg = release|Win32
		{7185401A-4856-382A-8297-97C72D1A38BE}.Release|x86.Build.0 = release|Win32
		{7185401A-4856-382A-8297-97C72D1A38BE}.RelWithDebInfo|x64.ActiveCfg = release|Win32
		{7185401A-4856-382A-8297-97C72D1A38BE}.RelWithDebInfo|x64.Build.0 = release|Win32
		{7185401A-4856-382A-8297-97C72D1A38BE}.RelWithDebInfo|x86.ActiveCfg = release|Win32
		{7185401A-4856-382A-8297-97C72D1A38BE}.RelWithDebInfo|x86.Build.0 = release|Win32
		{12024C74-078F-3478-BBD5-D7E9AFF3017A}.checked|x64.ActiveCfg = checked|Win32
		{12024C74-078F-3478-BBD5-D7E9AFF3017A}.checked|x64.Build.0 = checked|Win32
		{12024C74-078F-3478-BBD5-D7E9AFF3017A}.checked|x86.ActiveCfg = checked|Win32
		{12024C74-078F-3478-BBD5-D7E9AFF3017A}.checked|x86.Build.0 = checked|Win32
		{12024C74-078F-3478-BBD5-D7E9AFF3017A}.Debug|x64.ActiveCfg = debug|Win32
		{12024C74-078F-3478-BBD5-D7E9AFF3017A}.Debug|x64.Build.0 = debug|Win32
		{12024C74-078F-3478-BBD5-D7E9AFF3017A}.Debug|x86.ActiveCfg = debug|Win32
		{12024C74-078F-3478-BBD5-D7E9AFF3017A}.Debug|x86.Build.0 = debug|Win32
		{12024C74-078F-3478-BBD5-D7E9AFF3017A}.MinSizeRel|x64.ActiveCfg = debug|Win32
		{12024C74-078F-3478-BBD5-D7E9AFF3017A}.MinSizeRel|x64.Build.0 = debug|Win32
		{12024C74-078F-3478-BBD5-D7E9AFF3017A}.MinSizeRel|x86.ActiveCfg = debug|Win32
		{12024C74-078F-3478-BBD5-D7E9AFF3017A}.MinSizeRel|x86.Build.0 = debug|Win32
		{12024C74-078F-3478-BBD5-D7E9AFF3017A}.profile|x64.ActiveCfg = profile|Win32
		{12024C74-078F-3478-BBD5-D7E9AFF3017A}.profile|x64.Build.0 = profile|Win32
		{12024C74-078F-3478-BBD5-D7E9AFF3017A}.profile|x86.ActiveCfg = profile|Win32
		{12024C74-078F-3478-BBD5-D7E9AFF3017A}.profile|x86.Build.0 = profile|Win32
		{12024C74-078F-3478-BBD5-D7E9AFF3017A}.Release|x64.ActiveCfg = release|Win32
		{12024C74-078F-3478-BBD5-D7E9AFF3017A}.Release|x64.Build.0 = release|Win32
		{12024C74-078F-3478-BBD5-D7E9AFF3017A}.Release|x86.ActiveCfg = release|Win32
		{12024C74-078F-3478-BBD5-D7E9AFF3017A}.Release|x86.Build.0 = release|Win32
		{12024C74-078F-3478-BBD5-D7E9AFF3017A}.RelWithDebInfo|x64.ActiveCfg = release|Win32
		{12024C74-078F-3478-BBD5-D7E9AFF3017A}.RelWithDebInfo|x64.Build.0 = release|Win32
		{12024C74-078F-3478-BBD5-D7E9AFF3017A}.RelWithDebInfo|x86.ActiveCfg = release|Win32
		{12024C74-078F-3478-BBD5-D7E9AFF3017A}.RelWithDebInfo|x86.Build.0 = release|Win32
		{18321BDA-4B5C-3935-B71C-5709CB65ED07}.checked|x64.ActiveCfg = checked|Win32
		{18321BDA-4B5C-3935-B71C-5709CB65ED07}.checked|x64.Build.0 = checked|Win32
		{18321BDA-4B5C-3935-B71C-5709CB65ED07}.checked|x86.ActiveCfg = checked|Win32
		{18321BDA-4B5C-3935-B71C-5709CB65ED07}.checked|x86.Build.0 = checked|Win32
		{18321BDA-4B5C-3935-B71C-5709CB65ED07}.Debug|x64.ActiveCfg = debug|Win32
		{18321BDA-4B5C-3935-B71C-5709CB65ED07}.Debug|x64.Build.0 = debug|Win32
		{18321BDA-4B5C-3935-B71C-5709CB65ED07}.Debug|x86.ActiveCfg = debug|Win32
		{18321BDA-4B5C-3935-B71C-5709CB65ED07}.Debug|x86.Build.0 = debug|Win32
		{18321BDA-4B5C-3935-B71C-5709CB65ED07}.MinSizeRel|x64.ActiveCfg = debug|Win32
		{18321BDA-4B5C-3935-B71C-5709CB65ED07}.MinSizeRel|x64.Build.0 = debug|Win32
		{18321BDA-4B5C-3935-B71C-5709CB65ED07}.MinSizeRel|x86.ActiveCfg = debug|Win32
		{18321BDA-4B5C-3935-B71C-5709CB65ED07}.MinSizeRel|x86.Build.0 = debug|Win32
		{18321BDA-4B5C-3935-B71C-5709CB65ED07}.profile|x64.ActiveCfg = profile|Win32
		{18321BDA-4B5C-3935-B71C-5709CB65ED07}.profile|x64.Build.0 = profile|Win32
		{18321BDA-4B5C-3935-B71C-5709CB65ED07}.profile|x86.ActiveCfg = profile|Win32
		{18321BDA-4B5C-3935-B71C-5709CB65ED07}.profile|x86.Build.0 = profile|Win32
		{18321BDA-4B5C-3935-B71C-5709CB65ED07}.Release|x64.ActiveCfg = release|Win32
		{18321BDA-4B5C-3935-B71C-5709CB65ED07}.Release|x64.Build.0 = release|Win32
		{18321BDA-4B5C-3935-B71C-5709CB65ED07}.Release|x86.ActiveCfg = release|Win32
		{18321BDA-4B5C-3935-B71C-5709CB65ED07}.Release|x86.Build.0 = release|Win32
		{18321BDA-4B5C-3935-B71C-5709CB65ED07}.RelWithDebInfo|x64.ActiveCfg = release|Win32
		{18321BDA-4B5C-3935-B71C-5709CB65ED07}.RelWithDebInfo|x64.Build.0 = release|Win32
		{18321BDA-4B5C-3935-B71C-5709CB65ED07}.RelWithDebInfo|x86.ActiveCfg = release|Win32
		{18321BDA-4B5C-3935-B71C-5709CB65ED07}.RelWithDebInfo|x86.Build.0 = release|Win32
		{8A91452F-F1EB-313F-8932-81B963FF2D40}.checked|x64.ActiveCfg = checked|Win32
		{8A91452F-F1EB-313F-8932-81B963FF2D40}.checked|x64.Build.0 = checked|Win32
		{8A91452F-F1EB-313F-8932-81B963FF2D40}.checked|x86.ActiveCfg = checked|Win32
		{8A91452F-F1EB-313F-8932-81B963FF2D40}.checked|x86.Build.0 = checked|Win32
		{8A91452F-F1EB-313F-8932-81B963FF2D40}.Debug|x64.ActiveCfg = debug|Win32
		{8A91452F-F1EB-313F-8932-81B963FF2D40}.Debug|x64.Build.0 = debug|Win32
		{8A91452F-F1EB-313F-8932-81B963FF2D40}.Debug|x86.ActiveCfg = debug|Win32
		{8A91452F-F1EB-313F-8932-81B963FF2D40}.Debug|x86.Build.0 = debug|Win32
		{8A91452F-F1EB-313F-8932-81B963FF2D40}.MinSizeRel|x64.ActiveCfg = debug|Win32
		{8A91452F-F1EB-313F-8932-81B963FF2D40}.MinSizeRel|x64.Build.0 = debug|Win32
		{8A91452F-F1EB-313F-8932-81B963FF2D40}.MinSizeRel|x86.ActiveCfg = debug|Win32
		{8A91452F-F1EB-313F-8932-81B963FF2D40}.MinSizeRel|x86.Build.0 = debug|Win32
		{8A91452F-F1EB-313F-8932-81B963FF2D40}.profile|x64.ActiveCfg = profile|Win32
		{8A91452F-F1EB-313F-8932-81B963FF2D40}.profile|x64.Build.0 = profile|Win32
		{8A91452F-F1EB-313F-8932-81B963FF2D40}.profile|x86.ActiveCfg = profile|Win32
		{8A91452F-F1EB-313F-8932-81B963FF2D40}.profile|x86.Build.0 = profile|Win32
		{8A91452F-F1EB-313F-8932-81B963FF2D40}.Release|x64.ActiveCfg = release|Win32
		{8A91452F-F1EB-313F-8932-81B963FF2D40}.Release|x64.Build.0 = release|Win32
		{8A91452F-F1EB-313F-8932-81B963FF2D40}.Release|x86.ActiveCfg = release|Win32
		{8A91452F-F1EB-313F-8932-81B963FF2D40}.Release|x86.Build.0 = release|Win32
		{8A91452F-F1EB-313F-8932-81B963FF2D40}.RelWithDebInfo|x64.ActiveCfg = release|Win32
		{8A91452F-F1EB-313F-8932-81B963FF2D40}.RelWithDebInfo|x64.Build.0 = release|Win32
		{8A91452F-F1EB-313F-8932-81B963FF2D40}.RelWithDebInfo|x86.ActiveCfg = release|Win32
		{8A91452F-F1EB-313F-8932-81B963FF2D40}.RelWithDebInfo|x86.Build.0 = release|Win32
		{437AD087-D0D7-3840-9B5E-528A88B5164D}.checked|x64.ActiveCfg = checked|Win32
		{437AD087-D0D7-3840-9B5E-528A88B5164D}.checked|x64.Build.0 = checked|Win32
		{437AD087-D0D7-3840-9B5E-528A88B5164D}.checked|x86.ActiveCfg = checked|Win32
		{437AD087-D0D7-3840-9B5E-528A88B5164D}.checked|x86.Build.0 = checked|Win32
		{437AD087-D0D7-3840-9B5E-528A88B5164D}.Debug|x64.ActiveCfg = debug|Win32
		{437AD087-D0D7-3840-9B5E-528A88B5164D}.Debug|x64.Build.0 = debug|Win32
		{437AD087-D0D7-3840-9B5E-528A88B5164D}.Debug|x86.ActiveCfg = debug|Win32
		{437AD087-D0D7-3840-9B5E-528A88B5164D}.Debug|x86.Build.0 = debug|Win32
		{437AD087-D0D7-3840-9B5E-528A88B5164D}.MinSizeRel|x64.ActiveCfg = debug|Win32
		{437AD087-D0D7-3840-9B5E-528A88B5164D}.MinSizeRel|x64.Build.0 = debug|Win32
		{437AD087-D0D7-3840-9B5E-528A88B5164D}.MinSizeRel|x86.ActiveCfg = debug|Win32
		{437AD087-D0D7-3840-9B5E-528A88B5164D}.MinSizeRel|x86.Build.0 = debug|Win32
		{437AD087-D0D7-3840-9B5E-528A88B5164D}.profile|x64.ActiveCfg = profile|Win32
		{437AD087-D0D7-3840-9B5E-528A88B5164D}.profile|x64.Build.0 = profile|Win32
		{437AD087-D0D7-3840-9B5E-528A88B5164D}.profile|x86.ActiveCfg = profile|Win32
		{437AD087-D0D7-3840-9B5E-528A88B5164D}.profile|x86.Build.0 = profile|Win32
		{437AD087-D0D7-3840-9B5E-528A88B5164D}.Release|x64.ActiveCfg = release|Win32
		{437AD087-D0D7-3840-9B5E-528A88B5164D}.Release|x64.Build.0 = release|Win32
		{437AD087-D0D7-3840-9B5E-528A88B5164D}.Release|x86.ActiveCfg = release|Win32
		{437AD087-D0D7-3840-9B5E-528A88B5164D}.Release|x86.Build.0 = release|Win32
		{437AD087-D0D7-3840-9B5E-528A88B5164D}.RelWithDebInfo|x64.ActiveCfg = release|Win32
		{437AD087-D0D7-3840-9B5E-528A88B5164D}.RelWithDebInfo|x64.Build.0 = release|Win32
		{437AD087-D0D7-3840-9B5E-528A88B5164D}.RelWithDebInfo|x86.ActiveCfg = release|Win32
		{437AD087-D0D7-3840-9B5E-528A88B5164D}.RelWithDebInfo|x86.Build.0 = release|Win32
		{A95E34F8-28AF-3F65-BC90-278EBA335608}.checked|x64.ActiveCfg = checked|x64
		{A95E34F8-28AF-3F65-BC90-278EBA335608}.checked|x64.Build.0 = checked|x64
		{A95E34F8-28AF-3F65-BC90-278EBA335608}.checked|x86.ActiveCfg = checked|x64
		{A95E34F8-28AF-3F65-BC90-278EBA335608}.checked|x86.Build.0 = checked|x64
		{A95E34F8-28AF-3F65-BC90-278EBA335608}.Debug|x64.ActiveCfg = debug|x64
		{A95E34F8-28AF-3F65-BC90-278EBA335608}.Debug|x64.Build.0 = debug|x64
		{A95E34F8-28AF-3F65-BC90-278EBA335608}.Debug|x86.ActiveCfg = debug|x64
		{A95E34F8-28AF-3F65-BC90-278EBA335608}.Debug|x86.Build.0 = debug|x64
		{A95E34F8-28AF-3F65-BC90-278EBA335608}.MinSizeRel|x64.ActiveCfg = profile|x64
		{A95E34F8-28AF-3F65-BC90-278EBA335608}.MinSizeRel|x64.Build.0 = profile|x64
		{A95E34F8-28AF-3F65-BC90-278EBA335608}.MinSizeRel|x86.ActiveCfg = profile|x64
		{A95E34F8-28AF-3F65-BC90-278EBA335608}.MinSizeRel|x86.Build.0 = profile|x64
		{A95E34F8-28AF-3F65-BC90-278EBA335608}.profile|x64.ActiveCfg = profile|x64
		{A95E34F8-28AF-3F65-BC90-278EBA335608}.profile|x64.Build.0 = profile|x64
		{A95E34F8-28AF-3F65-BC90-278EBA335608}.profile|x86.ActiveCfg = profile|x64
		{A95E34F8-28AF-3F65-BC90-278EBA335608}.profile|x86.Build.0 = profile|x64
		{A95E34F8-28AF-3F65-BC90-278EBA335608}.Release|x64.ActiveCfg = release|x64
		{A95E34F8-28AF-3F65-BC90-278EBA335608}.Release|x64.Build.0 = release|x64
		{A95E34F8-28AF-3F65-BC90-278EBA335608}.Release|x86.ActiveCfg = release|x64
		{A95E34F8-28AF-3F65-BC90-278EBA335608}.Release|x86.Build.0 = release|x64
		{A95E34F8-28AF-3F65-BC90-278EBA335608}.RelWithDebInfo|x64.ActiveCfg = release|x64
		{A95E34F8-28AF-3F65-BC90-278EBA335608}.RelWithDebInfo|x64.Build.0 = release|x64
		{A95E34F8-28AF-3F65-BC90-278EBA335608}.RelWithDebInfo|x86.ActiveCfg = release|x64
		{A95E34F8-28AF-3F65-BC90-278EBA335608}.RelWithDebInfo|x86.Build.0 = release|x64
		{9185AC6B-7613-3588-8B01-3859E3CD2787}.checked|x64.ActiveCfg = checked|x64
		{9185AC6B-7613-3588-8B01-3859E3CD2787}.checked|x64.Build.0 = checked|x64
		{9185AC6B-7613-3588-8B01-3859E3CD2787}.checked|x86.ActiveCfg = checked|x64
		{9185AC6B-7613-3588-8B01-3859E3CD2787}.checked|x86.Build.0 = checked|x64
		{9185AC6B-7613-3588-8B01-3859E3CD2787}.Debug|x64.ActiveCfg = debug|x64
		{9185AC6B-7613-3588-8B01-3859E3CD2787}.Debug|x64.Build.0 = debug|x64
		{9185AC6B-7613-3588-8B01-3859E3CD2787}.Debug|x86.ActiveCfg = debug|x64
		{9185AC6B-7613-3588-8B01-3859E3CD2787}.Debug|x86.Build.0 = debug|x64
		{9185AC6B-7613-3588-8B01-3859E3CD2787}.MinSizeRel|x64.ActiveCfg = profile|x64
		{9185AC6B-7613-3588-8B01-3859E3CD2787}.MinSizeRel|x64.Build.0 = profile|x64
		{9185AC6B-7613-3588-8B01-3859E3CD2787}.MinSizeRel|x86.ActiveCfg = profile|x64
		{9185AC6B-7613-3588-8B01-3859E3CD2787}.MinSizeRel|x86.Build.0 = profile|x64
		{9185AC6B-7613-3588-8B01-3859E3CD2787}.profile|x64.ActiveCfg = profile|x64
		{9185AC6B-7613-3588-8B01-3859E3CD2787}.profile|x64.Build.0 = profile|x64
		{9185AC6B-7613-3588-8B01-3859E3CD2787}.profile|x86.ActiveCfg = profile|x64
		{9185AC6B-7613-3588-8B01-3859E3CD2787}.profile|x86.Build.0 = profile|x64
		{9185AC6B-7613-3588-8B01-3859E3CD2787}.Release|x64.ActiveCfg = release|x64
		{9185AC6B-7613-3588-8B01-3859E3CD2787}.Release|x64.Build.0 = release|x64
		{9185AC6B-7613-3588-8B01-3859E3CD2787}.Release|x86.ActiveCfg = release|x64
		{9185AC6B-7613-3588-8B01-3859E3CD2787}.Release|x86.Build.0 = release|x64
		{9185AC6B-7613-3588-8B01-3859E3CD2787}.RelWithDebInfo|x64.ActiveCfg = release|x64
		{9185AC6B-7613-3588-8B01-3859E3CD2787}.RelWithDebInfo|x64.Build.0 = release|x64
		{9185AC6B-7613-3588-8B01-3859E3CD2787}.RelWithDebInfo|x86.ActiveCfg = release|x64
		{9185AC6B-7613-3588-8B01-3859E3CD2787}.RelWithDebInfo|x86.Build.0 = release|x64
		{C5DCC36B-EB19-31A1-80AE-1934DB8C62E0}.checked|x64.ActiveCfg = checked|x64
		{C5DCC36B-EB19-31A1-80AE-1934DB8C62E0}.checked|x64.Build.0 = checked|x64
		{C5DCC36B-EB19-31A1-80AE-1934DB8C62E0}.checked|x86.ActiveCfg = checked|x64
		{C5DCC36B-EB19-31A1-80AE-1934DB8C62E0}.checked|x86.Build.0 = checked|x64
		{C5DCC36B-EB19-31A1-80AE-1934DB8C62E0}.Debug|x64.ActiveCfg = debug|x64
		{C5DCC36B-EB19-31A1-80AE-1934DB8C62E0}.Debug|x64.Build.0 = debug|x64
		{C5DCC36B-EB19-31A1-80AE-1934DB8C62E0}.Debug|x86.ActiveCfg = debug|x64
		{C5DCC36B-EB19-31A1-80AE-1934DB8C62E0}.Debug|x86.Build.0 = debug|x64
		{C5DCC36B-EB19-31A1-80AE-1934DB8C62E0}.MinSizeRel|x64.ActiveCfg = profile|x64
		{C5DCC36B-EB19-31A1-80AE-1934DB8C62E0}.MinSizeRel|x64.Build.0 = profile|x64
		{C5DCC36B-EB19-31A1-80AE-1934DB8C62E0}.MinSizeRel|x86.ActiveCfg = profile|x64
		{C5DCC36B-EB19-31A1-80AE-1934DB8C62E0}.MinSizeRel|x86.Build.0 = profile|x64
		{C5DCC36B-EB19-31A1-80AE-1934DB8C62E0}.profile|x64.ActiveCfg = profile|x64
		{C5DCC36B-EB19-31A1-80AE-1934DB8C62E0}.profile|x64.Build.0 = profile|x64
		{C5DCC36B-EB19-31A1-80AE-1934DB8C62E0}.profile|x86.ActiveCfg = profile|x64
		{C5DCC36B-EB19-31A1-80AE-1934DB8C62E0}.profile|x86.Build.0 = profile|x64
		{C5DCC36B-EB19-31A1-80AE-1934DB8C62E0}.Release|x64.ActiveCfg = release|x64
		{C5DCC36B-EB19-31A1-80AE-1934DB8C62E0}.Release|x64.Build.0 = release|x64
		{C5DCC36B-EB19-31A1-80AE-1934DB8C62E0}.Release|x86.ActiveCfg = release|x64
		{C5DCC36B-EB19-31A1-80AE-1934DB8C62E0}.Release|x86.Build.0 = release|x64
		{C5DCC36B-EB19-31A1-80AE-1934DB8C62E0}.RelWithDebInfo|x64.ActiveCfg = release|x64
		{C5DCC36B-EB19-31A1-80AE-1934DB8C62E0}.RelWithDebInfo|x64.Build.0 = release|x64
		{C5DCC36B-EB19-31A1-80AE-1934DB8C62E0}.RelWithDebInfo|x86.ActiveCfg = release|x64
		{C5DCC36B-EB19-31A1-80AE-1934DB8C62E0}.RelWithDebInfo|x86.Build.0 = release|x64
		{6C21B011-E70F-3C94-866A-6AC3A30DBCD8}.checked|x64.ActiveCfg = checked|x64
		{6C21B011-E70F-3C94-866A-6AC3A30DBCD8}.checked|x64.Build.0 = checked|x64
		{6C21B011-E70F-3C94-866A-6AC3A30DBCD8}.checked|x86.ActiveCfg = checked|x64
		{6C21B011-E70F-3C94-866A-6AC3A30DBCD8}.checked|x86.Build.0 = checked|x64
		{6C21B011-E70F-3C94-866A-6AC3A30DBCD8}.Debug|x64.ActiveCfg = debug|x64
		{6C21B011-E70F-3C94-866A-6AC3A30DBCD8}.Debug|x64.Build.0 = debug|x64
		{6C21B011-E70F-3C94-866A-6AC3A30DBCD8}.Debug|x86.ActiveCfg = debug|x64
		{6C21B011-E70F-3C94-866A-6AC3A30DBCD8}.Debug|x86.Build.0 = debug|x64
		{6C21B011-E70F-3C94-866A-6AC3A30DBCD8}.MinSizeRel|x64.ActiveCfg = profile|x64
		{6C21B011-E70F-3C94-866A-6AC3A30DBCD8}.MinSizeRel|x64.Build.0 = profile|x64
		{6C21B011-E70F-3C94-866A-6AC3A30DBCD8}.MinSizeRel|x86.ActiveCfg = profile|x64
		{6C21B011-E70F-3C94-866A-6AC3A30DBCD8}.MinSizeRel|x86.Build.0 = profile|x64
		{6C21B011-E70F-3C94-866A-6AC3A30DBCD8}.profile|x64.ActiveCfg = profile|x64
		{6C21B011-E70F-3C94-866A-6AC3A30DBCD8}.profile|x64.Build.0 = profile|x64
		{6C21B011-E70F-3C94-866A-6AC3A30DBCD8}.profile|x86.ActiveCfg = profile|x64
		{6C21B011-E70F-3C94-866A-6AC3A30DBCD8}.profile|x86.Build.0 = profile|x64
		{6C21B011-E70F-3C94-866A-6AC3A30DBCD8}.Release|x64.ActiveCfg = release|x64
		{6C21B011-E70F-3C94-866A-6AC3A30DBCD8}.Release|x64.Build.0 = release|x64
		{6C21B011-E70F-3C94-866A-6AC3A30DBCD8}.Release|x86.ActiveCfg = release|x64
		{6C21B011-E70F-3C94-866A-6AC3A30DBCD8}.Release|x86.Build.0 = release|x64
		{6C21B011-E70F-3C94-866A-6AC3A30DBCD8}.RelWithDebInfo|x64.ActiveCfg = release|x64
		{6C21B011-E70F-3C94-866A-6AC3A30DBCD8}.RelWithDebInfo|x64.Build.0 = release|x64
		{6C21B011-E70F-3C94-866A-6AC3A30DBCD8}.RelWithDebInfo|x86.ActiveCfg = release|x64
		{6C21B011-E70F-3C94-866A-6AC3A30DBCD8}.RelWithDebInfo|x86.Build.0 = release|x64
		{F2BFD854-81CA-3C8E-90E4-FC38300693DF}.checked|x64.ActiveCfg = checked|x64
		{F2BFD854-81CA-3C8E-90E4-FC38300693DF}.checked|x64.Build.0 = checked|x64
		{F2BFD854-81CA-3C8E-90E4-FC38300693DF}.checked|x86.ActiveCfg = checked|x64
		{F2BFD854-81CA-3C8E-90E4-FC38300693DF}.checked|x86.Build.0 = checked|x64
		{F2BFD854-81CA-3C8E-90E4-FC38300693DF}.Debug|x64.ActiveCfg = debug|x64
		{F2BFD854-81CA-3C8E-90E4-FC38300693DF}.Debug|x64.Build.0 = debug|x64
		{F2BFD854-81CA-3C8E-90E4-FC38300693DF}.Debug|x86.ActiveCfg = debug|x64
		{F2BFD854-81CA-3C8E-90E4-FC38300693DF}.Debug|x86.Build.0 = debug|x64
		{F2BFD854-81CA-3C8E-90E4-FC38300693DF}.MinSizeRel|x64.ActiveCfg = profile|x64
		{F2BFD854-81CA-3C8E-90E4-FC38300693DF}.MinSizeRel|x64.Build.0 = profile|x64
		{F2BFD854-81CA-3C8E-90E4-FC38300693DF}.MinSizeRel|x86.ActiveCfg = profile|x64
		{F2BFD854-81CA-3C8E-90E4-FC38300693DF}.MinSizeRel|x86.Build.0 = profile|x64
		{F2BFD854-81CA-3C8E-90E4-FC38300693DF}.profile|x64.ActiveCfg = profile|x64
		{F2BFD854-81CA-3C8E-90E4-FC38300693DF}.profile|x64.Build.0 = profile|x64
		{F2BFD854-81CA-3C8E-90E4-FC38300693DF}.profile|x86.ActiveCfg = profile|x64
		{F2BFD854-81CA-3C8E-90E4-FC38300693DF}.profile|x86.Build.0 = profile|x64
		{F2BFD854-81CA-3C8E-90E4-FC38300693DF}.Release|x64.ActiveCfg = release|x64
		{F2BFD854-81CA-3C8E-90E4-FC38300693DF}.Release|x64.Build.0 = release|x64
		{F2BFD854-81CA-3C8E-90E4-FC38300693DF}.Release|x86.ActiveCfg = release|x64
		{F2BFD854-81CA-3C8E-90E4-FC38300693DF}.Release|x86.Build.0 = release|x64
		{F2BFD854-81CA-3C8E-90E4-FC38300693DF}.RelWithDebInfo|x64.ActiveCfg = release|x64
		{F2BFD854-81CA-3C8E-90E4-FC38300693DF}.RelWithDebInfo|x64.Build.0 = release|x64
		{F2BFD854-81CA-3C8E-90E4-FC38300693DF}.RelWithDebInfo|x86.ActiveCfg = release|x64
		{F2BFD854-81CA-3C8E-90E4-FC38300693DF}.RelWithDebInfo|x86.Build.0 = release|x64
		{3927F599-A596-3EBF-835E-766613D5FA19}.checked|x64.ActiveCfg = checked|x64
		{3927F599-A596-3EBF-835E-766613D5FA19}.checked|x64.Build.0 = checked|x64
		{3927F599-A596-3EBF-835E-766613D5FA19}.checked|x86.ActiveCfg = checked|x64
		{3927F599-A596-3EBF-835E-766613D5FA19}.checked|x86.Build.0 = checked|x64
		{3927F599-A596-3EBF-835E-766613D5FA19}.Debug|x64.ActiveCfg = debug|x64
		{3927F599-A596-3EBF-835E-766613D5FA19}.Debug|x64.Build.0 = debug|x64
		{3927F599-A596-3EBF-835E-766613D5FA19}.Debug|x86.ActiveCfg = debug|x64
		{3927F599-A596-3EBF-835E-766613D5FA19}.Debug|x86.Build.0 = debug|x64
		{3927F599-A596-3EBF-835E-766613D5FA19}.MinSizeRel|x64.ActiveCfg = profile|x64
		{3927F599-A596-3EBF-835E-766613D5FA19}.MinSizeRel|x64.Build.0 = profile|x64
		{3927F599-A596-3EBF-835E-766613D5FA19}.MinSizeRel|x86.ActiveCfg = profile|x64
		{3927F599-A596-3EBF-835E-766613D5FA19}.MinSizeRel|x86.Build.0 = profile|x64
		{3927F599-A596-3EBF-835E-766613D5FA19}.profile|x64.ActiveCfg = profile|x64
		{3927F599-A596-3EBF-835E-766613D5FA19}.profile|x64.Build.0 = profile|x64
		{3927F599-A596-3EBF-835E-766613D5FA19}.profile|x86.ActiveCfg = profile|x64
		{3927F599-A596-3EBF-835E-766613D5FA19}.profile|x86.Build.0 = profile|x64
		{3927F599-A596-3EBF-835E-766613D5FA19}.Release|x64.ActiveCfg = release|x64
		{3927F599-A596-3EBF-835E-766613D5FA19}.Release|x64.Build.0 = release|x64
		{3927F599-A596-3EBF-835E-766613D5FA19}.Release|x86.ActiveCfg = release|x64
		{3927F599-A596-3EBF-835E-766613D5FA19}.Release|x86.Build.0 = release|x64
		{3927F599-A596-3EBF-835E-766613D5FA19}.RelWithDebInfo|x64.ActiveCfg = release|x64
		{3927F599-A596-3EBF-835E-766613D5FA19}.RelWithDebInfo|x64.Build.0 = release|x64
		{3927F599-A596-3EBF-835E-766613D5FA19}.RelWithDebInfo|x86.ActiveCfg = release|x64
		{3927F599-A596-3EBF-835E-766613D5FA19}.RelWithDebInfo|x86.Build.0 = release|x64
		{53A3A3AB-C367-3E3F-BC1D-5D8846A6C020}.checked|x64.ActiveCfg = checked|x64
		{53A3A3AB-C367-3E3F-BC1D-5D8846A6C020}.checked|x64.Build.0 = checked|x64
		{53A3A3AB-C367-3E3F-BC1D-5D8846A6C020}.checked|x86.ActiveCfg = checked|x64
		{53A3A3AB-C367-3E3F-BC1D-5D8846A6C020}.checked|x86.Build.0 = checked|x64
		{53A3A3AB-C367-3E3F-BC1D-5D8846A6C020}.Debug|x64.ActiveCfg = debug|x64
		{53A3A3AB-C367-3E3F-BC1D-5D8846A6C020}.Debug|x64.Build.0 = debug|x64
		{53A3A3AB-C367-3E3F-BC1D-5D8846A6C020}.Debug|x86.ActiveCfg = debug|x64
		{53A3A3AB-C367-3E3F-BC1D-5D8846A6C020}.Debug|x86.Build.0 = debug|x64
		{53A3A3AB-C367-3E3F-BC1D-5D8846A6C020}.MinSizeRel|x64.ActiveCfg = profile|x64
		{53A3A3AB-C367-3E3F-BC1D-5D8846A6C020}.MinSizeRel|x64.Build.0 = profile|x64
		{53A3A3AB-C367-3E3F-BC1D-5D8846A6C020}.MinSizeRel|x86.ActiveCfg = profile|x64
		{53A3A3AB-C367-3E3F-BC1D-5D8846A6C020}.MinSizeRel|x86.Build.0 = profile|x64
		{53A3A3AB-C367-3E3F-BC1D-5D8846A6C020}.profile|x64.ActiveCfg = profile|x64
		{53A3A3AB-C367-3E3F-BC1D-5D8846A6C020}.profile|x64.Build.0 = profile|x64
		{53A3A3AB-C367-3E3F-BC1D-5D8846A6C020}.profile|x86.ActiveCfg = profile|x64
		{53A3A3AB-C367-3E3F-BC1D-5D8846A6C020}.profile|x86.Build.0 = profile|x64
		{53A3A3AB-C367-3E3F-BC1D-5D8846A6C020}.Release|x64.ActiveCfg = release|x64
		{53A3A3AB-C367-3E3F-BC1D-5D8846A6C020}.Release|x64.Build.0 = release|x64
		{53A3A3AB-C367-3E3F-BC1D-5D8846A6C020}.Release|x86.ActiveCfg = release|x64
		{53A3A3AB-C367-3E3F-BC1D-5D8846A6C020}.Release|x86.Build.0 = release|x64
		{53A3A3AB-C367-3E3F-BC1D-5D8846A6C020}.RelWithDebInfo|x64.ActiveCfg = release|x64
		{53A3A3AB-C367-3E3F-BC1D-5D8846A6C020}.RelWithDebInfo|x64.Build.0 = release|x64
		{53A3A3AB-C367-3E3F-BC1D-5D8846A6C020}.RelWithDebInfo|x86.ActiveCfg = release|x64
		{53A3A3AB-C367-3E3F-BC1D-5D8846A6C020}.RelWithDebInfo|x86.Build.0 = release|x64
		{DF3AE37F-3ADB-3AB4-A7FD-6B0D141B35EB}.checked|x64.ActiveCfg = checked|x64
		{DF3AE37F-3ADB-3AB4-A7FD-6B0D141B35EB}.checked|x64.Build.0 = checked|x64
		{DF3AE37F-3ADB-3AB4-A7FD-6B0D141B35EB}.checked|x86.ActiveCfg = checked|x64
		{DF3AE37F-3ADB-3AB4-A7FD-6B0D141B35EB}.checked|x86.Build.0 = checked|x64
		{DF3AE37F-3ADB-3AB4-A7FD-6B0D141B35EB}.Debug|x64.ActiveCfg = debug|x64
		{DF3AE37F-3ADB-3AB4-A7FD-6B0D141B35EB}.Debug|x64.Build.0 = debug|x64
		{DF3AE37F-3ADB-3AB4-A7FD-6B0D141B35EB}.Debug|x86.ActiveCfg = debug|x64
		{DF3AE37F-3ADB-3AB4-A7FD-6B0D141B35EB}.Debug|x86.Build.0 = debug|x64
		{DF3AE37F-3ADB-3AB4-A7FD-6B0D141B35EB}.MinSizeRel|x64.ActiveCfg = profile|x64
		{DF3AE37F-3ADB-3AB4-A7FD-6B0D141B35EB}.MinSizeRel|x64.Build.0 = profile|x64
		{DF3AE37F-3ADB-3AB4-A7FD-6B0D141B35EB}.MinSizeRel|x86.ActiveCfg = profile|x64
		{DF3AE37F-3ADB-3AB4-A7FD-6B0D141B35EB}.MinSizeRel|x86.Build.0 = profile|x64
		{DF3AE37F-3ADB-3AB4-A7FD-6B0D141B35EB}.profile|x64.ActiveCfg = profile|x64
		{DF3AE37F-3ADB-3AB4-A7FD-6B0D141B35EB}.profile|x64.Build.0 = profile|x64
		{DF3AE37F-3ADB-3AB4-A7FD-6B0D141B35EB}.profile|x86.ActiveCfg = profile|x64
		{DF3AE37F-3ADB-3AB4-A7FD-6B0D141B35EB}.profile|x86.Build.0 = profile|x64
		{DF3AE37F-3ADB-3AB4-A7FD-6B0D141B35EB}.Release|x64.ActiveCfg = release|x64
		{DF3AE37F-3ADB-3AB4-A7FD-6B0D141B35EB}.Release|x64.Build.0 = release|x64
		{DF3AE37F-3ADB-3AB4-A7FD-6B0D141B35EB}.Release|x86.ActiveCfg = release|x64
		{DF3AE37F-3ADB-3AB4-A7FD-6B0D141B35EB}.Release|x86.Build.0 = release|x64
		{DF3AE37F-3ADB-3AB4-A7FD-6B0D141B35EB}.RelWithDebInfo|x64.ActiveCfg = release|x64
		{DF3AE37F-3ADB-3AB4-A7FD-6B0D141B35EB}.RelWithDebInfo|x64.Build.0 = release|x64
		{DF3AE37F-3ADB-3AB4-A7FD-6B0D141B35EB}.RelWithDebInfo|x86.ActiveCfg = release|x64
		{DF3AE37F-3ADB-3AB4-A7FD-6B0D141B35EB}.RelWithDebInfo|x86.Build.0 = release|x64
		{84D8E58E-3ACC-343B-8D9F-19D20C84CFC6}.checked|x64.ActiveCfg = checked|x64
		{84D8E58E-3ACC-343B-8D9F-19D20C84CFC6}.checked|x64.Build.0 = checked|x64
		{84D8E58E-3ACC-343B-8D9F-19D20C84CFC6}.checked|x86.ActiveCfg = checked|x64
		{84D8E58E-3ACC-343B-8D9F-19D20C84CFC6}.checked|x86.Build.0 = checked|x64
		{84D8E58E-3ACC-343B-8D9F-19D20C84CFC6}.Debug|x64.ActiveCfg = debug|x64
		{84D8E58E-3ACC-343B-8D9F-19D20C84CFC6}.Debug|x64.Build.0 = debug|x64
		{84D8E58E-3ACC-343B-8D9F-19D20C84CFC6}.Debug|x86.ActiveCfg = debug|x64
		{84D8E58E-3ACC-343B-8D9F-19D20C84CFC6}.Debug|x86.Build.0 = debug|x64
		{84D8E58E-3ACC-343B-8D9F-19D20C84CFC6}.MinSizeRel|x64.ActiveCfg = profile|x64
		{84D8E58E-3ACC-343B-8D9F-19D20C84CFC6}.MinSizeRel|x64.Build.0 = profile|x64
		{84D8E58E-3ACC-343B-8D9F-19D20C84CFC6}.MinSizeRel|x86.ActiveCfg = profile|x64
		{84D8E58E-3ACC-343B-8D9F-19D20C84CFC6}.MinSizeRel|x86.Build.0 = profile|x64
		{84D8E58E-3ACC-343B-8D9F-19D20C84CFC6}.profile|x64.ActiveCfg = profile|x64
		{84D8E58E-3ACC-343B-8D9F-19D20C84CFC6}.profile|x64.Build.0 = profile|x64
		{84D8E58E-3ACC-343B-8D9F-19D20C84CFC6}.profile|x86.ActiveCfg = profile|x64
		{84D8E58E-3ACC-343B-8D9F-19D20C84CFC6}.profile|x86.Build.0 = profile|x64
		{84D8E58E-3ACC-343B-8D9F-19D20C84CFC6}.Release|x64.ActiveCfg = release|x64
		{84D8E58E-3ACC-343B-8D9F-19D20C84CFC6}.Release|x64.Build.0 = release|x64
		{84D8E58E-3ACC-343B-8D9F-19D20C84CFC6}.Release|x86.ActiveCfg = release|x64
		{84D8E58E-3ACC-343B-8D9F-19D20C84CFC6}.Release|x86.Build.0 = release|x64
		{84D8E58E-3ACC-343B-8D9F-19D20C84CFC6}.RelWithDebInfo|x64.ActiveCfg = release|x64
		{84D8E58E-3ACC-343B-8D9F-19D20C84CFC6}.RelWithDebInfo|x64.Build.0 = release|x64
		{84D8E58E-3ACC-343B-8D9F-19D20C84CFC6}.RelWithDebInfo|x86.ActiveCfg = release|x64
		{84D8E58E-3ACC-343B-8D9F-19D20C84CFC6}.RelWithDebInfo|x86.Build.0 = release|x64
		{D917BD1D-B816-36E9-8D2B-C04353FE511E}.checked|x64.ActiveCfg = checked|x64
		{D917BD1D-B816-36E9-8D2B-C04353FE511E}.checked|x64.Build.0 = checked|x64
		{D917BD1D-B816-36E9-8D2B-C04353FE511E}.checked|x86.ActiveCfg = checked|x64
		{D917BD1D-B816-36E9-8D2B-C04353FE511E}.checked|x86.Build.0 = checked|x64
		{D917BD1D-B816-36E9-8D2B-C04353FE511E}.Debug|x64.ActiveCfg = debug|x64
		{D917BD1D-B816-36E9-8D2B-C04353FE511E}.Debug|x64.Build.0 = debug|x64
		{D917BD1D-B816-36E9-8D2B-C04353FE511E}.Debug|x86.ActiveCfg = debug|x64
		{D917BD1D-B816-36E9-8D2B-C04353FE511E}.Debug|x86.Build.0 = debug|x64
		{D917BD1D-B816-36E9-8D2B-C04353FE511E}.MinSizeRel|x64.ActiveCfg = profile|x64
		{D917BD1D-B816-36E9-8D2B-C04353FE511E}.MinSizeRel|x64.Build.0 = profile|x64
		{D917BD1D-B816-36E9-8D2B-C04353FE511E}.MinSizeRel|x86.ActiveCfg = profile|x64
		{D917BD1D-B816-36E9-8D2B-C04353FE511E}.MinSizeRel|x86.Build.0 = profile|x64
		{D917BD1D-B816-36E9-8D2B-C04353FE511E}.profile|x64.ActiveCfg = profile|x64
		{D917BD1D-B816-36E9-8D2B-C04353FE511E}.profile|x64.Build.0 = profile|x64
		{D917BD1D-B816-36E9-8D2B-C04353FE511E}.profile|x86.ActiveCfg = profile|x64
		{D917BD1D-B816-36E9-8D2B-C04353FE511E}.profile|x86.Build.0 = profile|x64
		{D917BD1D-B816-36E9-8D2B-C04353FE511E}.Release|x64.ActiveCfg = release|x64
		{D917BD1D-B816-36E9-8D2B-C04353FE511E}.Release|x64.Build.0 = release|x64
		{D917BD1D-B816-36E9-8D2B-C04353FE511E}.Release|x86.ActiveCfg = release|x64
		{D917BD1D-B816-36E9-8D2B-C04353FE511E}.Release|x86.Build.0 = release|x64
		{D917BD1D-B816-36E9-8D2B-C04353FE511E}.RelWithDebInfo|x64.ActiveCfg = release|x64
		{D917BD1D-B816-36E9-8D2B-C04353FE511E}.RelWithDebInfo|x64.Build.0 = release|x64
		{D917BD1D-B816-36E9-8D2B-C04353FE511E}.RelWithDebInfo|x86.ActiveCfg = release|x64
		{D917BD1D-B816-36E9-8D2B-C04353FE511E}.RelWithDebInfo|x86.Build.0 = release|x64
		{2C32EF16-0A74-30D7-AF53-AB2ECF0147BA}.checked|x64.ActiveCfg = checked|x64
		{2C32EF16-0A74-30D7-AF53-AB2ECF0147BA}.checked|x64.Build.0 = checked|x64
		{2C32EF16-0A74-30D7-AF53-AB2ECF0147BA}.checked|x86.ActiveCfg = checked|x64
		{2C32EF16-0A74-30D7-AF53-AB2ECF0147BA}.checked|x86.Build.0 = checked|x64
		{2C32EF16-0A74-30D7-AF53-AB2ECF0147BA}.Debug|x64.ActiveCfg = debug|x64
		{2C32EF16-0A74-30D7-AF53-AB2ECF0147BA}.Debug|x64.Build.0 = debug|x64
		{2C32EF16-0A74-30D7-AF53-AB2ECF0147BA}.Debug|x86.ActiveCfg = debug|x64
		{2C32EF16-0A74-30D7-AF53-AB2ECF0147BA}.Debug|x86.Build.0 = debug|x64
		{2C32EF16-0A74-30D7-AF53-AB2ECF0147BA}.MinSizeRel|x64.ActiveCfg = profile|x64
		{2C32EF16-0A74-30D7-AF53-AB2ECF0147BA}.MinSizeRel|x64.Build.0 = profile|x64
		{2C32EF16-0A74-30D7-AF53-AB2ECF0147BA}.MinSizeRel|x86.ActiveCfg = profile|x64
		{2C32EF16-0A74-30D7-AF53-AB2ECF0147BA}.MinSizeRel|x86.Build.0 = profile|x64
		{2C32EF16-0A74-30D7-AF53-AB2ECF0147BA}.profile|x64.ActiveCfg = profile|x64
		{2C32EF16-0A74-30D7-AF53-AB2ECF0147BA}.profile|x64.Build.0 = profile|x64
		{2C32EF16-0A74-30D7-AF53-AB2ECF0147BA}.profile|x86.ActiveCfg = profile|x64
		{2C32EF16-0A74-30D7-AF53-AB2ECF0147BA}.profile|x86.Build.0 = profile|x64
		{2C32EF16-0A74-30D7-AF53-AB2ECF0147BA}.Release|x64.ActiveCfg = release|x64
		{2C32EF16-0A74-30D7-AF53-AB2ECF0147BA}.Release|x64.Build.0 = release|x64
		{2C32EF16-0A74-30D7-AF53-AB2ECF0147BA}.Release|x86.ActiveCfg = release|x64
		{2C32EF16-0A74-30D7-AF53-AB2ECF0147BA}.Release|x86.Build.0 = release|x64
		{2C32EF16-0A74-30D7-AF53-AB2ECF0147BA}.RelWithDebInfo|x64.ActiveCfg = release|x64
		{2C32EF16-0A74-30D7-AF53-AB2ECF0147BA}.RelWithDebInfo|x64.Build.0 = release|x64
		{2C32EF16-0A74-30D7-AF53-AB2ECF0147BA}.RelWithDebInfo|x86.ActiveCfg = release|x64
		{2C32EF16-0A74-30D7-AF53-AB2ECF0147BA}.RelWithDebInfo|x86.Build.0 = release|x64
		{A4678EDE-9335-3948-A0D7-D67FDECAE282}.checked|x64.ActiveCfg = checked|x64
		{A4678EDE-9335-3948-A0D7-D67FDECAE282}.checked|x64.Build.0 = checked|x64
		{A4678EDE-9335-3948-A0D7-D67FDECAE282}.checked|x86.ActiveCfg = checked|x64
		{A4678EDE-9335-3948-A0D7-D67FDECAE282}.checked|x86.Build.0 = checked|x64
		{A4678EDE-9335-3948-A0D7-D67FDECAE282}.Debug|x64.ActiveCfg = debug|x64
		{A4678EDE-9335-3948-A0D7-D67FDECAE282}.Debug|x64.Build.0 = debug|x64
		{A4678EDE-9335-3948-A0D7-D67FDECAE282}.Debug|x86.ActiveCfg = debug|x64
		{A4678EDE-9335-3948-A0D7-D67FDECAE282}.Debug|x86.Build.0 = debug|x64
		{A4678EDE-9335-3948-A0D7-D67FDECAE282}.MinSizeRel|x64.ActiveCfg = profile|x64
		{A4678EDE-9335-3948-A0D7-D67FDECAE282}.MinSizeRel|x64.Build.0 = profile|x64
		{A4678EDE-9335-3948-A0D7-D67FDECAE282}.MinSizeRel|x86.ActiveCfg = profile|x64
		{A4678EDE-9335-3948-A0D7-D67FDECAE282}.MinSizeRel|x86.Build.0 = profile|x64
		{A4678EDE-9335-3948-A0D7-D67FDECAE282}.profile|x64.ActiveCfg = profile|x64
		{A4678EDE-9335-3948-A0D7-D67FDECAE282}.profile|x64.Build.0 = profile|x64
		{A4678EDE-9335-3948-A0D7-D67FDECAE282}.profile|x86.ActiveCfg = profile|x64
		{A4678EDE-9335-3948-A0D7-D67FDECAE282}.profile|x86.Build.0 = profile|x64
		{A4678EDE-9335-3948-A0D7-D67FDECAE282}.Release|x64.ActiveCfg = release|x64
		{A4678EDE-9335-3948-A0D7-D67FDECAE282}.Release|x64.Build.0 = release|x64
		{A4678EDE-9335-3948-A0D7-D67FDECAE282}.Release|x86.ActiveCfg = release|x64
		{A4678EDE-9335-3948-A0D7-D67FDECAE282}.Release|x86.Build.0 = release|x64
		{A4678EDE-9335-3948-A0D7-D67FDECAE282}.RelWithDebInfo|x64.ActiveCfg = release|x64
		{A4678EDE-9335-3948-A0D7-D67FDECAE282}.RelWithDebInfo|x64.Build.0 = release|x64
		{A4678EDE-9335-3948-A0D7-D67FDECAE282}.RelWithDebInfo|x86.ActiveCfg = release|x64
		{A4678EDE-9335-3948-A0D7-D67FDECAE282}.RelWithDebInfo|x86.Build.0 = release|x64
		{038DD3C8-02B6-39C0-B440-9C99DD20A261}.checked|x64.ActiveCfg = checked|x64
		{038DD3C8-02B6-39C0-B440-9C99DD20A261}.checked|x64.Build.0 = checked|x64
		{038DD3C8-02B6-39C0-B440-9C99DD20A261}.checked|x86.ActiveCfg = checked|x64
		{038DD3C8-02B6-39C0-B440-9C99DD20A261}.checked|x86.Build.0 = checked|x64
		{038DD3C8-02B6-39C0-B440-9C99DD20A261}.Debug|x64.ActiveCfg = debug|x64
		{038DD3C8-02B6-39C0-B440-9C99DD20A261}.Debug|x64.Build.0 = debug|x64
		{038DD3C8-02B6-39C0-B440-9C99DD20A261}.Debug|x86.ActiveCfg = debug|x64
		{038DD3C8-02B6-39C0-B440-9C99DD20A261}.Debug|x86.Build.0 = debug|x64
		{038DD3C8-02B6-39C0-B440-9C99DD20A261}.MinSizeRel|x64.ActiveCfg = profile|x64
		{038DD3C8-02B6-39C0-B440-9C99DD20A261}.MinSizeRel|x64.Build.0 = profile|x64
		{038DD3C8-02B6-39C0-B440-9C99DD20A261}.MinSizeRel|x86.ActiveCfg = profile|x64
		{038DD3C8-02B6-39C0-B440-9C99DD20A261}.MinSizeRel|x86.Build.0 = profile|x64
		{038DD3C8-02B6-39C0-B440-9C99DD20A261}.profile|x64.ActiveCfg = profile|x64
		{038DD3C8-02B6-39C0-B440-9C99DD20A261}.profile|x64.Build.0 = profile|x64
		{038DD3C8-02B6-39C0-B440-9C99DD20A261}.profile|x86.ActiveCfg = profile|x64
		{038DD3C8-02B6-39C0-B440-9C99DD20A261}.profile|x86.Build.0 = profile|x64
		{038DD3C8-02B6-39C0-B440-9C99DD20A261}.Release|x64.ActiveCfg = release|x64
		{038DD3C8-02B6-39C0-B440-9C99DD20A261}.Release|x64.Build.0 = release|x64
		{038DD3C8-02B6-39C0-B440-9C99DD20A261}.Release|x86.ActiveCfg = release|x64
		{038DD3C8-02B6-39C0-B440-9C99DD20A261}.Release|x86.Build.0 = release|x64
		{038DD3C8-02B6-39C0-B440-9C99DD20A261}.RelWithDebInfo|x64.ActiveCfg = release|x64
		{038DD3C8-02B6-39C0-B440-9C99DD20A261}.RelWithDebInfo|x64.Build.0 = release|x64
		{038DD3C8-02B6-39C0-B440-9C99DD20A261}.RelWithDebInfo|x86.ActiveCfg = release|x64
		{038DD3C8-02B6-39C0-B440-9C99DD20A261}.RelWithDebInfo|x86.Build.0 = release|x64
		{C641A462-9D15-3F7F-A519-FAD64F86F331}.checked|x64.ActiveCfg = checked|x64
		{C641A462-9D15-3F7F-A519-FAD64F86F331}.checked|x64.Build.0 = checked|x64
		{C641A462-9D15-3F7F-A519-FAD64F86F331}.checked|x86.ActiveCfg = checked|x64
		{C641A462-9D15-3F7F-A519-FAD64F86F331}.checked|x86.Build.0 = checked|x64
		{C641A462-9D15-3F7F-A519-FAD64F86F331}.Debug|x64.ActiveCfg = debug|x64
		{C641A462-9D15-3F7F-A519-FAD64F86F331}.Debug|x64.Build.0 = debug|x64
		{C641A462-9D15-3F7F-A519-FAD64F86F331}.Debug|x86.ActiveCfg = debug|x64
		{C641A462-9D15-3F7F-A519-FAD64F86F331}.Debug|x86.Build.0 = debug|x64
		{C641A462-9D15-3F7F-A519-FAD64F86F331}.MinSizeRel|x64.ActiveCfg = profile|x64
		{C641A462-9D15-3F7F-A519-FAD64F86F331}.MinSizeRel|x64.Build.0 = profile|x64
		{C641A462-9D15-3F7F-A519-FAD64F86F331}.MinSizeRel|x86.ActiveCfg = profile|x64
		{C641A462-9D15-3F7F-A519-FAD64F86F331}.MinSizeRel|x86.Build.0 = profile|x64
		{C641A462-9D15-3F7F-A519-FAD64F86F331}.profile|x64.ActiveCfg = profile|x64
		{C641A462-9D15-3F7F-A519-FAD64F86F331}.profile|x64.Build.0 = profile|x64
		{C641A462-9D15-3F7F-A519-FAD64F86F331}.profile|x86.ActiveCfg = profile|x64
		{C641A462-9D15-3F7F-A519-FAD64F86F331}.profile|x86.Build.0 = profile|x64
		{C641A462-9D15-3F7F-A519-FAD64F86F331}.Release|x64.ActiveCfg = release|x64
		{C641A462-9D15-3F7F-A519-FAD64F86F331}.Release|x64.Build.0 = release|x64
		{C641A462-9D15-3F7F-A519-FAD64F86F331}.Release|x86.ActiveCfg = release|x64
		{C641A462-9D15-3F7F-A519-FAD64F86F331}.Release|x86.Build.0 = release|x64
		{C641A462-9D15-3F7F-A519-FAD64F86F331}.RelWithDebInfo|x64.ActiveCfg = release|x64
		{C641A462-9D15-3F7F-A519-FAD64F86F331}.RelWithDebInfo|x64.Build.0 = release|x64
		{C641A462-9D15-3F7F-A519-FAD64F86F331}.RelWithDebInfo|x86.ActiveCfg = release|x64
		{C641A462-9D15-3F7F-A519-FAD64F86F331}.RelWithDebInfo|x86.Build.0 = release|x64
		{513257AF-22BF-3467-AE18-0BC531BBF669}.checked|x64.ActiveCfg = checked|x64
		{513257AF-22BF-3467-AE18-0BC531BBF669}.checked|x64.Build.0 = checked|x64
		{513257AF-22BF-3467-AE18-0BC531BBF669}.checked|x86.ActiveCfg = checked|x64
		{513257AF-22BF-3467-AE18-0BC531BBF669}.checked|x86.Build.0 = checked|x64
		{513257AF-22BF-3467-AE18-0BC531BBF669}.Debug|x64.ActiveCfg = debug|x64
		{513257AF-22BF-3467-AE18-0BC531BBF669}.Debug|x64.Build.0 = debug|x64
		{513257AF-22BF-3467-AE18-0BC531BBF669}.Debug|x86.ActiveCfg = debug|x64
		{513257AF-22BF-3467-AE18-0BC531BBF669}.Debug|x86.Build.0 = debug|x64
		{513257AF-22BF-3467-AE18-0BC531BBF669}.MinSizeRel|x64.ActiveCfg = profile|x64
		{513257AF-22BF-3467-AE18-0BC531BBF669}.MinSizeRel|x64.Build.0 = profile|x64
		{513257AF-22BF-3467-AE18-0BC531BBF669}.MinSizeRel|x86.ActiveCfg = profile|x64
		{513257AF-22BF-3467-AE18-0BC531BBF669}.MinSizeRel|x86.Build.0 = profile|x64
		{513257AF-22BF-3467-AE18-0BC531BBF669}.profile|x64.ActiveCfg = profile|x64
		{513257AF-22BF-3467-AE18-0BC531BBF669}.profile|x64.Build.0 = profile|x64
		{513257AF-22BF-3467-AE18-0BC531BBF669}.profile|x86.ActiveCfg = profile|x64
		{513257AF-22BF-3467-AE18-0BC531BBF669}.profile|x86.Build.0 = profile|x64
		{513257AF-22BF-3467-AE18-0BC531BBF669}.Release|x64.ActiveCfg = release|x64
		{513257AF-22BF-3467-AE18-0BC531BBF669}.Release|x64.Build.0 = release|x64
		{513257AF-22BF-3467-AE18-0BC531BBF669}.Release|x86.ActiveCfg = release|x64
		{513257AF-22BF-3467-AE18-0BC531BBF669}.Release|x86.Build.0 = release|x64
		{513257AF-22BF-3467-AE18-0BC531BBF669}.RelWithDebInfo|x64.ActiveCfg = release|x64
		{513257AF-22BF-3467-AE18-0BC531BBF669}.RelWithDebInfo|x64.Build.0 = release|x64
		{513257AF-22BF-3467-AE18-0BC531BBF669}.RelWithDebInfo|x86.ActiveCfg = release|x64
		{513257AF-22BF-3467-AE18-0BC531BBF669}.RelWithDebInfo|x86.Build.0 = release|x64
	EndGlobalSection
	GlobalSection(SolutionProperties) = preSolution
		HideSolutionNode = FALSE
	EndGlobalSection
	GlobalSection(NestedProjects) = preSolution
		{A66A8E6F-6F95-428E-A31A-1B22638D76A1} = {3BC57B80-048B-4CFA-8028-124F14AEF6EA}
		{6908C021-D84A-393C-B6BD-7314E5DA923F} = {A66A8E6F-6F95-428E-A31A-1B22638D76A1}
		{AF646CA3-F3FF-3461-AFBC-2B35221EF37B} = {A66A8E6F-6F95-428E-A31A-1B22638D76A1}
		{7D7BD319-365E-349C-B08C-E55E8F3E4BC8} = {A66A8E6F-6F95-428E-A31A-1B22638D76A1}
		{F76FC1E6-98A8-32F4-BC24-721A22E48088} = {A66A8E6F-6F95-428E-A31A-1B22638D76A1}
		{E4857050-8F13-3872-B6D1-21E183374212} = {A66A8E6F-6F95-428E-A31A-1B22638D76A1}
		{E19EE955-F0EB-3786-89AB-29022590244F} = {A66A8E6F-6F95-428E-A31A-1B22638D76A1}
		{AF8448B0-237D-34F0-A57F-8755971B16BB} = {A66A8E6F-6F95-428E-A31A-1B22638D76A1}
		{69C0116E-4847-3BB8-93B8-25C56A674905} = {A66A8E6F-6F95-428E-A31A-1B22638D76A1}
		{55D48817-F149-3011-81B8-85921C10E664} = {A66A8E6F-6F95-428E-A31A-1B22638D76A1}
		{A378DC6A-E7E0-3A15-B205-20D0C1CEDF14} = {A66A8E6F-6F95-428E-A31A-1B22638D76A1}
		{7185401A-4856-382A-8297-97C72D1A38BE} = {A66A8E6F-6F95-428E-A31A-1B22638D76A1}
		{12024C74-078F-3478-BBD5-D7E9AFF3017A} = {A66A8E6F-6F95-428E-A31A-1B22638D76A1}
		{18321BDA-4B5C-3935-B71C-5709CB65ED07} = {A66A8E6F-6F95-428E-A31A-1B22638D76A1}
		{8A91452F-F1EB-313F-8932-81B963FF2D40} = {A66A8E6F-6F95-428E-A31A-1B22638D76A1}
		{437AD087-D0D7-3840-9B5E-528A88B5164D} = {A66A8E6F-6F95-428E-A31A-1B22638D76A1}
		{3BDCBBDA-B1EE-4F51-801E-5B557F3FC5B4} = {3BC57B80-048B-4CFA-8028-124F14AEF6EA}
		{A95E34F8-28AF-3F65-BC90-278EBA335608} = {3BDCBBDA-B1EE-4F51-801E-5B557F3FC5B4}
		{9185AC6B-7613-3588-8B01-3859E3CD2787} = {3BDCBBDA-B1EE-4F51-801E-5B557F3FC5B4}
		{C5DCC36B-EB19-31A1-80AE-1934DB8C62E0} = {3BDCBBDA-B1EE-4F51-801E-5B557F3FC5B4}
		{6C21B011-E70F-3C94-866A-6AC3A30DBCD8} = {3BDCBBDA-B1EE-4F51-801E-5B557F3FC5B4}
		{F2BFD854-81CA-3C8E-90E4-FC38300693DF} = {3BDCBBDA-B1EE-4F51-801E-5B557F3FC5B4}
		{3927F599-A596-3EBF-835E-766613D5FA19} = {3BDCBBDA-B1EE-4F51-801E-5B557F3FC5B4}
		{53A3A3AB-C367-3E3F-BC1D-5D8846A6C020} = {3BDCBBDA-B1EE-4F51-801E-5B557F3FC5B4}
		{DF3AE37F-3ADB-3AB4-A7FD-6B0D141B35EB} = {3BDCBBDA-B1EE-4F51-801E-5B557F3FC5B4}
		{84D8E58E-3ACC-343B-8D9F-19D20C84CFC6} = {3BDCBBDA-B1EE-4F51-801E-5B557F3FC5B4}
		{D917BD1D-B816-36E9-8D2B-C04353FE511E} = {3BDCBBDA-B1EE-4F51-801E-5B557F3FC5B4}
		{2C32EF16-0A74-30D7-AF53-AB2ECF0147BA} = {3BDCBBDA-B1EE-4F51-801E-5B557F3FC5B4}
		{A4678EDE-9335-3948-A0D7-D67FDECAE282} = {3BDCBBDA-B1EE-4F51-801E-5B557F3FC5B4}
		{038DD3C8-02B6-39C0-B440-9C99DD20A261} = {3BDCBBDA-B1EE-4F51-801E-5B557F3FC5B4}
		{C641A462-9D15-3F7F-A519-FAD64F86F331} = {3BDCBBDA-B1EE-4F51-801E-5B557F3FC5B4}
		{513257AF-22BF-3467-AE18-0BC531BBF669} = {3BDCBBDA-B1EE-4F51-801E-5B557F3FC5B4}
	EndGlobalSection
	GlobalSection(ExtensibilityGlobals) = postSolution
		SolutionGuid = {21B9E600-6244-439D-A91C-0552D27BBE55}
	EndGlobalSection
EndGlobal
