<?xml version="1.0" encoding="utf-8"?>
<Project ToolsVersion="16.0" xmlns="http://schemas.microsoft.com/developer/msbuild/2003">
  <ItemGroup>
    <ClCompile Include="C:\Users\austi\source\repos\PixelExplorer\glfw-3.3.4\tests\opacity.c">
      <Filter>Source Files</Filter>
    </ClCompile>
    <ClCompile Include="C:\Users\austi\source\repos\PixelExplorer\glfw-3.3.4\deps\glad_gl.c">
      <Filter>Source Files</Filter>
    </ClCompile>
  </ItemGroup>
  <ItemGroup>
    <ClInclude Include="C:\Users\austi\source\repos\PixelExplorer\glfw-3.3.4\deps\glad\gl.h">
      <Filter>Header Files</Filter>
    </ClInclude>
  </ItemGroup>
  <ItemGroup>
    <CustomBuild Include="C:\Users\austi\source\repos\PixelExplorer\glfw-3.3.4\tests\CMakeLists.txt" />
  </ItemGroup>
  <ItemGroup>
    <Filter Include="Header Files">
      <UniqueIdentifier>{9BC750AB-7728-31B0-B7FB-96ABB61DEF0C}</UniqueIdentifier>
    </Filter>
    <Filter Include="Source Files">
      <UniqueIdentifier>{835BA844-0C05-388A-AC35-004F57FE96D0}</UniqueIdentifier>
    </Filter>
  </ItemGroup>
</Project>
