<?xml version="1.0" encoding="utf-8"?>
<Project ToolsVersion="16.0" xmlns="http://schemas.microsoft.com/developer/msbuild/2003">
  <ItemGroup>
    <ClCompile Include="C:\Users\austi\source\repos\PixelExplorer\PhysX\physx\source\fastxml\src\PsFastXml.cpp">
      <Filter>src</Filter>
    </ClCompile>
  </ItemGroup>
  <ItemGroup>
    <ClInclude Include="C:\Users\austi\source\repos\PixelExplorer\PhysX\physx\source\fastxml\include\PsFastXml.h">
      <Filter>include</Filter>
    </ClInclude>
  </ItemGroup>
  <ItemGroup>
    <CustomBuild Include="C:\Users\austi\source\repos\PixelExplorer\PhysX\physx\source\compiler\cmake\CMakeLists.txt" />
  </ItemGroup>
  <ItemGroup>
    <Filter Include="include">
      <UniqueIdentifier>{F7A356C7-7EF9-3C28-88F4-AEAA89601482}</UniqueIdentifier>
    </Filter>
    <Filter Include="src">
      <UniqueIdentifier>{169DF468-3D8B-32CA-B213-C659441F0D66}</UniqueIdentifier>
    </Filter>
  </ItemGroup>
</Project>
