
Microsoft Visual Studio Solution File, Format Version 12.00
# Visual Studio Version 16
Project("{2150E333-8FDC-42A3-9474-1A3956D46DE8}") = "CMakePredefinedTargets", "CMakePredefinedTargets", "{EFC72533-075C-3808-9A7A-E16A9C55DAF7}"
EndProject
Project("{2150E333-8FDC-42A3-9474-1A3956D46DE8}") = "PhysX SDK", "PhysX SDK", "{95A01D92-D01B-3404-9857-99A92B37DC27}"
EndProject
Project("{8BC9CEB8-8B4A-11D0-8D11-00A0C91BC942}") = "ALL_BUILD", "ALL_BUILD.vcxproj", "{03976A29-8E40-39D4-8BAA-048A1BC7AAD9}"
	ProjectSection(ProjectDependencies) = postProject
		{AF646CA3-F3FF-3461-AFBC-2B35221EF37B} = {AF646CA3-F3FF-3461-AFBC-2B35221EF37B}
		{7D7BD319-365E-349C-B08C-E55E8F3E4BC8} = {7D7BD319-365E-349C-B08C-E55E8F3E4BC8}
		{F76FC1E6-98A8-32F4-BC24-721A22E48088} = {F76FC1E6-98A8-32F4-BC24-721A22E48088}
		{E4857050-8F13-3872-B6D1-21E183374212} = {E4857050-8F13-3872-B6D1-21E183374212}
		{6908C021-D84A-393C-B6BD-7314E5DA923F} = {6908C021-D84A-393C-B6BD-7314E5DA923F}
		{E19EE955-F0EB-3786-89AB-29022590244F} = {E19EE955-F0EB-3786-89AB-29022590244F}
		{AF8448B0-237D-34F0-A57F-8755971B16BB} = {AF8448B0-237D-34F0-A57F-8755971B16BB}
		{69C0116E-4847-3BB8-93B8-25C56A674905} = {69C0116E-4847-3BB8-93B8-25C56A674905}
		{55D48817-F149-3011-81B8-85921C10E664} = {55D48817-F149-3011-81B8-85921C10E664}
		{A378DC6A-E7E0-3A15-B205-20D0C1CEDF14} = {A378DC6A-E7E0-3A15-B205-20D0C1CEDF14}
		{7185401A-4856-382A-8297-97C72D1A38BE} = {7185401A-4856-382A-8297-97C72D1A38BE}
		{12024C74-078F-3478-BBD5-D7E9AFF3017A} = {12024C74-078F-3478-BBD5-D7E9AFF3017A}
		{18321BDA-4B5C-3935-B71C-5709CB65ED07} = {18321BDA-4B5C-3935-B71C-5709CB65ED07}
		{8A91452F-F1EB-313F-8932-81B963FF2D40} = {8A91452F-F1EB-313F-8932-81B963FF2D40}
		{437AD087-D0D7-3840-9B5E-528A88B5164D} = {437AD087-D0D7-3840-9B5E-528A88B5164D}
		{EBF5F5F7-3481-392C-93F7-9D07A606C990} = {EBF5F5F7-3481-392C-93F7-9D07A606C990}
	EndProjectSection
EndProject
Project("{8BC9CEB8-8B4A-11D0-8D11-00A0C91BC942}") = "FastXml", "FastXml.vcxproj", "{AF646CA3-F3FF-3461-AFBC-2B35221EF37B}"
	ProjectSection(ProjectDependencies) = postProject
		{EBF5F5F7-3481-392C-93F7-9D07A606C990} = {EBF5F5F7-3481-392C-93F7-9D07A606C990}
	EndProjectSection
EndProject
Project("{8BC9CEB8-8B4A-11D0-8D11-00A0C91BC942}") = "INSTALL", "INSTALL.vcxproj", "{B687BCCF-1F03-349E-ABF6-8FA346E6E396}"
	ProjectSection(ProjectDependencies) = postProject
		{03976A29-8E40-39D4-8BAA-048A1BC7AAD9} = {03976A29-8E40-39D4-8BAA-048A1BC7AAD9}
		{EBF5F5F7-3481-392C-93F7-9D07A606C990} = {EBF5F5F7-3481-392C-93F7-9D07A606C990}
	EndProjectSection
EndProject
Project("{8BC9CEB8-8B4A-11D0-8D11-00A0C91BC942}") = "LowLevel", "LowLevel.vcxproj", "{7D7BD319-365E-349C-B08C-E55E8F3E4BC8}"
	ProjectSection(ProjectDependencies) = postProject
		{EBF5F5F7-3481-392C-93F7-9D07A606C990} = {EBF5F5F7-3481-392C-93F7-9D07A606C990}
	EndProjectSection
EndProject
Project("{8BC9CEB8-8B4A-11D0-8D11-00A0C91BC942}") = "LowLevelAABB", "LowLevelAABB.vcxproj", "{F76FC1E6-98A8-32F4-BC24-721A22E48088}"
	ProjectSection(ProjectDependencies) = postProject
		{EBF5F5F7-3481-392C-93F7-9D07A606C990} = {EBF5F5F7-3481-392C-93F7-9D07A606C990}
	EndProjectSection
EndProject
Project("{8BC9CEB8-8B4A-11D0-8D11-00A0C91BC942}") = "LowLevelDynamics", "LowLevelDynamics.vcxproj", "{E4857050-8F13-3872-B6D1-21E183374212}"
	ProjectSection(ProjectDependencies) = postProject
		{EBF5F5F7-3481-392C-93F7-9D07A606C990} = {EBF5F5F7-3481-392C-93F7-9D07A606C990}
	EndProjectSection
EndProject
Project("{8BC9CEB8-8B4A-11D0-8D11-00A0C91BC942}") = "PhysX", "PhysX.vcxproj", "{6908C021-D84A-393C-B6BD-7314E5DA923F}"
	ProjectSection(ProjectDependencies) = postProject
		{7D7BD319-365E-349C-B08C-E55E8F3E4BC8} = {7D7BD319-365E-349C-B08C-E55E8F3E4BC8}
		{F76FC1E6-98A8-32F4-BC24-721A22E48088} = {F76FC1E6-98A8-32F4-BC24-721A22E48088}
		{E4857050-8F13-3872-B6D1-21E183374212} = {E4857050-8F13-3872-B6D1-21E183374212}
		{AF8448B0-237D-34F0-A57F-8755971B16BB} = {AF8448B0-237D-34F0-A57F-8755971B16BB}
		{A378DC6A-E7E0-3A15-B205-20D0C1CEDF14} = {A378DC6A-E7E0-3A15-B205-20D0C1CEDF14}
		{7185401A-4856-382A-8297-97C72D1A38BE} = {7185401A-4856-382A-8297-97C72D1A38BE}
		{12024C74-078F-3478-BBD5-D7E9AFF3017A} = {12024C74-078F-3478-BBD5-D7E9AFF3017A}
		{8A91452F-F1EB-313F-8932-81B963FF2D40} = {8A91452F-F1EB-313F-8932-81B963FF2D40}
		{437AD087-D0D7-3840-9B5E-528A88B5164D} = {437AD087-D0D7-3840-9B5E-528A88B5164D}
		{EBF5F5F7-3481-392C-93F7-9D07A606C990} = {EBF5F5F7-3481-392C-93F7-9D07A606C990}
	EndProjectSection
EndProject
Project("{8BC9CEB8-8B4A-11D0-8D11-00A0C91BC942}") = "PhysXCharacterKinematic", "PhysXCharacterKinematic.vcxproj", "{E19EE955-F0EB-3786-89AB-29022590244F}"
	ProjectSection(ProjectDependencies) = postProject
		{A378DC6A-E7E0-3A15-B205-20D0C1CEDF14} = {A378DC6A-E7E0-3A15-B205-20D0C1CEDF14}
		{EBF5F5F7-3481-392C-93F7-9D07A606C990} = {EBF5F5F7-3481-392C-93F7-9D07A606C990}
	EndProjectSection
EndProject
Project("{8BC9CEB8-8B4A-11D0-8D11-00A0C91BC942}") = "PhysXCommon", "PhysXCommon.vcxproj", "{AF8448B0-237D-34F0-A57F-8755971B16BB}"
	ProjectSection(ProjectDependencies) = postProject
		{A378DC6A-E7E0-3A15-B205-20D0C1CEDF14} = {A378DC6A-E7E0-3A15-B205-20D0C1CEDF14}
		{EBF5F5F7-3481-392C-93F7-9D07A606C990} = {EBF5F5F7-3481-392C-93F7-9D07A606C990}
	EndProjectSection
EndProject
Project("{8BC9CEB8-8B4A-11D0-8D11-00A0C91BC942}") = "PhysXCooking", "PhysXCooking.vcxproj", "{69C0116E-4847-3BB8-93B8-25C56A674905}"
	ProjectSection(ProjectDependencies) = postProject
		{AF8448B0-237D-34F0-A57F-8755971B16BB} = {AF8448B0-237D-34F0-A57F-8755971B16BB}
		{A378DC6A-E7E0-3A15-B205-20D0C1CEDF14} = {A378DC6A-E7E0-3A15-B205-20D0C1CEDF14}
		{EBF5F5F7-3481-392C-93F7-9D07A606C990} = {EBF5F5F7-3481-392C-93F7-9D07A606C990}
	EndProjectSection
EndProject
Project("{8BC9CEB8-8B4A-11D0-8D11-00A0C91BC942}") = "PhysXExtensions", "PhysXExtensions.vcxproj", "{55D48817-F149-3011-81B8-85921C10E664}"
	ProjectSection(ProjectDependencies) = postProject
		{AF646CA3-F3FF-3461-AFBC-2B35221EF37B} = {AF646CA3-F3FF-3461-AFBC-2B35221EF37B}
		{6908C021-D84A-393C-B6BD-7314E5DA923F} = {6908C021-D84A-393C-B6BD-7314E5DA923F}
		{AF8448B0-237D-34F0-A57F-8755971B16BB} = {AF8448B0-237D-34F0-A57F-8755971B16BB}
		{A378DC6A-E7E0-3A15-B205-20D0C1CEDF14} = {A378DC6A-E7E0-3A15-B205-20D0C1CEDF14}
		{7185401A-4856-382A-8297-97C72D1A38BE} = {7185401A-4856-382A-8297-97C72D1A38BE}
		{EBF5F5F7-3481-392C-93F7-9D07A606C990} = {EBF5F5F7-3481-392C-93F7-9D07A606C990}
	EndProjectSection
EndProject
Project("{8BC9CEB8-8B4A-11D0-8D11-00A0C91BC942}") = "PhysXFoundation", "PhysXFoundation.vcxproj", "{A378DC6A-E7E0-3A15-B205-20D0C1CEDF14}"
	ProjectSection(ProjectDependencies) = postProject
		{EBF5F5F7-3481-392C-93F7-9D07A606C990} = {EBF5F5F7-3481-392C-93F7-9D07A606C990}
	EndProjectSection
EndProject
Project("{8BC9CEB8-8B4A-11D0-8D11-00A0C91BC942}") = "PhysXPvdSDK", "PhysXPvdSDK.vcxproj", "{7185401A-4856-382A-8297-97C72D1A38BE}"
	ProjectSection(ProjectDependencies) = postProject
		{A378DC6A-E7E0-3A15-B205-20D0C1CEDF14} = {A378DC6A-E7E0-3A15-B205-20D0C1CEDF14}
		{EBF5F5F7-3481-392C-93F7-9D07A606C990} = {EBF5F5F7-3481-392C-93F7-9D07A606C990}
	EndProjectSection
EndProject
Project("{8BC9CEB8-8B4A-11D0-8D11-00A0C91BC942}") = "PhysXTask", "PhysXTask.vcxproj", "{12024C74-078F-3478-BBD5-D7E9AFF3017A}"
	ProjectSection(ProjectDependencies) = postProject
		{EBF5F5F7-3481-392C-93F7-9D07A606C990} = {EBF5F5F7-3481-392C-93F7-9D07A606C990}
	EndProjectSection
EndProject
Project("{8BC9CEB8-8B4A-11D0-8D11-00A0C91BC942}") = "PhysXVehicle", "PhysXVehicle.vcxproj", "{18321BDA-4B5C-3935-B71C-5709CB65ED07}"
	ProjectSection(ProjectDependencies) = postProject
		{A378DC6A-E7E0-3A15-B205-20D0C1CEDF14} = {A378DC6A-E7E0-3A15-B205-20D0C1CEDF14}
		{7185401A-4856-382A-8297-97C72D1A38BE} = {7185401A-4856-382A-8297-97C72D1A38BE}
		{EBF5F5F7-3481-392C-93F7-9D07A606C990} = {EBF5F5F7-3481-392C-93F7-9D07A606C990}
	EndProjectSection
EndProject
Project("{8BC9CEB8-8B4A-11D0-8D11-00A0C91BC942}") = "SceneQuery", "SceneQuery.vcxproj", "{8A91452F-F1EB-313F-8932-81B963FF2D40}"
	ProjectSection(ProjectDependencies) = postProject
		{EBF5F5F7-3481-392C-93F7-9D07A606C990} = {EBF5F5F7-3481-392C-93F7-9D07A606C990}
	EndProjectSection
EndProject
Project("{8BC9CEB8-8B4A-11D0-8D11-00A0C91BC942}") = "SimulationController", "SimulationController.vcxproj", "{437AD087-D0D7-3840-9B5E-528A88B5164D}"
	ProjectSection(ProjectDependencies) = postProject
		{EBF5F5F7-3481-392C-93F7-9D07A606C990} = {EBF5F5F7-3481-392C-93F7-9D07A606C990}
	EndProjectSection
EndProject
Project("{8BC9CEB8-8B4A-11D0-8D11-00A0C91BC942}") = "ZERO_CHECK", "..\\ZERO_CHECK.vcxproj", "{EBF5F5F7-3481-392C-93F7-9D07A606C990}"
	ProjectSection(ProjectDependencies) = postProject
	EndProjectSection
EndProject
Global
	GlobalSection(SolutionConfigurationPlatforms) = preSolution
		debug|Win32 = debug|Win32
		checked|Win32 = checked|Win32
		profile|Win32 = profile|Win32
		release|Win32 = release|Win32
	EndGlobalSection
	GlobalSection(ProjectConfigurationPlatforms) = postSolution
		{03976A29-8E40-39D4-8BAA-048A1BC7AAD9}.debug|Win32.ActiveCfg = debug|Win32
		{03976A29-8E40-39D4-8BAA-048A1BC7AAD9}.debug|Win32.Build.0 = debug|Win32
		{03976A29-8E40-39D4-8BAA-048A1BC7AAD9}.checked|Win32.ActiveCfg = checked|Win32
		{03976A29-8E40-39D4-8BAA-048A1BC7AAD9}.checked|Win32.Build.0 = checked|Win32
		{03976A29-8E40-39D4-8BAA-048A1BC7AAD9}.profile|Win32.ActiveCfg = profile|Win32
		{03976A29-8E40-39D4-8BAA-048A1BC7AAD9}.profile|Win32.Build.0 = profile|Win32
		{03976A29-8E40-39D4-8BAA-048A1BC7AAD9}.release|Win32.ActiveCfg = release|Win32
		{03976A29-8E40-39D4-8BAA-048A1BC7AAD9}.release|Win32.Build.0 = release|Win32
		{AF646CA3-F3FF-3461-AFBC-2B35221EF37B}.debug|Win32.ActiveCfg = debug|Win32
		{AF646CA3-F3FF-3461-AFBC-2B35221EF37B}.debug|Win32.Build.0 = debug|Win32
		{AF646CA3-F3FF-3461-AFBC-2B35221EF37B}.checked|Win32.ActiveCfg = checked|Win32
		{AF646CA3-F3FF-3461-AFBC-2B35221EF37B}.checked|Win32.Build.0 = checked|Win32
		{AF646CA3-F3FF-3461-AFBC-2B35221EF37B}.profile|Win32.ActiveCfg = profile|Win32
		{AF646CA3-F3FF-3461-AFBC-2B35221EF37B}.profile|Win32.Build.0 = profile|Win32
		{AF646CA3-F3FF-3461-AFBC-2B35221EF37B}.release|Win32.ActiveCfg = release|Win32
		{AF646CA3-F3FF-3461-AFBC-2B35221EF37B}.release|Win32.Build.0 = release|Win32
		{B687BCCF-1F03-349E-ABF6-8FA346E6E396}.debug|Win32.ActiveCfg = debug|Win32
		{B687BCCF-1F03-349E-ABF6-8FA346E6E396}.checked|Win32.ActiveCfg = checked|Win32
		{B687BCCF-1F03-349E-ABF6-8FA346E6E396}.profile|Win32.ActiveCfg = profile|Win32
		{B687BCCF-1F03-349E-ABF6-8FA346E6E396}.release|Win32.ActiveCfg = release|Win32
		{7D7BD319-365E-349C-B08C-E55E8F3E4BC8}.debug|Win32.ActiveCfg = debug|Win32
		{7D7BD319-365E-349C-B08C-E55E8F3E4BC8}.debug|Win32.Build.0 = debug|Win32
		{7D7BD319-365E-349C-B08C-E55E8F3E4BC8}.checked|Win32.ActiveCfg = checked|Win32
		{7D7BD319-365E-349C-B08C-E55E8F3E4BC8}.checked|Win32.Build.0 = checked|Win32
		{7D7BD319-365E-349C-B08C-E55E8F3E4BC8}.profile|Win32.ActiveCfg = profile|Win32
		{7D7BD319-365E-349C-B08C-E55E8F3E4BC8}.profile|Win32.Build.0 = profile|Win32
		{7D7BD319-365E-349C-B08C-E55E8F3E4BC8}.release|Win32.ActiveCfg = release|Win32
		{7D7BD319-365E-349C-B08C-E55E8F3E4BC8}.release|Win32.Build.0 = release|Win32
		{F76FC1E6-98A8-32F4-BC24-721A22E48088}.debug|Win32.ActiveCfg = debug|Win32
		{F76FC1E6-98A8-32F4-BC24-721A22E48088}.debug|Win32.Build.0 = debug|Win32
		{F76FC1E6-98A8-32F4-BC24-721A22E48088}.checked|Win32.ActiveCfg = checked|Win32
		{F76FC1E6-98A8-32F4-BC24-721A22E48088}.checked|Win32.Build.0 = checked|Win32
		{F76FC1E6-98A8-32F4-BC24-721A22E48088}.profile|Win32.ActiveCfg = profile|Win32
		{F76FC1E6-98A8-32F4-BC24-721A22E48088}.profile|Win32.Build.0 = profile|Win32
		{F76FC1E6-98A8-32F4-BC24-721A22E48088}.release|Win32.ActiveCfg = release|Win32
		{F76FC1E6-98A8-32F4-BC24-721A22E48088}.release|Win32.Build.0 = release|Win32
		{E4857050-8F13-3872-B6D1-21E183374212}.debug|Win32.ActiveCfg = debug|Win32
		{E4857050-8F13-3872-B6D1-21E183374212}.debug|Win32.Build.0 = debug|Win32
		{E4857050-8F13-3872-B6D1-21E183374212}.checked|Win32.ActiveCfg = checked|Win32
		{E4857050-8F13-3872-B6D1-21E183374212}.checked|Win32.Build.0 = checked|Win32
		{E4857050-8F13-3872-B6D1-21E183374212}.profile|Win32.ActiveCfg = profile|Win32
		{E4857050-8F13-3872-B6D1-21E183374212}.profile|Win32.Build.0 = profile|Win32
		{E4857050-8F13-3872-B6D1-21E183374212}.release|Win32.ActiveCfg = release|Win32
		{E4857050-8F13-3872-B6D1-21E183374212}.release|Win32.Build.0 = release|Win32
		{6908C021-D84A-393C-B6BD-7314E5DA923F}.debug|Win32.ActiveCfg = debug|Win32
		{6908C021-D84A-393C-B6BD-7314E5DA923F}.debug|Win32.Build.0 = debug|Win32
		{6908C021-D84A-393C-B6BD-7314E5DA923F}.checked|Win32.ActiveCfg = checked|Win32
		{6908C021-D84A-393C-B6BD-7314E5DA923F}.checked|Win32.Build.0 = checked|Win32
		{6908C021-D84A-393C-B6BD-7314E5DA923F}.profile|Win32.ActiveCfg = profile|Win32
		{6908C021-D84A-393C-B6BD-7314E5DA923F}.profile|Win32.Build.0 = profile|Win32
		{6908C021-D84A-393C-B6BD-7314E5DA923F}.release|Win32.ActiveCfg = release|Win32
		{6908C021-D84A-393C-B6BD-7314E5DA923F}.release|Win32.Build.0 = release|Win32
		{E19EE955-F0EB-3786-89AB-29022590244F}.debug|Win32.ActiveCfg = debug|Win32
		{E19EE955-F0EB-3786-89AB-29022590244F}.debug|Win32.Build.0 = debug|Win32
		{E19EE955-F0EB-3786-89AB-29022590244F}.checked|Win32.ActiveCfg = checked|Win32
		{E19EE955-F0EB-3786-89AB-29022590244F}.checked|Win32.Build.0 = checked|Win32
		{E19EE955-F0EB-3786-89AB-29022590244F}.profile|Win32.ActiveCfg = profile|Win32
		{E19EE955-F0EB-3786-89AB-29022590244F}.profile|Win32.Build.0 = profile|Win32
		{E19EE955-F0EB-3786-89AB-29022590244F}.release|Win32.ActiveCfg = release|Win32
		{E19EE955-F0EB-3786-89AB-29022590244F}.release|Win32.Build.0 = release|Win32
		{AF8448B0-237D-34F0-A57F-8755971B16BB}.debug|Win32.ActiveCfg = debug|Win32
		{AF8448B0-237D-34F0-A57F-8755971B16BB}.debug|Win32.Build.0 = debug|Win32
		{AF8448B0-237D-34F0-A57F-8755971B16BB}.checked|Win32.ActiveCfg = checked|Win32
		{AF8448B0-237D-34F0-A57F-8755971B16BB}.checked|Win32.Build.0 = checked|Win32
		{AF8448B0-237D-34F0-A57F-8755971B16BB}.profile|Win32.ActiveCfg = profile|Win32
		{AF8448B0-237D-34F0-A57F-8755971B16BB}.profile|Win32.Build.0 = profile|Win32
		{AF8448B0-237D-34F0-A57F-8755971B16BB}.release|Win32.ActiveCfg = release|Win32
		{AF8448B0-237D-34F0-A57F-8755971B16BB}.release|Win32.Build.0 = release|Win32
		{69C0116E-4847-3BB8-93B8-25C56A674905}.debug|Win32.ActiveCfg = debug|Win32
		{69C0116E-4847-3BB8-93B8-25C56A674905}.debug|Win32.Build.0 = debug|Win32
		{69C0116E-4847-3BB8-93B8-25C56A674905}.checked|Win32.ActiveCfg = checked|Win32
		{69C0116E-4847-3BB8-93B8-25C56A674905}.checked|Win32.Build.0 = checked|Win32
		{69C0116E-4847-3BB8-93B8-25C56A674905}.profile|Win32.ActiveCfg = profile|Win32
		{69C0116E-4847-3BB8-93B8-25C56A674905}.profile|Win32.Build.0 = profile|Win32
		{69C0116E-4847-3BB8-93B8-25C56A674905}.release|Win32.ActiveCfg = release|Win32
		{69C0116E-4847-3BB8-93B8-25C56A674905}.release|Win32.Build.0 = release|Win32
		{55D48817-F149-3011-81B8-85921C10E664}.debug|Win32.ActiveCfg = debug|Win32
		{55D48817-F149-3011-81B8-85921C10E664}.debug|Win32.Build.0 = debug|Win32
		{55D48817-F149-3011-81B8-85921C10E664}.checked|Win32.ActiveCfg = checked|Win32
		{55D48817-F149-3011-81B8-85921C10E664}.checked|Win32.Build.0 = checked|Win32
		{55D48817-F149-3011-81B8-85921C10E664}.profile|Win32.ActiveCfg = profile|Win32
		{55D48817-F149-3011-81B8-85921C10E664}.profile|Win32.Build.0 = profile|Win32
		{55D48817-F149-3011-81B8-85921C10E664}.release|Win32.ActiveCfg = release|Win32
		{55D48817-F149-3011-81B8-85921C10E664}.release|Win32.Build.0 = release|Win32
		{A378DC6A-E7E0-3A15-B205-20D0C1CEDF14}.debug|Win32.ActiveCfg = debug|Win32
		{A378DC6A-E7E0-3A15-B205-20D0C1CEDF14}.debug|Win32.Build.0 = debug|Win32
		{A378DC6A-E7E0-3A15-B205-20D0C1CEDF14}.checked|Win32.ActiveCfg = checked|Win32
		{A378DC6A-E7E0-3A15-B205-20D0C1CEDF14}.checked|Win32.Build.0 = checked|Win32
		{A378DC6A-E7E0-3A15-B205-20D0C1CEDF14}.profile|Win32.ActiveCfg = profile|Win32
		{A378DC6A-E7E0-3A15-B205-20D0C1CEDF14}.profile|Win32.Build.0 = profile|Win32
		{A378DC6A-E7E0-3A15-B205-20D0C1CEDF14}.release|Win32.ActiveCfg = release|Win32
		{A378DC6A-E7E0-3A15-B205-20D0C1CEDF14}.release|Win32.Build.0 = release|Win32
		{7185401A-4856-382A-8297-97C72D1A38BE}.debug|Win32.ActiveCfg = debug|Win32
		{7185401A-4856-382A-8297-97C72D1A38BE}.debug|Win32.Build.0 = debug|Win32
		{7185401A-4856-382A-8297-97C72D1A38BE}.checked|Win32.ActiveCfg = checked|Win32
		{7185401A-4856-382A-8297-97C72D1A38BE}.checked|Win32.Build.0 = checked|Win32
		{7185401A-4856-382A-8297-97C72D1A38BE}.profile|Win32.ActiveCfg = profile|Win32
		{7185401A-4856-382A-8297-97C72D1A38BE}.profile|Win32.Build.0 = profile|Win32
		{7185401A-4856-382A-8297-97C72D1A38BE}.release|Win32.ActiveCfg = release|Win32
		{7185401A-4856-382A-8297-97C72D1A38BE}.release|Win32.Build.0 = release|Win32
		{12024C74-078F-3478-BBD5-D7E9AFF3017A}.debug|Win32.ActiveCfg = debug|Win32
		{12024C74-078F-3478-BBD5-D7E9AFF3017A}.debug|Win32.Build.0 = debug|Win32
		{12024C74-078F-3478-BBD5-D7E9AFF3017A}.checked|Win32.ActiveCfg = checked|Win32
		{12024C74-078F-3478-BBD5-D7E9AFF3017A}.checked|Win32.Build.0 = checked|Win32
		{12024C74-078F-3478-BBD5-D7E9AFF3017A}.profile|Win32.ActiveCfg = profile|Win32
		{12024C74-078F-3478-BBD5-D7E9AFF3017A}.profile|Win32.Build.0 = profile|Win32
		{12024C74-078F-3478-BBD5-D7E9AFF3017A}.release|Win32.ActiveCfg = release|Win32
		{12024C74-078F-3478-BBD5-D7E9AFF3017A}.release|Win32.Build.0 = release|Win32
		{18321BDA-4B5C-3935-B71C-5709CB65ED07}.debug|Win32.ActiveCfg = debug|Win32
		{18321BDA-4B5C-3935-B71C-5709CB65ED07}.debug|Win32.Build.0 = debug|Win32
		{18321BDA-4B5C-3935-B71C-5709CB65ED07}.checked|Win32.ActiveCfg = checked|Win32
		{18321BDA-4B5C-3935-B71C-5709CB65ED07}.checked|Win32.Build.0 = checked|Win32
		{18321BDA-4B5C-3935-B71C-5709CB65ED07}.profile|Win32.ActiveCfg = profile|Win32
		{18321BDA-4B5C-3935-B71C-5709CB65ED07}.profile|Win32.Build.0 = profile|Win32
		{18321BDA-4B5C-3935-B71C-5709CB65ED07}.release|Win32.ActiveCfg = release|Win32
		{18321BDA-4B5C-3935-B71C-5709CB65ED07}.release|Win32.Build.0 = release|Win32
		{8A91452F-F1EB-313F-8932-81B963FF2D40}.debug|Win32.ActiveCfg = debug|Win32
		{8A91452F-F1EB-313F-8932-81B963FF2D40}.debug|Win32.Build.0 = debug|Win32
		{8A91452F-F1EB-313F-8932-81B963FF2D40}.checked|Win32.ActiveCfg = checked|Win32
		{8A91452F-F1EB-313F-8932-81B963FF2D40}.checked|Win32.Build.0 = checked|Win32
		{8A91452F-F1EB-313F-8932-81B963FF2D40}.profile|Win32.ActiveCfg = profile|Win32
		{8A91452F-F1EB-313F-8932-81B963FF2D40}.profile|Win32.Build.0 = profile|Win32
		{8A91452F-F1EB-313F-8932-81B963FF2D40}.release|Win32.ActiveCfg = release|Win32
		{8A91452F-F1EB-313F-8932-81B963FF2D40}.release|Win32.Build.0 = release|Win32
		{437AD087-D0D7-3840-9B5E-528A88B5164D}.debug|Win32.ActiveCfg = debug|Win32
		{437AD087-D0D7-3840-9B5E-528A88B5164D}.debug|Win32.Build.0 = debug|Win32
		{437AD087-D0D7-3840-9B5E-528A88B5164D}.checked|Win32.ActiveCfg = checked|Win32
		{437AD087-D0D7-3840-9B5E-528A88B5164D}.checked|Win32.Build.0 = checked|Win32
		{437AD087-D0D7-3840-9B5E-528A88B5164D}.profile|Win32.ActiveCfg = profile|Win32
		{437AD087-D0D7-3840-9B5E-528A88B5164D}.profile|Win32.Build.0 = profile|Win32
		{437AD087-D0D7-3840-9B5E-528A88B5164D}.release|Win32.ActiveCfg = release|Win32
		{437AD087-D0D7-3840-9B5E-528A88B5164D}.release|Win32.Build.0 = release|Win32
		{EBF5F5F7-3481-392C-93F7-9D07A606C990}.debug|Win32.ActiveCfg = debug|Win32
		{EBF5F5F7-3481-392C-93F7-9D07A606C990}.debug|Win32.Build.0 = debug|Win32
		{EBF5F5F7-3481-392C-93F7-9D07A606C990}.checked|Win32.ActiveCfg = checked|Win32
		{EBF5F5F7-3481-392C-93F7-9D07A606C990}.checked|Win32.Build.0 = checked|Win32
		{EBF5F5F7-3481-392C-93F7-9D07A606C990}.profile|Win32.ActiveCfg = profile|Win32
		{EBF5F5F7-3481-392C-93F7-9D07A606C990}.profile|Win32.Build.0 = profile|Win32
		{EBF5F5F7-3481-392C-93F7-9D07A606C990}.release|Win32.ActiveCfg = release|Win32
		{EBF5F5F7-3481-392C-93F7-9D07A606C990}.release|Win32.Build.0 = release|Win32
	EndGlobalSection
	GlobalSection(NestedProjects) = preSolution
		{03976A29-8E40-39D4-8BAA-048A1BC7AAD9} = {EFC72533-075C-3808-9A7A-E16A9C55DAF7}
		{B687BCCF-1F03-349E-ABF6-8FA346E6E396} = {EFC72533-075C-3808-9A7A-E16A9C55DAF7}
		{EBF5F5F7-3481-392C-93F7-9D07A606C990} = {EFC72533-075C-3808-9A7A-E16A9C55DAF7}
		{AF646CA3-F3FF-3461-AFBC-2B35221EF37B} = {95A01D92-D01B-3404-9857-99A92B37DC27}
		{7D7BD319-365E-349C-B08C-E55E8F3E4BC8} = {95A01D92-D01B-3404-9857-99A92B37DC27}
		{F76FC1E6-98A8-32F4-BC24-721A22E48088} = {95A01D92-D01B-3404-9857-99A92B37DC27}
		{E4857050-8F13-3872-B6D1-21E183374212} = {95A01D92-D01B-3404-9857-99A92B37DC27}
		{6908C021-D84A-393C-B6BD-7314E5DA923F} = {95A01D92-D01B-3404-9857-99A92B37DC27}
		{E19EE955-F0EB-3786-89AB-29022590244F} = {95A01D92-D01B-3404-9857-99A92B37DC27}
		{AF8448B0-237D-34F0-A57F-8755971B16BB} = {95A01D92-D01B-3404-9857-99A92B37DC27}
		{69C0116E-4847-3BB8-93B8-25C56A674905} = {95A01D92-D01B-3404-9857-99A92B37DC27}
		{55D48817-F149-3011-81B8-85921C10E664} = {95A01D92-D01B-3404-9857-99A92B37DC27}
		{A378DC6A-E7E0-3A15-B205-20D0C1CEDF14} = {95A01D92-D01B-3404-9857-99A92B37DC27}
		{7185401A-4856-382A-8297-97C72D1A38BE} = {95A01D92-D01B-3404-9857-99A92B37DC27}
		{12024C74-078F-3478-BBD5-D7E9AFF3017A} = {95A01D92-D01B-3404-9857-99A92B37DC27}
		{18321BDA-4B5C-3935-B71C-5709CB65ED07} = {95A01D92-D01B-3404-9857-99A92B37DC27}
		{8A91452F-F1EB-313F-8932-81B963FF2D40} = {95A01D92-D01B-3404-9857-99A92B37DC27}
		{437AD087-D0D7-3840-9B5E-528A88B5164D} = {95A01D92-D01B-3404-9857-99A92B37DC27}
	EndGlobalSection
	GlobalSection(ExtensibilityGlobals) = postSolution
		SolutionGuid = {6F30DD8B-0CBF-32F5-9CF0-52E602481511}
	EndGlobalSection
	GlobalSection(ExtensibilityAddIns) = postSolution
	EndGlobalSection
EndGlobal
