<?xml version="1.0" encoding="utf-8"?>
<Project ToolsVersion="16.0" xmlns="http://schemas.microsoft.com/developer/msbuild/2003">
  <ItemGroup>
    <ClCompile Include="C:\Users\austi\source\repos\PixelExplorer\PhysX\physx\source\physxvehicle\src\PxVehicleComponents.cpp">
      <Filter>src</Filter>
    </ClCompile>
    <ClCompile Include="C:\Users\austi\source\repos\PixelExplorer\PhysX\physx\source\physxvehicle\src\PxVehicleDrive.cpp">
      <Filter>src</Filter>
    </ClCompile>
    <ClCompile Include="C:\Users\austi\source\repos\PixelExplorer\PhysX\physx\source\physxvehicle\src\PxVehicleDrive4W.cpp">
      <Filter>src</Filter>
    </ClCompile>
    <ClCompile Include="C:\Users\austi\source\repos\PixelExplorer\PhysX\physx\source\physxvehicle\src\PxVehicleDriveNW.cpp">
      <Filter>src</Filter>
    </ClCompile>
    <ClCompile Include="C:\Users\austi\source\repos\PixelExplorer\PhysX\physx\source\physxvehicle\src\PxVehicleDriveTank.cpp">
      <Filter>src</Filter>
    </ClCompile>
    <ClCompile Include="C:\Users\austi\source\repos\PixelExplorer\PhysX\physx\source\physxvehicle\src\PxVehicleMetaData.cpp">
      <Filter>src</Filter>
    </ClCompile>
    <ClCompile Include="C:\Users\austi\source\repos\PixelExplorer\PhysX\physx\source\physxvehicle\src\PxVehicleNoDrive.cpp">
      <Filter>src</Filter>
    </ClCompile>
    <ClCompile Include="C:\Users\austi\source\repos\PixelExplorer\PhysX\physx\source\physxvehicle\src\PxVehicleSDK.cpp">
      <Filter>src</Filter>
    </ClCompile>
    <ClCompile Include="C:\Users\austi\source\repos\PixelExplorer\PhysX\physx\source\physxvehicle\src\PxVehicleSerialization.cpp">
      <Filter>src</Filter>
    </ClCompile>
    <ClCompile Include="C:\Users\austi\source\repos\PixelExplorer\PhysX\physx\source\physxvehicle\src\PxVehicleSuspWheelTire4.cpp">
      <Filter>src</Filter>
    </ClCompile>
    <ClCompile Include="C:\Users\austi\source\repos\PixelExplorer\PhysX\physx\source\physxvehicle\src\PxVehicleTireFriction.cpp">
      <Filter>src</Filter>
    </ClCompile>
    <ClCompile Include="C:\Users\austi\source\repos\PixelExplorer\PhysX\physx\source\physxvehicle\src\PxVehicleUpdate.cpp">
      <Filter>src</Filter>
    </ClCompile>
    <ClCompile Include="C:\Users\austi\source\repos\PixelExplorer\PhysX\physx\source\physxvehicle\src\PxVehicleWheels.cpp">
      <Filter>src</Filter>
    </ClCompile>
    <ClCompile Include="C:\Users\austi\source\repos\PixelExplorer\PhysX\physx\source\physxvehicle\src\VehicleUtilControl.cpp">
      <Filter>src</Filter>
    </ClCompile>
    <ClCompile Include="C:\Users\austi\source\repos\PixelExplorer\PhysX\physx\source\physxvehicle\src\VehicleUtilSetup.cpp">
      <Filter>src</Filter>
    </ClCompile>
    <ClCompile Include="C:\Users\austi\source\repos\PixelExplorer\PhysX\physx\source\physxvehicle\src\VehicleUtilTelemetry.cpp">
      <Filter>src</Filter>
    </ClCompile>
    <ClCompile Include="C:\Users\austi\source\repos\PixelExplorer\PhysX\physx\source\physxvehicle\src\physxmetadata\src\PxVehicleAutoGeneratedMetaDataObjects.cpp">
      <Filter>metadata\src</Filter>
    </ClCompile>
    <ClCompile Include="C:\Users\austi\source\repos\PixelExplorer\PhysX\physx\source\physxvehicle\src\physxmetadata\src\PxVehicleMetaDataObjects.cpp">
      <Filter>metadata\src</Filter>
    </ClCompile>
  </ItemGroup>
  <ItemGroup>
    <ClInclude Include="C:\Users\austi\source\repos\PixelExplorer\PhysX\physx\source\physxvehicle\src\PxVehicleDefaults.h">
      <Filter>src</Filter>
    </ClInclude>
    <ClInclude Include="C:\Users\austi\source\repos\PixelExplorer\PhysX\physx\source\physxvehicle\src\PxVehicleLinearMath.h">
      <Filter>src</Filter>
    </ClInclude>
    <ClInclude Include="C:\Users\austi\source\repos\PixelExplorer\PhysX\physx\source\physxvehicle\src\PxVehicleSerialization.h">
      <Filter>src</Filter>
    </ClInclude>
    <ClInclude Include="C:\Users\austi\source\repos\PixelExplorer\PhysX\physx\source\physxvehicle\src\PxVehicleSuspLimitConstraintShader.h">
      <Filter>src</Filter>
    </ClInclude>
    <ClInclude Include="C:\Users\austi\source\repos\PixelExplorer\PhysX\physx\source\physxvehicle\src\PxVehicleSuspWheelTire4.h">
      <Filter>src</Filter>
    </ClInclude>
    <ClInclude Include="C:\Users\austi\source\repos\PixelExplorer\PhysX\physx\include\vehicle\PxVehicleComponents.h">
      <Filter>include</Filter>
    </ClInclude>
    <ClInclude Include="C:\Users\austi\source\repos\PixelExplorer\PhysX\physx\include\vehicle\PxVehicleDrive.h">
      <Filter>include</Filter>
    </ClInclude>
    <ClInclude Include="C:\Users\austi\source\repos\PixelExplorer\PhysX\physx\include\vehicle\PxVehicleDrive4W.h">
      <Filter>include</Filter>
    </ClInclude>
    <ClInclude Include="C:\Users\austi\source\repos\PixelExplorer\PhysX\physx\include\vehicle\PxVehicleDriveNW.h">
      <Filter>include</Filter>
    </ClInclude>
    <ClInclude Include="C:\Users\austi\source\repos\PixelExplorer\PhysX\physx\include\vehicle\PxVehicleDriveTank.h">
      <Filter>include</Filter>
    </ClInclude>
    <ClInclude Include="C:\Users\austi\source\repos\PixelExplorer\PhysX\physx\include\vehicle\PxVehicleNoDrive.h">
      <Filter>include</Filter>
    </ClInclude>
    <ClInclude Include="C:\Users\austi\source\repos\PixelExplorer\PhysX\physx\include\vehicle\PxVehicleSDK.h">
      <Filter>include</Filter>
    </ClInclude>
    <ClInclude Include="C:\Users\austi\source\repos\PixelExplorer\PhysX\physx\include\vehicle\PxVehicleShaders.h">
      <Filter>include</Filter>
    </ClInclude>
    <ClInclude Include="C:\Users\austi\source\repos\PixelExplorer\PhysX\physx\include\vehicle\PxVehicleTireFriction.h">
      <Filter>include</Filter>
    </ClInclude>
    <ClInclude Include="C:\Users\austi\source\repos\PixelExplorer\PhysX\physx\include\vehicle\PxVehicleUpdate.h">
      <Filter>include</Filter>
    </ClInclude>
    <ClInclude Include="C:\Users\austi\source\repos\PixelExplorer\PhysX\physx\include\vehicle\PxVehicleUtil.h">
      <Filter>include</Filter>
    </ClInclude>
    <ClInclude Include="C:\Users\austi\source\repos\PixelExplorer\PhysX\physx\include\vehicle\PxVehicleUtilControl.h">
      <Filter>include</Filter>
    </ClInclude>
    <ClInclude Include="C:\Users\austi\source\repos\PixelExplorer\PhysX\physx\include\vehicle\PxVehicleUtilSetup.h">
      <Filter>include</Filter>
    </ClInclude>
    <ClInclude Include="C:\Users\austi\source\repos\PixelExplorer\PhysX\physx\include\vehicle\PxVehicleUtilTelemetry.h">
      <Filter>include</Filter>
    </ClInclude>
    <ClInclude Include="C:\Users\austi\source\repos\PixelExplorer\PhysX\physx\include\vehicle\PxVehicleWheels.h">
      <Filter>include</Filter>
    </ClInclude>
    <ClInclude Include="C:\Users\austi\source\repos\PixelExplorer\PhysX\physx\source\physxvehicle\src\physxmetadata\include\PxVehicleAutoGeneratedMetaDataObjectNames.h">
      <Filter>metadata\include</Filter>
    </ClInclude>
    <ClInclude Include="C:\Users\austi\source\repos\PixelExplorer\PhysX\physx\source\physxvehicle\src\physxmetadata\include\PxVehicleAutoGeneratedMetaDataObjects.h">
      <Filter>metadata\include</Filter>
    </ClInclude>
    <ClInclude Include="C:\Users\austi\source\repos\PixelExplorer\PhysX\physx\source\physxvehicle\src\physxmetadata\include\PxVehicleMetaDataObjects.h">
      <Filter>metadata\include</Filter>
    </ClInclude>
  </ItemGroup>
  <ItemGroup>
    <CustomBuild Include="C:\Users\austi\source\repos\PixelExplorer\PhysX\physx\source\compiler\cmake\CMakeLists.txt" />
  </ItemGroup>
  <ItemGroup>
    <Filter Include="include">
      <UniqueIdentifier>{F7A356C7-7EF9-3C28-88F4-AEAA89601482}</UniqueIdentifier>
    </Filter>
    <Filter Include="metadata">
      <UniqueIdentifier>{BF26C549-7B69-318F-97B4-15F9FE34CDBB}</UniqueIdentifier>
    </Filter>
    <Filter Include="metadata\include">
      <UniqueIdentifier>{F8E0A70D-B448-3B34-8EC8-D3AC5CB61CE0}</UniqueIdentifier>
    </Filter>
    <Filter Include="metadata\src">
      <UniqueIdentifier>{AC5981BE-8569-390C-A820-496B1B8F2811}</UniqueIdentifier>
    </Filter>
    <Filter Include="src">
      <UniqueIdentifier>{169DF468-3D8B-32CA-B213-C659441F0D66}</UniqueIdentifier>
    </Filter>
  </ItemGroup>
</Project>
