
Microsoft Visual Studio Solution File, Format Version 12.00
# Visual Studio Version 16
Project("{2150E333-8FDC-42A3-9474-1A3956D46DE8}") = "CMakePredefinedTargets", "CMakePredefinedTargets", "{32AD2FAB-5054-3CEE-BA88-16974E82E96B}"
EndProject
Project("{2150E333-8FDC-42A3-9474-1A3956D46DE8}") = "PhysX SDK", "PhysX SDK", "{5C38D31C-F461-3C48-A4CE-6A89E1712C23}"
EndProject
Project("{8BC9CEB8-8B4A-11D0-8D11-00A0C91BC942}") = "ALL_BUILD", "ALL_BUILD.vcxproj", "{38D52447-E586-3772-BCBE-3ACD85115444}"
	ProjectSection(ProjectDependencies) = postProject
		{A95E34F8-28AF-3F65-BC90-278EBA335608} = {A95E34F8-28AF-3F65-BC90-278EBA335608}
		{9185AC6B-7613-3588-8B01-3859E3CD2787} = {9185AC6B-7613-3588-8B01-3859E3CD2787}
		{C5DCC36B-EB19-31A1-80AE-1934DB8C62E0} = {C5DCC36B-EB19-31A1-80AE-1934DB8C62E0}
		{6C21B011-E70F-3C94-866A-6AC3A30DBCD8} = {6C21B011-E70F-3C94-866A-6AC3A30DBCD8}
		{F2BFD854-81CA-3C8E-90E4-FC38300693DF} = {F2BFD854-81CA-3C8E-90E4-FC38300693DF}
		{3927F599-A596-3EBF-835E-766613D5FA19} = {3927F599-A596-3EBF-835E-766613D5FA19}
		{53A3A3AB-C367-3E3F-BC1D-5D8846A6C020} = {53A3A3AB-C367-3E3F-BC1D-5D8846A6C020}
		{DF3AE37F-3ADB-3AB4-A7FD-6B0D141B35EB} = {DF3AE37F-3ADB-3AB4-A7FD-6B0D141B35EB}
		{84D8E58E-3ACC-343B-8D9F-19D20C84CFC6} = {84D8E58E-3ACC-343B-8D9F-19D20C84CFC6}
		{D917BD1D-B816-36E9-8D2B-C04353FE511E} = {D917BD1D-B816-36E9-8D2B-C04353FE511E}
		{2C32EF16-0A74-30D7-AF53-AB2ECF0147BA} = {2C32EF16-0A74-30D7-AF53-AB2ECF0147BA}
		{A4678EDE-9335-3948-A0D7-D67FDECAE282} = {A4678EDE-9335-3948-A0D7-D67FDECAE282}
		{038DD3C8-02B6-39C0-B440-9C99DD20A261} = {038DD3C8-02B6-39C0-B440-9C99DD20A261}
		{C641A462-9D15-3F7F-A519-FAD64F86F331} = {C641A462-9D15-3F7F-A519-FAD64F86F331}
		{513257AF-22BF-3467-AE18-0BC531BBF669} = {513257AF-22BF-3467-AE18-0BC531BBF669}
		{D5407FED-9F05-3183-A2E1-01F3AD3678E0} = {D5407FED-9F05-3183-A2E1-01F3AD3678E0}
	EndProjectSection
EndProject
Project("{8BC9CEB8-8B4A-11D0-8D11-00A0C91BC942}") = "FastXml", "FastXml.vcxproj", "{A95E34F8-28AF-3F65-BC90-278EBA335608}"
	ProjectSection(ProjectDependencies) = postProject
		{D5407FED-9F05-3183-A2E1-01F3AD3678E0} = {D5407FED-9F05-3183-A2E1-01F3AD3678E0}
	EndProjectSection
EndProject
Project("{8BC9CEB8-8B4A-11D0-8D11-00A0C91BC942}") = "INSTALL", "INSTALL.vcxproj", "{FA473795-1DA0-3191-8C1D-E781290B4E09}"
	ProjectSection(ProjectDependencies) = postProject
		{38D52447-E586-3772-BCBE-3ACD85115444} = {38D52447-E586-3772-BCBE-3ACD85115444}
		{D5407FED-9F05-3183-A2E1-01F3AD3678E0} = {D5407FED-9F05-3183-A2E1-01F3AD3678E0}
	EndProjectSection
EndProject
Project("{8BC9CEB8-8B4A-11D0-8D11-00A0C91BC942}") = "LowLevel", "LowLevel.vcxproj", "{9185AC6B-7613-3588-8B01-3859E3CD2787}"
	ProjectSection(ProjectDependencies) = postProject
		{D5407FED-9F05-3183-A2E1-01F3AD3678E0} = {D5407FED-9F05-3183-A2E1-01F3AD3678E0}
	EndProjectSection
EndProject
Project("{8BC9CEB8-8B4A-11D0-8D11-00A0C91BC942}") = "LowLevelAABB", "LowLevelAABB.vcxproj", "{C5DCC36B-EB19-31A1-80AE-1934DB8C62E0}"
	ProjectSection(ProjectDependencies) = postProject
		{D5407FED-9F05-3183-A2E1-01F3AD3678E0} = {D5407FED-9F05-3183-A2E1-01F3AD3678E0}
	EndProjectSection
EndProject
Project("{8BC9CEB8-8B4A-11D0-8D11-00A0C91BC942}") = "LowLevelDynamics", "LowLevelDynamics.vcxproj", "{6C21B011-E70F-3C94-866A-6AC3A30DBCD8}"
	ProjectSection(ProjectDependencies) = postProject
		{D5407FED-9F05-3183-A2E1-01F3AD3678E0} = {D5407FED-9F05-3183-A2E1-01F3AD3678E0}
	EndProjectSection
EndProject
Project("{8BC9CEB8-8B4A-11D0-8D11-00A0C91BC942}") = "PhysX", "PhysX.vcxproj", "{F2BFD854-81CA-3C8E-90E4-FC38300693DF}"
	ProjectSection(ProjectDependencies) = postProject
		{9185AC6B-7613-3588-8B01-3859E3CD2787} = {9185AC6B-7613-3588-8B01-3859E3CD2787}
		{C5DCC36B-EB19-31A1-80AE-1934DB8C62E0} = {C5DCC36B-EB19-31A1-80AE-1934DB8C62E0}
		{6C21B011-E70F-3C94-866A-6AC3A30DBCD8} = {6C21B011-E70F-3C94-866A-6AC3A30DBCD8}
		{53A3A3AB-C367-3E3F-BC1D-5D8846A6C020} = {53A3A3AB-C367-3E3F-BC1D-5D8846A6C020}
		{D917BD1D-B816-36E9-8D2B-C04353FE511E} = {D917BD1D-B816-36E9-8D2B-C04353FE511E}
		{2C32EF16-0A74-30D7-AF53-AB2ECF0147BA} = {2C32EF16-0A74-30D7-AF53-AB2ECF0147BA}
		{A4678EDE-9335-3948-A0D7-D67FDECAE282} = {A4678EDE-9335-3948-A0D7-D67FDECAE282}
		{C641A462-9D15-3F7F-A519-FAD64F86F331} = {C641A462-9D15-3F7F-A519-FAD64F86F331}
		{513257AF-22BF-3467-AE18-0BC531BBF669} = {513257AF-22BF-3467-AE18-0BC531BBF669}
		{D5407FED-9F05-3183-A2E1-01F3AD3678E0} = {D5407FED-9F05-3183-A2E1-01F3AD3678E0}
	EndProjectSection
EndProject
Project("{8BC9CEB8-8B4A-11D0-8D11-00A0C91BC942}") = "PhysXCharacterKinematic", "PhysXCharacterKinematic.vcxproj", "{3927F599-A596-3EBF-835E-766613D5FA19}"
	ProjectSection(ProjectDependencies) = postProject
		{D917BD1D-B816-36E9-8D2B-C04353FE511E} = {D917BD1D-B816-36E9-8D2B-C04353FE511E}
		{D5407FED-9F05-3183-A2E1-01F3AD3678E0} = {D5407FED-9F05-3183-A2E1-01F3AD3678E0}
	EndProjectSection
EndProject
Project("{8BC9CEB8-8B4A-11D0-8D11-00A0C91BC942}") = "PhysXCommon", "PhysXCommon.vcxproj", "{53A3A3AB-C367-3E3F-BC1D-5D8846A6C020}"
	ProjectSection(ProjectDependencies) = postProject
		{D917BD1D-B816-36E9-8D2B-C04353FE511E} = {D917BD1D-B816-36E9-8D2B-C04353FE511E}
		{D5407FED-9F05-3183-A2E1-01F3AD3678E0} = {D5407FED-9F05-3183-A2E1-01F3AD3678E0}
	EndProjectSection
EndProject
Project("{8BC9CEB8-8B4A-11D0-8D11-00A0C91BC942}") = "PhysXCooking", "PhysXCooking.vcxproj", "{DF3AE37F-3ADB-3AB4-A7FD-6B0D141B35EB}"
	ProjectSection(ProjectDependencies) = postProject
		{53A3A3AB-C367-3E3F-BC1D-5D8846A6C020} = {53A3A3AB-C367-3E3F-BC1D-5D8846A6C020}
		{D917BD1D-B816-36E9-8D2B-C04353FE511E} = {D917BD1D-B816-36E9-8D2B-C04353FE511E}
		{D5407FED-9F05-3183-A2E1-01F3AD3678E0} = {D5407FED-9F05-3183-A2E1-01F3AD3678E0}
	EndProjectSection
EndProject
Project("{8BC9CEB8-8B4A-11D0-8D11-00A0C91BC942}") = "PhysXExtensions", "PhysXExtensions.vcxproj", "{84D8E58E-3ACC-343B-8D9F-19D20C84CFC6}"
	ProjectSection(ProjectDependencies) = postProject
		{A95E34F8-28AF-3F65-BC90-278EBA335608} = {A95E34F8-28AF-3F65-BC90-278EBA335608}
		{F2BFD854-81CA-3C8E-90E4-FC38300693DF} = {F2BFD854-81CA-3C8E-90E4-FC38300693DF}
		{53A3A3AB-C367-3E3F-BC1D-5D8846A6C020} = {53A3A3AB-C367-3E3F-BC1D-5D8846A6C020}
		{D917BD1D-B816-36E9-8D2B-C04353FE511E} = {D917BD1D-B816-36E9-8D2B-C04353FE511E}
		{2C32EF16-0A74-30D7-AF53-AB2ECF0147BA} = {2C32EF16-0A74-30D7-AF53-AB2ECF0147BA}
		{D5407FED-9F05-3183-A2E1-01F3AD3678E0} = {D5407FED-9F05-3183-A2E1-01F3AD3678E0}
	EndProjectSection
EndProject
Project("{8BC9CEB8-8B4A-11D0-8D11-00A0C91BC942}") = "PhysXFoundation", "PhysXFoundation.vcxproj", "{D917BD1D-B816-36E9-8D2B-C04353FE511E}"
	ProjectSection(ProjectDependencies) = postProject
		{D5407FED-9F05-3183-A2E1-01F3AD3678E0} = {D5407FED-9F05-3183-A2E1-01F3AD3678E0}
	EndProjectSection
EndProject
Project("{8BC9CEB8-8B4A-11D0-8D11-00A0C91BC942}") = "PhysXPvdSDK", "PhysXPvdSDK.vcxproj", "{2C32EF16-0A74-30D7-AF53-AB2ECF0147BA}"
	ProjectSection(ProjectDependencies) = postProject
		{D917BD1D-B816-36E9-8D2B-C04353FE511E} = {D917BD1D-B816-36E9-8D2B-C04353FE511E}
		{D5407FED-9F05-3183-A2E1-01F3AD3678E0} = {D5407FED-9F05-3183-A2E1-01F3AD3678E0}
	EndProjectSection
EndProject
Project("{8BC9CEB8-8B4A-11D0-8D11-00A0C91BC942}") = "PhysXTask", "PhysXTask.vcxproj", "{A4678EDE-9335-3948-A0D7-D67FDECAE282}"
	ProjectSection(ProjectDependencies) = postProject
		{D5407FED-9F05-3183-A2E1-01F3AD3678E0} = {D5407FED-9F05-3183-A2E1-01F3AD3678E0}
	EndProjectSection
EndProject
Project("{8BC9CEB8-8B4A-11D0-8D11-00A0C91BC942}") = "PhysXVehicle", "PhysXVehicle.vcxproj", "{038DD3C8-02B6-39C0-B440-9C99DD20A261}"
	ProjectSection(ProjectDependencies) = postProject
		{D917BD1D-B816-36E9-8D2B-C04353FE511E} = {D917BD1D-B816-36E9-8D2B-C04353FE511E}
		{2C32EF16-0A74-30D7-AF53-AB2ECF0147BA} = {2C32EF16-0A74-30D7-AF53-AB2ECF0147BA}
		{D5407FED-9F05-3183-A2E1-01F3AD3678E0} = {D5407FED-9F05-3183-A2E1-01F3AD3678E0}
	EndProjectSection
EndProject
Project("{8BC9CEB8-8B4A-11D0-8D11-00A0C91BC942}") = "SceneQuery", "SceneQuery.vcxproj", "{C641A462-9D15-3F7F-A519-FAD64F86F331}"
	ProjectSection(ProjectDependencies) = postProject
		{D5407FED-9F05-3183-A2E1-01F3AD3678E0} = {D5407FED-9F05-3183-A2E1-01F3AD3678E0}
	EndProjectSection
EndProject
Project("{8BC9CEB8-8B4A-11D0-8D11-00A0C91BC942}") = "SimulationController", "SimulationController.vcxproj", "{513257AF-22BF-3467-AE18-0BC531BBF669}"
	ProjectSection(ProjectDependencies) = postProject
		{D5407FED-9F05-3183-A2E1-01F3AD3678E0} = {D5407FED-9F05-3183-A2E1-01F3AD3678E0}
	EndProjectSection
EndProject
Project("{8BC9CEB8-8B4A-11D0-8D11-00A0C91BC942}") = "ZERO_CHECK", "..\\ZERO_CHECK.vcxproj", "{D5407FED-9F05-3183-A2E1-01F3AD3678E0}"
	ProjectSection(ProjectDependencies) = postProject
	EndProjectSection
EndProject
Global
	GlobalSection(SolutionConfigurationPlatforms) = preSolution
		debug|x64 = debug|x64
		checked|x64 = checked|x64
		profile|x64 = profile|x64
		release|x64 = release|x64
	EndGlobalSection
	GlobalSection(ProjectConfigurationPlatforms) = postSolution
		{38D52447-E586-3772-BCBE-3ACD85115444}.debug|x64.ActiveCfg = debug|x64
		{38D52447-E586-3772-BCBE-3ACD85115444}.debug|x64.Build.0 = debug|x64
		{38D52447-E586-3772-BCBE-3ACD85115444}.checked|x64.ActiveCfg = checked|x64
		{38D52447-E586-3772-BCBE-3ACD85115444}.checked|x64.Build.0 = checked|x64
		{38D52447-E586-3772-BCBE-3ACD85115444}.profile|x64.ActiveCfg = profile|x64
		{38D52447-E586-3772-BCBE-3ACD85115444}.profile|x64.Build.0 = profile|x64
		{38D52447-E586-3772-BCBE-3ACD85115444}.release|x64.ActiveCfg = release|x64
		{38D52447-E586-3772-BCBE-3ACD85115444}.release|x64.Build.0 = release|x64
		{A95E34F8-28AF-3F65-BC90-278EBA335608}.debug|x64.ActiveCfg = debug|x64
		{A95E34F8-28AF-3F65-BC90-278EBA335608}.debug|x64.Build.0 = debug|x64
		{A95E34F8-28AF-3F65-BC90-278EBA335608}.checked|x64.ActiveCfg = checked|x64
		{A95E34F8-28AF-3F65-BC90-278EBA335608}.checked|x64.Build.0 = checked|x64
		{A95E34F8-28AF-3F65-BC90-278EBA335608}.profile|x64.ActiveCfg = profile|x64
		{A95E34F8-28AF-3F65-BC90-278EBA335608}.profile|x64.Build.0 = profile|x64
		{A95E34F8-28AF-3F65-BC90-278EBA335608}.release|x64.ActiveCfg = release|x64
		{A95E34F8-28AF-3F65-BC90-278EBA335608}.release|x64.Build.0 = release|x64
		{FA473795-1DA0-3191-8C1D-E781290B4E09}.debug|x64.ActiveCfg = debug|x64
		{FA473795-1DA0-3191-8C1D-E781290B4E09}.checked|x64.ActiveCfg = checked|x64
		{FA473795-1DA0-3191-8C1D-E781290B4E09}.profile|x64.ActiveCfg = profile|x64
		{FA473795-1DA0-3191-8C1D-E781290B4E09}.release|x64.ActiveCfg = release|x64
		{9185AC6B-7613-3588-8B01-3859E3CD2787}.debug|x64.ActiveCfg = debug|x64
		{9185AC6B-7613-3588-8B01-3859E3CD2787}.debug|x64.Build.0 = debug|x64
		{9185AC6B-7613-3588-8B01-3859E3CD2787}.checked|x64.ActiveCfg = checked|x64
		{9185AC6B-7613-3588-8B01-3859E3CD2787}.checked|x64.Build.0 = checked|x64
		{9185AC6B-7613-3588-8B01-3859E3CD2787}.profile|x64.ActiveCfg = profile|x64
		{9185AC6B-7613-3588-8B01-3859E3CD2787}.profile|x64.Build.0 = profile|x64
		{9185AC6B-7613-3588-8B01-3859E3CD2787}.release|x64.ActiveCfg = release|x64
		{9185AC6B-7613-3588-8B01-3859E3CD2787}.release|x64.Build.0 = release|x64
		{C5DCC36B-EB19-31A1-80AE-1934DB8C62E0}.debug|x64.ActiveCfg = debug|x64
		{C5DCC36B-EB19-31A1-80AE-1934DB8C62E0}.debug|x64.Build.0 = debug|x64
		{C5DCC36B-EB19-31A1-80AE-1934DB8C62E0}.checked|x64.ActiveCfg = checked|x64
		{C5DCC36B-EB19-31A1-80AE-1934DB8C62E0}.checked|x64.Build.0 = checked|x64
		{C5DCC36B-EB19-31A1-80AE-1934DB8C62E0}.profile|x64.ActiveCfg = profile|x64
		{C5DCC36B-EB19-31A1-80AE-1934DB8C62E0}.profile|x64.Build.0 = profile|x64
		{C5DCC36B-EB19-31A1-80AE-1934DB8C62E0}.release|x64.ActiveCfg = release|x64
		{C5DCC36B-EB19-31A1-80AE-1934DB8C62E0}.release|x64.Build.0 = release|x64
		{6C21B011-E70F-3C94-866A-6AC3A30DBCD8}.debug|x64.ActiveCfg = debug|x64
		{6C21B011-E70F-3C94-866A-6AC3A30DBCD8}.debug|x64.Build.0 = debug|x64
		{6C21B011-E70F-3C94-866A-6AC3A30DBCD8}.checked|x64.ActiveCfg = checked|x64
		{6C21B011-E70F-3C94-866A-6AC3A30DBCD8}.checked|x64.Build.0 = checked|x64
		{6C21B011-E70F-3C94-866A-6AC3A30DBCD8}.profile|x64.ActiveCfg = profile|x64
		{6C21B011-E70F-3C94-866A-6AC3A30DBCD8}.profile|x64.Build.0 = profile|x64
		{6C21B011-E70F-3C94-866A-6AC3A30DBCD8}.release|x64.ActiveCfg = release|x64
		{6C21B011-E70F-3C94-866A-6AC3A30DBCD8}.release|x64.Build.0 = release|x64
		{F2BFD854-81CA-3C8E-90E4-FC38300693DF}.debug|x64.ActiveCfg = debug|x64
		{F2BFD854-81CA-3C8E-90E4-FC38300693DF}.debug|x64.Build.0 = debug|x64
		{F2BFD854-81CA-3C8E-90E4-FC38300693DF}.checked|x64.ActiveCfg = checked|x64
		{F2BFD854-81CA-3C8E-90E4-FC38300693DF}.checked|x64.Build.0 = checked|x64
		{F2BFD854-81CA-3C8E-90E4-FC38300693DF}.profile|x64.ActiveCfg = profile|x64
		{F2BFD854-81CA-3C8E-90E4-FC38300693DF}.profile|x64.Build.0 = profile|x64
		{F2BFD854-81CA-3C8E-90E4-FC38300693DF}.release|x64.ActiveCfg = release|x64
		{F2BFD854-81CA-3C8E-90E4-FC38300693DF}.release|x64.Build.0 = release|x64
		{3927F599-A596-3EBF-835E-766613D5FA19}.debug|x64.ActiveCfg = debug|x64
		{3927F599-A596-3EBF-835E-766613D5FA19}.debug|x64.Build.0 = debug|x64
		{3927F599-A596-3EBF-835E-766613D5FA19}.checked|x64.ActiveCfg = checked|x64
		{3927F599-A596-3EBF-835E-766613D5FA19}.checked|x64.Build.0 = checked|x64
		{3927F599-A596-3EBF-835E-766613D5FA19}.profile|x64.ActiveCfg = profile|x64
		{3927F599-A596-3EBF-835E-766613D5FA19}.profile|x64.Build.0 = profile|x64
		{3927F599-A596-3EBF-835E-766613D5FA19}.release|x64.ActiveCfg = release|x64
		{3927F599-A596-3EBF-835E-766613D5FA19}.release|x64.Build.0 = release|x64
		{53A3A3AB-C367-3E3F-BC1D-5D8846A6C020}.debug|x64.ActiveCfg = debug|x64
		{53A3A3AB-C367-3E3F-BC1D-5D8846A6C020}.debug|x64.Build.0 = debug|x64
		{53A3A3AB-C367-3E3F-BC1D-5D8846A6C020}.checked|x64.ActiveCfg = checked|x64
		{53A3A3AB-C367-3E3F-BC1D-5D8846A6C020}.checked|x64.Build.0 = checked|x64
		{53A3A3AB-C367-3E3F-BC1D-5D8846A6C020}.profile|x64.ActiveCfg = profile|x64
		{53A3A3AB-C367-3E3F-BC1D-5D8846A6C020}.profile|x64.Build.0 = profile|x64
		{53A3A3AB-C367-3E3F-BC1D-5D8846A6C020}.release|x64.ActiveCfg = release|x64
		{53A3A3AB-C367-3E3F-BC1D-5D8846A6C020}.release|x64.Build.0 = release|x64
		{DF3AE37F-3ADB-3AB4-A7FD-6B0D141B35EB}.debug|x64.ActiveCfg = debug|x64
		{DF3AE37F-3ADB-3AB4-A7FD-6B0D141B35EB}.debug|x64.Build.0 = debug|x64
		{DF3AE37F-3ADB-3AB4-A7FD-6B0D141B35EB}.checked|x64.ActiveCfg = checked|x64
		{DF3AE37F-3ADB-3AB4-A7FD-6B0D141B35EB}.checked|x64.Build.0 = checked|x64
		{DF3AE37F-3ADB-3AB4-A7FD-6B0D141B35EB}.profile|x64.ActiveCfg = profile|x64
		{DF3AE37F-3ADB-3AB4-A7FD-6B0D141B35EB}.profile|x64.Build.0 = profile|x64
		{DF3AE37F-3ADB-3AB4-A7FD-6B0D141B35EB}.release|x64.ActiveCfg = release|x64
		{DF3AE37F-3ADB-3AB4-A7FD-6B0D141B35EB}.release|x64.Build.0 = release|x64
		{84D8E58E-3ACC-343B-8D9F-19D20C84CFC6}.debug|x64.ActiveCfg = debug|x64
		{84D8E58E-3ACC-343B-8D9F-19D20C84CFC6}.debug|x64.Build.0 = debug|x64
		{84D8E58E-3ACC-343B-8D9F-19D20C84CFC6}.checked|x64.ActiveCfg = checked|x64
		{84D8E58E-3ACC-343B-8D9F-19D20C84CFC6}.checked|x64.Build.0 = checked|x64
		{84D8E58E-3ACC-343B-8D9F-19D20C84CFC6}.profile|x64.ActiveCfg = profile|x64
		{84D8E58E-3ACC-343B-8D9F-19D20C84CFC6}.profile|x64.Build.0 = profile|x64
		{84D8E58E-3ACC-343B-8D9F-19D20C84CFC6}.release|x64.ActiveCfg = release|x64
		{84D8E58E-3ACC-343B-8D9F-19D20C84CFC6}.release|x64.Build.0 = release|x64
		{D917BD1D-B816-36E9-8D2B-C04353FE511E}.debug|x64.ActiveCfg = debug|x64
		{D917BD1D-B816-36E9-8D2B-C04353FE511E}.debug|x64.Build.0 = debug|x64
		{D917BD1D-B816-36E9-8D2B-C04353FE511E}.checked|x64.ActiveCfg = checked|x64
		{D917BD1D-B816-36E9-8D2B-C04353FE511E}.checked|x64.Build.0 = checked|x64
		{D917BD1D-B816-36E9-8D2B-C04353FE511E}.profile|x64.ActiveCfg = profile|x64
		{D917BD1D-B816-36E9-8D2B-C04353FE511E}.profile|x64.Build.0 = profile|x64
		{D917BD1D-B816-36E9-8D2B-C04353FE511E}.release|x64.ActiveCfg = release|x64
		{D917BD1D-B816-36E9-8D2B-C04353FE511E}.release|x64.Build.0 = release|x64
		{2C32EF16-0A74-30D7-AF53-AB2ECF0147BA}.debug|x64.ActiveCfg = debug|x64
		{2C32EF16-0A74-30D7-AF53-AB2ECF0147BA}.debug|x64.Build.0 = debug|x64
		{2C32EF16-0A74-30D7-AF53-AB2ECF0147BA}.checked|x64.ActiveCfg = checked|x64
		{2C32EF16-0A74-30D7-AF53-AB2ECF0147BA}.checked|x64.Build.0 = checked|x64
		{2C32EF16-0A74-30D7-AF53-AB2ECF0147BA}.profile|x64.ActiveCfg = profile|x64
		{2C32EF16-0A74-30D7-AF53-AB2ECF0147BA}.profile|x64.Build.0 = profile|x64
		{2C32EF16-0A74-30D7-AF53-AB2ECF0147BA}.release|x64.ActiveCfg = release|x64
		{2C32EF16-0A74-30D7-AF53-AB2ECF0147BA}.release|x64.Build.0 = release|x64
		{A4678EDE-9335-3948-A0D7-D67FDECAE282}.debug|x64.ActiveCfg = debug|x64
		{A4678EDE-9335-3948-A0D7-D67FDECAE282}.debug|x64.Build.0 = debug|x64
		{A4678EDE-9335-3948-A0D7-D67FDECAE282}.checked|x64.ActiveCfg = checked|x64
		{A4678EDE-9335-3948-A0D7-D67FDECAE282}.checked|x64.Build.0 = checked|x64
		{A4678EDE-9335-3948-A0D7-D67FDECAE282}.profile|x64.ActiveCfg = profile|x64
		{A4678EDE-9335-3948-A0D7-D67FDECAE282}.profile|x64.Build.0 = profile|x64
		{A4678EDE-9335-3948-A0D7-D67FDECAE282}.release|x64.ActiveCfg = release|x64
		{A4678EDE-9335-3948-A0D7-D67FDECAE282}.release|x64.Build.0 = release|x64
		{038DD3C8-02B6-39C0-B440-9C99DD20A261}.debug|x64.ActiveCfg = debug|x64
		{038DD3C8-02B6-39C0-B440-9C99DD20A261}.debug|x64.Build.0 = debug|x64
		{038DD3C8-02B6-39C0-B440-9C99DD20A261}.checked|x64.ActiveCfg = checked|x64
		{038DD3C8-02B6-39C0-B440-9C99DD20A261}.checked|x64.Build.0 = checked|x64
		{038DD3C8-02B6-39C0-B440-9C99DD20A261}.profile|x64.ActiveCfg = profile|x64
		{038DD3C8-02B6-39C0-B440-9C99DD20A261}.profile|x64.Build.0 = profile|x64
		{038DD3C8-02B6-39C0-B440-9C99DD20A261}.release|x64.ActiveCfg = release|x64
		{038DD3C8-02B6-39C0-B440-9C99DD20A261}.release|x64.Build.0 = release|x64
		{C641A462-9D15-3F7F-A519-FAD64F86F331}.debug|x64.ActiveCfg = debug|x64
		{C641A462-9D15-3F7F-A519-FAD64F86F331}.debug|x64.Build.0 = debug|x64
		{C641A462-9D15-3F7F-A519-FAD64F86F331}.checked|x64.ActiveCfg = checked|x64
		{C641A462-9D15-3F7F-A519-FAD64F86F331}.checked|x64.Build.0 = checked|x64
		{C641A462-9D15-3F7F-A519-FAD64F86F331}.profile|x64.ActiveCfg = profile|x64
		{C641A462-9D15-3F7F-A519-FAD64F86F331}.profile|x64.Build.0 = profile|x64
		{C641A462-9D15-3F7F-A519-FAD64F86F331}.release|x64.ActiveCfg = release|x64
		{C641A462-9D15-3F7F-A519-FAD64F86F331}.release|x64.Build.0 = release|x64
		{513257AF-22BF-3467-AE18-0BC531BBF669}.debug|x64.ActiveCfg = debug|x64
		{513257AF-22BF-3467-AE18-0BC531BBF669}.debug|x64.Build.0 = debug|x64
		{513257AF-22BF-3467-AE18-0BC531BBF669}.checked|x64.ActiveCfg = checked|x64
		{513257AF-22BF-3467-AE18-0BC531BBF669}.checked|x64.Build.0 = checked|x64
		{513257AF-22BF-3467-AE18-0BC531BBF669}.profile|x64.ActiveCfg = profile|x64
		{513257AF-22BF-3467-AE18-0BC531BBF669}.profile|x64.Build.0 = profile|x64
		{513257AF-22BF-3467-AE18-0BC531BBF669}.release|x64.ActiveCfg = release|x64
		{513257AF-22BF-3467-AE18-0BC531BBF669}.release|x64.Build.0 = release|x64
		{D5407FED-9F05-3183-A2E1-01F3AD3678E0}.debug|x64.ActiveCfg = debug|x64
		{D5407FED-9F05-3183-A2E1-01F3AD3678E0}.debug|x64.Build.0 = debug|x64
		{D5407FED-9F05-3183-A2E1-01F3AD3678E0}.checked|x64.ActiveCfg = checked|x64
		{D5407FED-9F05-3183-A2E1-01F3AD3678E0}.checked|x64.Build.0 = checked|x64
		{D5407FED-9F05-3183-A2E1-01F3AD3678E0}.profile|x64.ActiveCfg = profile|x64
		{D5407FED-9F05-3183-A2E1-01F3AD3678E0}.profile|x64.Build.0 = profile|x64
		{D5407FED-9F05-3183-A2E1-01F3AD3678E0}.release|x64.ActiveCfg = release|x64
		{D5407FED-9F05-3183-A2E1-01F3AD3678E0}.release|x64.Build.0 = release|x64
	EndGlobalSection
	GlobalSection(NestedProjects) = preSolution
		{38D52447-E586-3772-BCBE-3ACD85115444} = {32AD2FAB-5054-3CEE-BA88-16974E82E96B}
		{FA473795-1DA0-3191-8C1D-E781290B4E09} = {32AD2FAB-5054-3CEE-BA88-16974E82E96B}
		{D5407FED-9F05-3183-A2E1-01F3AD3678E0} = {32AD2FAB-5054-3CEE-BA88-16974E82E96B}
		{A95E34F8-28AF-3F65-BC90-278EBA335608} = {5C38D31C-F461-3C48-A4CE-6A89E1712C23}
		{9185AC6B-7613-3588-8B01-3859E3CD2787} = {5C38D31C-F461-3C48-A4CE-6A89E1712C23}
		{C5DCC36B-EB19-31A1-80AE-1934DB8C62E0} = {5C38D31C-F461-3C48-A4CE-6A89E1712C23}
		{6C21B011-E70F-3C94-866A-6AC3A30DBCD8} = {5C38D31C-F461-3C48-A4CE-6A89E1712C23}
		{F2BFD854-81CA-3C8E-90E4-FC38300693DF} = {5C38D31C-F461-3C48-A4CE-6A89E1712C23}
		{3927F599-A596-3EBF-835E-766613D5FA19} = {5C38D31C-F461-3C48-A4CE-6A89E1712C23}
		{53A3A3AB-C367-3E3F-BC1D-5D8846A6C020} = {5C38D31C-F461-3C48-A4CE-6A89E1712C23}
		{DF3AE37F-3ADB-3AB4-A7FD-6B0D141B35EB} = {5C38D31C-F461-3C48-A4CE-6A89E1712C23}
		{84D8E58E-3ACC-343B-8D9F-19D20C84CFC6} = {5C38D31C-F461-3C48-A4CE-6A89E1712C23}
		{D917BD1D-B816-36E9-8D2B-C04353FE511E} = {5C38D31C-F461-3C48-A4CE-6A89E1712C23}
		{2C32EF16-0A74-30D7-AF53-AB2ECF0147BA} = {5C38D31C-F461-3C48-A4CE-6A89E1712C23}
		{A4678EDE-9335-3948-A0D7-D67FDECAE282} = {5C38D31C-F461-3C48-A4CE-6A89E1712C23}
		{038DD3C8-02B6-39C0-B440-9C99DD20A261} = {5C38D31C-F461-3C48-A4CE-6A89E1712C23}
		{C641A462-9D15-3F7F-A519-FAD64F86F331} = {5C38D31C-F461-3C48-A4CE-6A89E1712C23}
		{513257AF-22BF-3467-AE18-0BC531BBF669} = {5C38D31C-F461-3C48-A4CE-6A89E1712C23}
	EndGlobalSection
	GlobalSection(ExtensibilityGlobals) = postSolution
		SolutionGuid = {2E79620E-91F1-3C3A-8B4D-090F87019A23}
	EndGlobalSection
	GlobalSection(ExtensibilityAddIns) = postSolution
	EndGlobalSection
EndGlobal
