<?xml version="1.0" encoding="utf-8"?>
<Project ToolsVersion="16.0" xmlns="http://schemas.microsoft.com/developer/msbuild/2003">
  <ItemGroup>
    <ClCompile Include="C:\Users\austi\source\repos\PixelExplorer\PhysX\physx\samples\samplebridges\SampleBridges.cpp">
      <Filter>SampleBridges</Filter>
    </ClCompile>
    <ClCompile Include="C:\Users\austi\source\repos\PixelExplorer\PhysX\physx\samples\samplebridges\SampleBridgesCCT.cpp">
      <Filter>SampleBridges</Filter>
    </ClCompile>
    <ClCompile Include="C:\Users\austi\source\repos\PixelExplorer\PhysX\physx\samples\samplecustomgravity\Planet.cpp">
      <Filter>SampleCustomGravity</Filter>
    </ClCompile>
    <ClCompile Include="C:\Users\austi\source\repos\PixelExplorer\PhysX\physx\samples\samplecustomgravity\SampleCustomGravity.cpp">
      <Filter>SampleCustomGravity</Filter>
    </ClCompile>
    <ClCompile Include="C:\Users\austi\source\repos\PixelExplorer\PhysX\physx\samples\samplecustomgravity\SampleCustomGravity_CCT.cpp">
      <Filter>SampleCustomGravity</Filter>
    </ClCompile>
    <ClCompile Include="C:\Users\austi\source\repos\PixelExplorer\PhysX\physx\samples\samplecustomgravity\SampleCustomGravityBuilder.cpp">
      <Filter>SampleCustomGravity</Filter>
    </ClCompile>
    <ClCompile Include="C:\Users\austi\source\repos\PixelExplorer\PhysX\physx\samples\samplecustomgravity\SampleCustomGravityCameraController.cpp">
      <Filter>SampleCustomGravity</Filter>
    </ClCompile>
    <ClCompile Include="C:\Users\austi\source\repos\PixelExplorer\PhysX\physx\samples\samplecustomgravity\SampleCustomGravityFilterShader.cpp">
      <Filter>SampleCustomGravity</Filter>
    </ClCompile>
    <ClCompile Include="C:\Users\austi\source\repos\PixelExplorer\PhysX\physx\samples\samplehelloworld\SampleHelloWorld.cpp">
      <Filter>SampleHelloWorld</Filter>
    </ClCompile>
    <ClCompile Include="C:\Users\austi\source\repos\PixelExplorer\PhysX\physx\samples\samplelargeworld\ChunkLoader.cpp">
      <Filter>SampleLargeWorld</Filter>
    </ClCompile>
    <ClCompile Include="C:\Users\austi\source\repos\PixelExplorer\PhysX\physx\samples\samplelargeworld\MeshBuilder.cpp">
      <Filter>SampleLargeWorld</Filter>
    </ClCompile>
    <ClCompile Include="C:\Users\austi\source\repos\PixelExplorer\PhysX\physx\samples\samplelargeworld\SampleLargeWorld.cpp">
      <Filter>SampleLargeWorld</Filter>
    </ClCompile>
    <ClCompile Include="C:\Users\austi\source\repos\PixelExplorer\PhysX\physx\samples\samplelargeworld\SampleLargeWorldCCT.cpp">
      <Filter>SampleLargeWorld</Filter>
    </ClCompile>
    <ClCompile Include="C:\Users\austi\source\repos\PixelExplorer\PhysX\physx\samples\samplenorthpole\SampleNorthPole.cpp">
      <Filter>SampleNorthPole</Filter>
    </ClCompile>
    <ClCompile Include="C:\Users\austi\source\repos\PixelExplorer\PhysX\physx\samples\samplenorthpole\SampleNorthPoleBuilder.cpp">
      <Filter>SampleNorthPole</Filter>
    </ClCompile>
    <ClCompile Include="C:\Users\austi\source\repos\PixelExplorer\PhysX\physx\samples\samplenorthpole\SampleNorthPoleCameraController.cpp">
      <Filter>SampleNorthPole</Filter>
    </ClCompile>
    <ClCompile Include="C:\Users\austi\source\repos\PixelExplorer\PhysX\physx\samples\samplenorthpole\SampleNorthPoleCCT.cpp">
      <Filter>SampleNorthPole</Filter>
    </ClCompile>
    <ClCompile Include="C:\Users\austi\source\repos\PixelExplorer\PhysX\physx\samples\samplenorthpole\SampleNorthPoleDynamics.cpp">
      <Filter>SampleNorthPole</Filter>
    </ClCompile>
    <ClCompile Include="C:\Users\austi\source\repos\PixelExplorer\PhysX\physx\samples\samplenorthpole\SampleNorthPoleFilterShader.cpp">
      <Filter>SampleNorthPole</Filter>
    </ClCompile>
    <ClCompile Include="C:\Users\austi\source\repos\PixelExplorer\PhysX\physx\samples\samplesubmarine\Crab.cpp">
      <Filter>SampleSubmarine</Filter>
    </ClCompile>
    <ClCompile Include="C:\Users\austi\source\repos\PixelExplorer\PhysX\physx\samples\samplesubmarine\SampleSubmarine.cpp">
      <Filter>SampleSubmarine</Filter>
    </ClCompile>
    <ClCompile Include="C:\Users\austi\source\repos\PixelExplorer\PhysX\physx\samples\samplevehicle\SampleVehicle.cpp">
      <Filter>SampleVehicle</Filter>
    </ClCompile>
    <ClCompile Include="C:\Users\austi\source\repos\PixelExplorer\PhysX\physx\samples\samplevehicle\SampleVehicleDebugRender.cpp">
      <Filter>SampleVehicle</Filter>
    </ClCompile>
    <ClCompile Include="C:\Users\austi\source\repos\PixelExplorer\PhysX\physx\samples\samplevehicle\SampleVehicleTerrain.cpp">
      <Filter>SampleVehicle</Filter>
    </ClCompile>
    <ClCompile Include="C:\Users\austi\source\repos\PixelExplorer\PhysX\physx\samples\samplevehicle\SampleVehicle_CameraController.cpp">
      <Filter>SampleVehicle</Filter>
    </ClCompile>
    <ClCompile Include="C:\Users\austi\source\repos\PixelExplorer\PhysX\physx\samples\samplevehicle\SampleVehicle_ControlInputs.cpp">
      <Filter>SampleVehicle</Filter>
    </ClCompile>
    <ClCompile Include="C:\Users\austi\source\repos\PixelExplorer\PhysX\physx\samples\samplevehicle\SampleVehicle_GameLogic.cpp">
      <Filter>SampleVehicle</Filter>
    </ClCompile>
    <ClCompile Include="C:\Users\austi\source\repos\PixelExplorer\PhysX\physx\samples\samplevehicle\SampleVehicle_SceneQuery.cpp">
      <Filter>SampleVehicle</Filter>
    </ClCompile>
    <ClCompile Include="C:\Users\austi\source\repos\PixelExplorer\PhysX\physx\samples\samplevehicle\SampleVehicle_VehicleController.cpp">
      <Filter>SampleVehicle</Filter>
    </ClCompile>
    <ClCompile Include="C:\Users\austi\source\repos\PixelExplorer\PhysX\physx\samples\samplevehicle\SampleVehicle_VehicleCooking.cpp">
      <Filter>SampleVehicle</Filter>
    </ClCompile>
    <ClCompile Include="C:\Users\austi\source\repos\PixelExplorer\PhysX\physx\samples\samplevehicle\SampleVehicle_VehicleManager.cpp">
      <Filter>SampleVehicle</Filter>
    </ClCompile>
    <ClCompile Include="C:\Users\austi\source\repos\PixelExplorer\PhysX\physx\samples\samplevehicle\SampleVehicle_WheelQueryResults.cpp">
      <Filter>SampleVehicle</Filter>
    </ClCompile>
    <ClCompile Include="C:\Users\austi\source\repos\PixelExplorer\PhysX\physx\samples\samplecctsharedcode\KinematicPlatform.cpp">
      <Filter>CCTShared</Filter>
    </ClCompile>
    <ClCompile Include="C:\Users\austi\source\repos\PixelExplorer\PhysX\physx\samples\samplecctsharedcode\SampleCCTActor.cpp">
      <Filter>CCTShared</Filter>
    </ClCompile>
    <ClCompile Include="C:\Users\austi\source\repos\PixelExplorer\PhysX\physx\samples\samplecctsharedcode\SampleCCTCameraController.cpp">
      <Filter>CCTShared</Filter>
    </ClCompile>
    <ClCompile Include="C:\Users\austi\source\repos\PixelExplorer\PhysX\physx\samples\samplecctsharedcode\SampleCCTJump.cpp">
      <Filter>CCTShared</Filter>
    </ClCompile>
  </ItemGroup>
  <ItemGroup>
    <ClInclude Include="C:\Users\austi\source\repos\PixelExplorer\PhysX\physx\samples\samplebridges\SampleBridges.h">
      <Filter>SampleBridges</Filter>
    </ClInclude>
    <ClInclude Include="C:\Users\austi\source\repos\PixelExplorer\PhysX\physx\samples\samplebridges\SampleBridgesInputEventIds.h">
      <Filter>SampleBridges</Filter>
    </ClInclude>
    <ClInclude Include="C:\Users\austi\source\repos\PixelExplorer\PhysX\physx\samples\samplebridges\SampleBridgesSettings.h">
      <Filter>SampleBridges</Filter>
    </ClInclude>
    <ClInclude Include="C:\Users\austi\source\repos\PixelExplorer\PhysX\physx\samples\samplecustomgravity\Planet.h">
      <Filter>SampleCustomGravity</Filter>
    </ClInclude>
    <ClInclude Include="C:\Users\austi\source\repos\PixelExplorer\PhysX\physx\samples\samplecustomgravity\SampleCustomGravity.h">
      <Filter>SampleCustomGravity</Filter>
    </ClInclude>
    <ClInclude Include="C:\Users\austi\source\repos\PixelExplorer\PhysX\physx\samples\samplecustomgravity\SampleCustomGravityCameraController.h">
      <Filter>SampleCustomGravity</Filter>
    </ClInclude>
    <ClInclude Include="C:\Users\austi\source\repos\PixelExplorer\PhysX\physx\samples\samplecustomgravity\SampleCustomGravityInputEventIds.h">
      <Filter>SampleCustomGravity</Filter>
    </ClInclude>
    <ClInclude Include="C:\Users\austi\source\repos\PixelExplorer\PhysX\physx\samples\samplehelloworld\SampleHelloWorld.h">
      <Filter>SampleHelloWorld</Filter>
    </ClInclude>
    <ClInclude Include="C:\Users\austi\source\repos\PixelExplorer\PhysX\physx\samples\samplelargeworld\ChunkLoader.h">
      <Filter>SampleLargeWorld</Filter>
    </ClInclude>
    <ClInclude Include="C:\Users\austi\source\repos\PixelExplorer\PhysX\physx\samples\samplelargeworld\MeshBuilder.h">
      <Filter>SampleLargeWorld</Filter>
    </ClInclude>
    <ClInclude Include="C:\Users\austi\source\repos\PixelExplorer\PhysX\physx\samples\samplelargeworld\SampleLargeWorld.h">
      <Filter>SampleLargeWorld</Filter>
    </ClInclude>
    <ClInclude Include="C:\Users\austi\source\repos\PixelExplorer\PhysX\physx\samples\samplelargeworld\SampleLargeWorldInputEventIds.h">
      <Filter>SampleLargeWorld</Filter>
    </ClInclude>
    <ClInclude Include="C:\Users\austi\source\repos\PixelExplorer\PhysX\physx\samples\samplenorthpole\SampleNorthPole.h">
      <Filter>SampleNorthPole</Filter>
    </ClInclude>
    <ClInclude Include="C:\Users\austi\source\repos\PixelExplorer\PhysX\physx\samples\samplenorthpole\SampleNorthPoleCameraController.h">
      <Filter>SampleNorthPole</Filter>
    </ClInclude>
    <ClInclude Include="C:\Users\austi\source\repos\PixelExplorer\PhysX\physx\samples\samplenorthpole\SampleNorthPoleInputEventIds.h">
      <Filter>SampleNorthPole</Filter>
    </ClInclude>
    <ClInclude Include="C:\Users\austi\source\repos\PixelExplorer\PhysX\physx\samples\samplesubmarine\Crab.h">
      <Filter>SampleSubmarine</Filter>
    </ClInclude>
    <ClInclude Include="C:\Users\austi\source\repos\PixelExplorer\PhysX\physx\samples\samplesubmarine\SampleSubmarine.h">
      <Filter>SampleSubmarine</Filter>
    </ClInclude>
    <ClInclude Include="C:\Users\austi\source\repos\PixelExplorer\PhysX\physx\samples\samplesubmarine\SampleSubmarineInputEventIds.h">
      <Filter>SampleSubmarine</Filter>
    </ClInclude>
    <ClInclude Include="C:\Users\austi\source\repos\PixelExplorer\PhysX\physx\samples\samplesubmarine\SubmarineCameraController.h">
      <Filter>SampleSubmarine</Filter>
    </ClInclude>
    <ClInclude Include="C:\Users\austi\source\repos\PixelExplorer\PhysX\physx\samples\samplevehicle\SampleVehicle.h">
      <Filter>SampleVehicle</Filter>
    </ClInclude>
    <ClInclude Include="C:\Users\austi\source\repos\PixelExplorer\PhysX\physx\samples\samplevehicle\SampleVehicleInputEventIds.h">
      <Filter>SampleVehicle</Filter>
    </ClInclude>
    <ClInclude Include="C:\Users\austi\source\repos\PixelExplorer\PhysX\physx\samples\samplevehicle\SampleVehicle_CameraController.h">
      <Filter>SampleVehicle</Filter>
    </ClInclude>
    <ClInclude Include="C:\Users\austi\source\repos\PixelExplorer\PhysX\physx\samples\samplevehicle\SampleVehicle_ControlInputs.h">
      <Filter>SampleVehicle</Filter>
    </ClInclude>
    <ClInclude Include="C:\Users\austi\source\repos\PixelExplorer\PhysX\physx\samples\samplevehicle\SampleVehicle_GameLogic.h">
      <Filter>SampleVehicle</Filter>
    </ClInclude>
    <ClInclude Include="C:\Users\austi\source\repos\PixelExplorer\PhysX\physx\samples\samplevehicle\SampleVehicle_SceneQuery.h">
      <Filter>SampleVehicle</Filter>
    </ClInclude>
    <ClInclude Include="C:\Users\austi\source\repos\PixelExplorer\PhysX\physx\samples\samplevehicle\SampleVehicle_VehicleController.h">
      <Filter>SampleVehicle</Filter>
    </ClInclude>
    <ClInclude Include="C:\Users\austi\source\repos\PixelExplorer\PhysX\physx\samples\samplevehicle\SampleVehicle_VehicleCooking.h">
      <Filter>SampleVehicle</Filter>
    </ClInclude>
    <ClInclude Include="C:\Users\austi\source\repos\PixelExplorer\PhysX\physx\samples\samplevehicle\SampleVehicle_VehicleManager.h">
      <Filter>SampleVehicle</Filter>
    </ClInclude>
    <ClInclude Include="C:\Users\austi\source\repos\PixelExplorer\PhysX\physx\samples\samplevehicle\SampleVehicle_WheelQueryResults.h">
      <Filter>SampleVehicle</Filter>
    </ClInclude>
    <ClInclude Include="C:\Users\austi\source\repos\PixelExplorer\PhysX\physx\samples\samplecctsharedcode\KinematicPlatform.h">
      <Filter>CCTShared</Filter>
    </ClInclude>
    <ClInclude Include="C:\Users\austi\source\repos\PixelExplorer\PhysX\physx\samples\samplecctsharedcode\SampleCCTActor.h">
      <Filter>CCTShared</Filter>
    </ClInclude>
    <ClInclude Include="C:\Users\austi\source\repos\PixelExplorer\PhysX\physx\samples\samplecctsharedcode\SampleCCTCameraController.h">
      <Filter>CCTShared</Filter>
    </ClInclude>
    <ClInclude Include="C:\Users\austi\source\repos\PixelExplorer\PhysX\physx\samples\samplecctsharedcode\SampleCCTJump.h">
      <Filter>CCTShared</Filter>
    </ClInclude>
  </ItemGroup>
  <ItemGroup>
    <CustomBuild Include="C:\Users\austi\source\repos\PixelExplorer\PhysX\physx\samples\compiler\cmake\CMakeLists.txt" />
  </ItemGroup>
  <ItemGroup>
    <Filter Include="CCTShared">
      <UniqueIdentifier>{F5D8F885-27B9-3405-8413-52FE4EED54FF}</UniqueIdentifier>
    </Filter>
    <Filter Include="SampleBridges">
      <UniqueIdentifier>{C10C7D70-3697-3423-AE59-B185297A0E5E}</UniqueIdentifier>
    </Filter>
    <Filter Include="SampleCustomGravity">
      <UniqueIdentifier>{BEC376E5-C546-3A60-8690-2C283F980AFD}</UniqueIdentifier>
    </Filter>
    <Filter Include="SampleHelloWorld">
      <UniqueIdentifier>{526BADAB-6265-3C47-808A-08B77089BC46}</UniqueIdentifier>
    </Filter>
    <Filter Include="SampleLargeWorld">
      <UniqueIdentifier>{ABBF736F-BDEE-3BD7-A141-DF9A12A4FE53}</UniqueIdentifier>
    </Filter>
    <Filter Include="SampleNorthPole">
      <UniqueIdentifier>{BA436DB0-D56C-3F56-BBCE-BC5913069664}</UniqueIdentifier>
    </Filter>
    <Filter Include="SampleSubmarine">
      <UniqueIdentifier>{FBF386E9-5EEB-347F-894D-D8F89C662E21}</UniqueIdentifier>
    </Filter>
    <Filter Include="SampleVehicle">
      <UniqueIdentifier>{BD3B2CD7-4621-39F7-BC63-B8FD7CBB9D11}</UniqueIdentifier>
    </Filter>
  </ItemGroup>
</Project>
