<?xml version="1.0" encoding="utf-8"?>
<Project ToolsVersion="16.0" xmlns="http://schemas.microsoft.com/developer/msbuild/2003">
  <ItemGroup>
    <CustomBuild Include="C:\Users\austi\source\repos\PixelExplorer\PhysX\physx\compiler\vc16win64\CMakeFiles\da28271e1410d886611f1e863aae6dac\generate.stamp.rule">
      <Filter>CMake Rules</Filter>
    </CustomBuild>
  </ItemGroup>
  <ItemGroup>
    <Filter Include="CMake Rules">
      <UniqueIdentifier>{988E093F-5F07-322C-AAD2-345966736A51}</UniqueIdentifier>
    </Filter>
  </ItemGroup>
</Project>
