<?xml version="1.0" encoding="utf-8"?>
<Project ToolsVersion="4.0" xmlns="http://schemas.microsoft.com/developer/msbuild/2003">
  <ItemGroup>
    <Filter Include="Source Files">
      <UniqueIdentifier>{4FC737F1-C7A5-4376-A066-2A32D752A2FF}</UniqueIdentifier>
      <Extensions>cpp;c;cc;cxx;c++;cppm;ixx;def;odl;idl;hpj;bat;asm;asmx</Extensions>
    </Filter>
    <Filter Include="Header Files">
      <UniqueIdentifier>{93995380-89BD-4b04-88EB-625FBE52EBFB}</UniqueIdentifier>
      <Extensions>h;hh;hpp;hxx;h++;hm;inl;inc;ipp;xsd</Extensions>
    </Filter>
    <Filter Include="Resource Files">
      <UniqueIdentifier>{67DA6AB6-F800-4c08-8B7A-83BB121AAD01}</UniqueIdentifier>
      <Extensions>rc;ico;cur;bmp;dlg;rc2;rct;bin;rgs;gif;jpg;jpeg;jpe;resx;tiff;tif;png;wav;mfcribbon-ms</Extensions>
    </Filter>
  </ItemGroup>
  <ItemGroup>
    <ClCompile Include="src\nonpublic\NpEngine.cpp">
      <Filter>Source Files</Filter>
    </ClCompile>
    <ClCompile Include="src\PxeLogger.cpp">
      <Filter>Source Files</Filter>
    </ClCompile>
    <ClCompile Include="src\PxeGLAsset.cpp">
      <Filter>Source Files</Filter>
    </ClCompile>
    <ClCompile Include="src\PxeRefCount.cpp">
      <Filter>Source Files</Filter>
    </ClCompile>
    <ClCompile Include="src\nonpublic\NpWindow.cpp">
      <Filter>Source Files</Filter>
    </ClCompile>
    <ClCompile Include="src\nonpublic\NpScene.cpp">
      <Filter>Source Files</Filter>
    </ClCompile>
    <ClCompile Include="src\PxeIndexBuffer.cpp">
      <Filter>Source Files</Filter>
    </ClCompile>
    <ClCompile Include="src\PxeBuffer.cpp">
      <Filter>Source Files</Filter>
    </ClCompile>
    <ClCompile Include="src\PxeVertexBuffer.cpp">
      <Filter>Source Files</Filter>
    </ClCompile>
    <ClCompile Include="src\PxeVertexArray.cpp">
      <Filter>Source Files</Filter>
    </ClCompile>
    <ClCompile Include="src\nonpublic\NpShader.cpp">
      <Filter>Source Files</Filter>
    </ClCompile>
    <ClCompile Include="src\PxeFSHelpers.cpp">
      <Filter>Source Files</Filter>
    </ClCompile>
    <ClCompile Include="src\PxeRenderMaterial.cpp">
      <Filter>Source Files</Filter>
    </ClCompile>
    <ClCompile Include="src\stb_image.cpp">
      <Filter>Source Files</Filter>
    </ClCompile>
    <ClCompile Include="src\PxeTexture.cpp">
      <Filter>Source Files</Filter>
    </ClCompile>
    <ClCompile Include="src\imgui\backends\imgui_impl_opengl3.cpp">
      <Filter>Source Files</Filter>
    </ClCompile>
    <ClCompile Include="src\imgui\backends\imgui_impl_sdl.cpp">
      <Filter>Source Files</Filter>
    </ClCompile>
    <ClCompile Include="src\imgui\imgui.cpp">
      <Filter>Source Files</Filter>
    </ClCompile>
    <ClCompile Include="src\imgui\imgui_draw.cpp">
      <Filter>Source Files</Filter>
    </ClCompile>
    <ClCompile Include="src\imgui\imgui_tables.cpp">
      <Filter>Source Files</Filter>
    </ClCompile>
    <ClCompile Include="src\imgui\imgui_widgets.cpp">
      <Filter>Source Files</Filter>
    </ClCompile>
    <ClCompile Include="src\PxeEngine.cpp">
      <Filter>Source Files</Filter>
    </ClCompile>
    <ClCompile Include="src\imgui\imgui_demo.cpp">
      <Filter>Source Files</Filter>
    </ClCompile>
    <ClCompile Include="src\PxeRenderTexture.cpp">
      <Filter>Source Files</Filter>
    </ClCompile>
    <ClCompile Include="src\nonpublic\NpInputManager.cpp">
      <Filter>Source Files</Filter>
    </ClCompile>
    <ClCompile Include="src\nonpublic\NpAction.cpp">
      <Filter>Source Files</Filter>
    </ClCompile>
    <ClCompile Include="src\nonpublic\NpActionSource.cpp">
      <Filter>Source Files</Filter>
    </ClCompile>
    <ClCompile Include="src\PxeDefaultCamera.cpp">
      <Filter>Source Files</Filter>
    </ClCompile>
    <ClCompile Include="src\nonpublic\NpFont.cpp">
      <Filter>Source Files</Filter>
    </ClCompile>
    <ClCompile Include="src\nonpublic\NpFontManager.cpp">
      <Filter>Source Files</Filter>
    </ClCompile>
    <ClCompile Include="src\nonpublic\NpFontSource.cpp">
      <Filter>Source Files</Filter>
    </ClCompile>
  </ItemGroup>
  <ItemGroup>
    <ClInclude Include="include\PxeEngine.h">
      <Filter>Header Files</Filter>
    </ClInclude>
    <ClInclude Include="include\PxeRefCount.h">
      <Filter>Header Files</Filter>
    </ClInclude>
    <ClInclude Include="include\PxeGLAsset.h">
      <Filter>Header Files</Filter>
    </ClInclude>
    <ClInclude Include="include\Logger.h">
      <Filter>Header Files</Filter>
    </ClInclude>
    <ClInclude Include="src\nonpublic\NpEngine.h">
      <Filter>Header Files</Filter>
    </ClInclude>
    <ClInclude Include="include\PxeLogger.h">
      <Filter>Header Files</Filter>
    </ClInclude>
    <ClInclude Include="src\NpLogger.h">
      <Filter>Header Files</Filter>
    </ClInclude>
    <ClInclude Include="include\PxeWindow.h">
      <Filter>Header Files</Filter>
    </ClInclude>
    <ClInclude Include="src\nonpublic\NpWindow.h">
      <Filter>Header Files</Filter>
    </ClInclude>
    <ClInclude Include="include\PxeScene.h">
      <Filter>Header Files</Filter>
    </ClInclude>
    <ClInclude Include="src\nonpublic\NpScene.h">
      <Filter>Header Files</Filter>
    </ClInclude>
    <ClInclude Include="include\PxeShader.h">
      <Filter>Header Files</Filter>
    </ClInclude>
    <ClInclude Include="include\PxeIndexBuffer.h">
      <Filter>Header Files</Filter>
    </ClInclude>
    <ClInclude Include="include\PxeBuffer.h">
      <Filter>Header Files</Filter>
    </ClInclude>
    <ClInclude Include="include\PxeVertexBuffer.h">
      <Filter>Header Files</Filter>
    </ClInclude>
    <ClInclude Include="include\PxeVertexBufferFormat.h">
      <Filter>Header Files</Filter>
    </ClInclude>
    <ClInclude Include="include\PxeVertexBufferAttrib.h">
      <Filter>Header Files</Filter>
    </ClInclude>
    <ClInclude Include="include\PxeVertexArray.h">
      <Filter>Header Files</Filter>
    </ClInclude>
    <ClInclude Include="src\nonpublic\NpLogger.h">
      <Filter>Header Files</Filter>
    </ClInclude>
    <ClInclude Include="src\nonpublic\NpShader.h">
      <Filter>Header Files</Filter>
    </ClInclude>
    <ClInclude Include="include\PxeFSHelpers.h">
      <Filter>Header Files</Filter>
    </ClInclude>
    <ClInclude Include="include\PxeRenderBase.h">
      <Filter>Header Files</Filter>
    </ClInclude>
    <ClInclude Include="include\PxeRenderObject.h">
      <Filter>Header Files</Filter>
    </ClInclude>
    <ClInclude Include="include\PxeRenderElement.h">
      <Filter>Header Files</Filter>
    </ClInclude>
    <ClInclude Include="include\PxeRenderMaterial.h">
      <Filter>Header Files</Filter>
    </ClInclude>
    <ClInclude Include="include\PxeTexture.h">
      <Filter>Header Files</Filter>
    </ClInclude>
    <ClInclude Include="src\imgui\backends\imgui_impl_opengl3.h">
      <Filter>Header Files</Filter>
    </ClInclude>
    <ClInclude Include="src\imgui\backends\imgui_impl_sdl.h">
      <Filter>Header Files</Filter>
    </ClInclude>
    <ClInclude Include="src\imgui\imgui.h">
      <Filter>Header Files</Filter>
    </ClInclude>
    <ClInclude Include="src\imgui\imconfig.h">
      <Filter>Header Files</Filter>
    </ClInclude>
    <ClInclude Include="src\imgui\imgui_internal.h">
      <Filter>Header Files</Filter>
    </ClInclude>
    <ClInclude Include="src\imgui\imstb_rectpack.h">
      <Filter>Header Files</Filter>
    </ClInclude>
    <ClInclude Include="src\imgui\imstb_textedit.h">
      <Filter>Header Files</Filter>
    </ClInclude>
    <ClInclude Include="src\imgui\imstb_truetype.h">
      <Filter>Header Files</Filter>
    </ClInclude>
    <ClInclude Include="include\PxeApplicationInterface.h">
      <Filter>Header Files</Filter>
    </ClInclude>
    <ClInclude Include="include\PxeEngineAPI.h">
      <Filter>Header Files</Filter>
    </ClInclude>
    <ClInclude Include="include\PxeTypes.h">
      <Filter>Header Files</Filter>
    </ClInclude>
    <ClInclude Include="include\PxeRingBuffer.h">
      <Filter>Header Files</Filter>
    </ClInclude>
    <ClInclude Include="src\imgui\backends\imgui_impl_opengl3_loader.h">
      <Filter>Header Files</Filter>
    </ClInclude>
    <ClInclude Include="include\PxeRenderTexture.h">
      <Filter>Header Files</Filter>
    </ClInclude>
    <ClInclude Include="include\PxeInputManager.h">
      <Filter>Header Files</Filter>
    </ClInclude>
    <ClInclude Include="include\PxeAction.h">
      <Filter>Header Files</Filter>
    </ClInclude>
    <ClInclude Include="include\PxeActionSource.h">
      <Filter>Header Files</Filter>
    </ClInclude>
    <ClInclude Include="src\nonpublic\NpInputManager.h">
      <Filter>Header Files</Filter>
    </ClInclude>
    <ClInclude Include="src\nonpublic\NpAction.h">
      <Filter>Header Files</Filter>
    </ClInclude>
    <ClInclude Include="src\nonpublic\NpActionSource.h">
      <Filter>Header Files</Filter>
    </ClInclude>
    <ClInclude Include="include\PxeCamera.h">
      <Filter>Header Files</Filter>
    </ClInclude>
    <ClInclude Include="include\PxeDefaultCamera.h">
      <Filter>Header Files</Filter>
    </ClInclude>
    <ClInclude Include="include\PxeStaticPhysicsRenderObject.h">
      <Filter>Header Files</Filter>
    </ClInclude>
    <ClInclude Include="include\PxeFontManager.h">
      <Filter>Header Files</Filter>
    </ClInclude>
    <ClInclude Include="include\PxeFont.h">
      <Filter>Header Files</Filter>
    </ClInclude>
    <ClInclude Include="src\nonpublic\NpFont.h">
      <Filter>Header Files</Filter>
    </ClInclude>
    <ClInclude Include="src\nonpublic\NpFontManager.h">
      <Filter>Header Files</Filter>
    </ClInclude>
    <ClInclude Include="src\nonpublic\NpFontSource.h">
      <Filter>Header Files</Filter>
    </ClInclude>
    <ClInclude Include="include\PxeDynamicPhysicsRenderObject.h">
      <Filter>Header Files</Filter>
    </ClInclude>
  </ItemGroup>
</Project>