<?xml version="1.0" encoding="utf-8"?>
<Project ToolsVersion="4.0" xmlns="http://schemas.microsoft.com/developer/msbuild/2003">
  <ItemGroup>
    <Filter Include="Source Files">
      <UniqueIdentifier>{4FC737F1-C7A5-4376-A066-2A32D752A2FF}</UniqueIdentifier>
      <Extensions>cpp;c;cc;cxx;c++;cppm;ixx;def;odl;idl;hpj;bat;asm;asmx</Extensions>
    </Filter>
    <Filter Include="Header Files">
      <UniqueIdentifier>{93995380-89BD-4b04-88EB-625FBE52EBFB}</UniqueIdentifier>
      <Extensions>h;hh;hpp;hxx;h++;hm;inl;inc;ipp;xsd</Extensions>
    </Filter>
    <Filter Include="Resource Files">
      <UniqueIdentifier>{67DA6AB6-F800-4c08-8B7A-83BB121AAD01}</UniqueIdentifier>
      <Extensions>rc;ico;cur;bmp;dlg;rc2;rct;bin;rgs;gif;jpg;jpeg;jpe;resx;tiff;tif;png;wav;mfcribbon-ms</Extensions>
    </Filter>
  </ItemGroup>
  <ItemGroup>
    <ClCompile Include="src\PxeLogger.cpp">
      <Filter>Source Files</Filter>
    </ClCompile>
    <ClCompile Include="src\PxeGLAsset.cpp">
      <Filter>Source Files</Filter>
    </ClCompile>
    <ClCompile Include="src\PxeRefCount.cpp">
      <Filter>Source Files</Filter>
    </ClCompile>
    <ClCompile Include="src\PxeIndexBuffer.cpp">
      <Filter>Source Files</Filter>
    </ClCompile>
    <ClCompile Include="src\PxeVertexBuffer.cpp">
      <Filter>Source Files</Filter>
    </ClCompile>
    <ClCompile Include="src\PxeVertexArray.cpp">
      <Filter>Source Files</Filter>
    </ClCompile>
    <ClCompile Include="src\PxeFSHelpers.cpp">
      <Filter>Source Files</Filter>
    </ClCompile>
    <ClCompile Include="src\stb_image.cpp">
      <Filter>Source Files</Filter>
    </ClCompile>
    <ClCompile Include="src\PxeTexture.cpp">
      <Filter>Source Files</Filter>
    </ClCompile>
    <ClCompile Include="src\imgui\backends\imgui_impl_sdl.cpp">
      <Filter>Source Files</Filter>
    </ClCompile>
    <ClCompile Include="src\imgui\imgui.cpp">
      <Filter>Source Files</Filter>
    </ClCompile>
    <ClCompile Include="src\imgui\imgui_draw.cpp">
      <Filter>Source Files</Filter>
    </ClCompile>
    <ClCompile Include="src\imgui\imgui_tables.cpp">
      <Filter>Source Files</Filter>
    </ClCompile>
    <ClCompile Include="src\imgui\imgui_widgets.cpp">
      <Filter>Source Files</Filter>
    </ClCompile>
    <ClCompile Include="src\PxeEngine.cpp">
      <Filter>Source Files</Filter>
    </ClCompile>
    <ClCompile Include="src\imgui\imgui_demo.cpp">
      <Filter>Source Files</Filter>
    </ClCompile>
    <ClCompile Include="src\PxeRenderTexture.cpp">
      <Filter>Source Files</Filter>
    </ClCompile>
    <ClCompile Include="src\PxeDefaultCamera.cpp">
      <Filter>Source Files</Filter>
    </ClCompile>
    <ClCompile Include="src\PxeOSHelpers.cpp">
      <Filter>Source Files</Filter>
    </ClCompile>
    <ClCompile Include="src\PxeGlShaderProgram.cpp">
      <Filter>Source Files</Filter>
    </ClCompile>
    <ClCompile Include="src\PxeComponent.cpp">
      <Filter>Source Files</Filter>
    </ClCompile>
    <ClCompile Include="src\PxeShader.cpp">
      <Filter>Source Files</Filter>
    </ClCompile>
    <ClCompile Include="src\PxeObject.cpp">
      <Filter>Source Files</Filter>
    </ClCompile>
    <ClCompile Include="src\PxeScene.cpp">
      <Filter>Source Files</Filter>
    </ClCompile>
    <ClCompile Include="src\PxeApplication.cpp">
      <Filter>Source Files</Filter>
    </ClCompile>
    <ClCompile Include="src\PxeWindow.cpp">
      <Filter>Source Files</Filter>
    </ClCompile>
    <ClCompile Include="src\PxeGuiShader.cpp">
      <Filter>Source Files</Filter>
    </ClCompile>
    <ClCompile Include="src\PxeGlImGuiBackend.cpp">
      <Filter>Source Files</Filter>
    </ClCompile>
    <ClCompile Include="src\PxeRenderPipeline.cpp">
      <Filter>Source Files</Filter>
    </ClCompile>
    <ClCompile Include="src\PxeFontFile.cpp">
      <Filter>Source Files</Filter>
    </ClCompile>
    <ClCompile Include="src\PxeFont.cpp">
      <Filter>Source Files</Filter>
    </ClCompile>
    <ClCompile Include="src\PxeInputManager.cpp">
      <Filter>Source Files</Filter>
    </ClCompile>
    <ClCompile Include="src\PxeActionSource.cpp">
      <Filter>Source Files</Filter>
    </ClCompile>
    <ClCompile Include="src\PxeAction.cpp">
      <Filter>Source Files</Filter>
    </ClCompile>
    <ClCompile Include="src\PxeGuiRenderProperties.cpp">
      <Filter>Source Files</Filter>
    </ClCompile>
    <ClCompile Include="src\PxeRenderComponent.cpp">
      <Filter>Source Files</Filter>
    </ClCompile>
    <ClCompile Include="src\PxeUpdateComponent.cpp">
      <Filter>Source Files</Filter>
    </ClCompile>
    <ClCompile Include="src\PxePhysicsComponent.cpp">
      <Filter>Source Files</Filter>
    </ClCompile>
    <ClCompile Include="src\PxeRenderProperties.cpp">
      <Filter>Source Files</Filter>
    </ClCompile>
    <ClCompile Include="src\PxeStaticPhysicsActor.cpp">
      <Filter>Source Files</Filter>
    </ClCompile>
    <ClCompile Include="src\PxeDynamicPhysicsActor.cpp">
      <Filter>Source Files</Filter>
    </ClCompile>
    <ClCompile Include="src\PxePhysicsActor.cpp">
      <Filter>Source Files</Filter>
    </ClCompile>
    <ClCompile Include="src\PxePhysicsShape.cpp">
      <Filter>Source Files</Filter>
    </ClCompile>
    <ClCompile Include="src\PxeGuiComponent.cpp">
      <Filter>Source Files</Filter>
    </ClCompile>
    <ClCompile Include="src\PxeFixedBuffer.cpp">
      <Filter>Source Files</Filter>
    </ClCompile>
  </ItemGroup>
  <ItemGroup>
    <ClInclude Include="public\PxeEngine.h">
      <Filter>Header Files</Filter>
    </ClInclude>
    <ClInclude Include="public\PxeRefCount.h">
      <Filter>Header Files</Filter>
    </ClInclude>
    <ClInclude Include="public\PxeGLAsset.h">
      <Filter>Header Files</Filter>
    </ClInclude>
    <ClInclude Include="include\Logger.h">
      <Filter>Header Files</Filter>
    </ClInclude>
    <ClInclude Include="public\PxeLogger.h">
      <Filter>Header Files</Filter>
    </ClInclude>
    <ClInclude Include="src\NpLogger.h">
      <Filter>Header Files</Filter>
    </ClInclude>
    <ClInclude Include="public\PxeWindow.h">
      <Filter>Header Files</Filter>
    </ClInclude>
    <ClInclude Include="public\PxeScene.h">
      <Filter>Header Files</Filter>
    </ClInclude>
    <ClInclude Include="public\PxeShader.h">
      <Filter>Header Files</Filter>
    </ClInclude>
    <ClInclude Include="public\PxeIndexBuffer.h">
      <Filter>Header Files</Filter>
    </ClInclude>
    <ClInclude Include="public\PxeBuffer.h">
      <Filter>Header Files</Filter>
    </ClInclude>
    <ClInclude Include="public\PxeVertexBuffer.h">
      <Filter>Header Files</Filter>
    </ClInclude>
    <ClInclude Include="public\PxeVertexBufferFormat.h">
      <Filter>Header Files</Filter>
    </ClInclude>
    <ClInclude Include="public\PxeVertexBufferAttrib.h">
      <Filter>Header Files</Filter>
    </ClInclude>
    <ClInclude Include="public\PxeVertexArray.h">
      <Filter>Header Files</Filter>
    </ClInclude>
    <ClInclude Include="public\PxeFSHelpers.h">
      <Filter>Header Files</Filter>
    </ClInclude>
    <ClInclude Include="public\PxeObject.h">
      <Filter>Header Files</Filter>
    </ClInclude>
    <ClInclude Include="public\PxeRenderProperties.h">
      <Filter>Header Files</Filter>
    </ClInclude>
    <ClInclude Include="public\PxeTexture.h">
      <Filter>Header Files</Filter>
    </ClInclude>
    <ClInclude Include="src\imgui\backends\imgui_impl_sdl.h">
      <Filter>Header Files</Filter>
    </ClInclude>
    <ClInclude Include="src\imgui\imgui.h">
      <Filter>Header Files</Filter>
    </ClInclude>
    <ClInclude Include="src\imgui\imconfig.h">
      <Filter>Header Files</Filter>
    </ClInclude>
    <ClInclude Include="src\imgui\imgui_internal.h">
      <Filter>Header Files</Filter>
    </ClInclude>
    <ClInclude Include="src\imgui\imstb_rectpack.h">
      <Filter>Header Files</Filter>
    </ClInclude>
    <ClInclude Include="src\imgui\imstb_textedit.h">
      <Filter>Header Files</Filter>
    </ClInclude>
    <ClInclude Include="src\imgui\imstb_truetype.h">
      <Filter>Header Files</Filter>
    </ClInclude>
    <ClInclude Include="public\PxeApplication.h">
      <Filter>Header Files</Filter>
    </ClInclude>
    <ClInclude Include="public\PxeTypes.h">
      <Filter>Header Files</Filter>
    </ClInclude>
    <ClInclude Include="public\PxeRenderTexture.h">
      <Filter>Header Files</Filter>
    </ClInclude>
    <ClInclude Include="public\PxeInputManager.h">
      <Filter>Header Files</Filter>
    </ClInclude>
    <ClInclude Include="public\PxeAction.h">
      <Filter>Header Files</Filter>
    </ClInclude>
    <ClInclude Include="public\PxeActionSource.h">
      <Filter>Header Files</Filter>
    </ClInclude>
    <ClInclude Include="public\PxeCamera.h">
      <Filter>Header Files</Filter>
    </ClInclude>
    <ClInclude Include="public\PxeDefaultCamera.h">
      <Filter>Header Files</Filter>
    </ClInclude>
    <ClInclude Include="public\PxeFont.h">
      <Filter>Header Files</Filter>
    </ClInclude>
    <ClInclude Include="public\PxeOSHelpers.h">
      <Filter>Header Files</Filter>
    </ClInclude>
    <ClInclude Include="public\PxeGlBindable.h">
      <Filter>Header Files</Filter>
    </ClInclude>
    <ClInclude Include="public\PxeRenderPipeline.h">
      <Filter>Header Files</Filter>
    </ClInclude>
    <ClInclude Include="public\PxeGlShaderProgram.h">
      <Filter>Header Files</Filter>
    </ClInclude>
    <ClInclude Include="public\PxeComponent.h">
      <Filter>Header Files</Filter>
    </ClInclude>
    <ClInclude Include="private\PxeGuiShader.h">
      <Filter>Header Files</Filter>
    </ClInclude>
    <ClInclude Include="private\PxeGuiRenderProperties.h">
      <Filter>Header Files</Filter>
    </ClInclude>
    <ClInclude Include="public\PxeRenderComponent.h">
      <Filter>Header Files</Filter>
    </ClInclude>
    <ClInclude Include="public\PxeUpdateComponent.h">
      <Filter>Header Files</Filter>
    </ClInclude>
    <ClInclude Include="public\PxePhysicsComponent.h">
      <Filter>Header Files</Filter>
    </ClInclude>
    <ClInclude Include="public\PxeRenderTarget.h">
      <Filter>Header Files</Filter>
    </ClInclude>
    <ClInclude Include="private\PxeFontFile.h">
      <Filter>Header Files</Filter>
    </ClInclude>
    <ClInclude Include="private\PxeGlImGuiBackend.h">
      <Filter>Header Files</Filter>
    </ClInclude>
    <ClInclude Include="public\PxeStaticPhysicsActor.h">
      <Filter>Header Files</Filter>
    </ClInclude>
    <ClInclude Include="public\PxePhysicsShape.h">
      <Filter>Header Files</Filter>
    </ClInclude>
    <ClInclude Include="public\PxePhysicsActor.h">
      <Filter>Header Files</Filter>
    </ClInclude>
    <ClInclude Include="public\PxeDynamicPhysicsActor.h">
      <Filter>Header Files</Filter>
    </ClInclude>
    <ClInclude Include="public\PxeGuiComponent.h">
      <Filter>Header Files</Filter>
    </ClInclude>
    <ClInclude Include="public\PxeFixedBuffer.h">
      <Filter>Header Files</Filter>
    </ClInclude>
    <ClInclude Include="public\PxeVectorBuffer.h">
      <Filter>Header Files</Filter>
    </ClInclude>
  </ItemGroup>
  <ItemGroup>
    <None Include="assets\shaders\pxengine_unlit_shader.pxeshader" />
    <None Include="assets\shaders\pxengine_gui_shader.pxeshader" />
    <None Include="tools\StripPrivateImplementation.py" />
    <None Include="tools\CreateAPIHeader.py" />
    <None Include="tools\ModelLoader.py" />
  </ItemGroup>
</Project>