
Microsoft Visual Studio Solution File, Format Version 12.00
# Visual Studio Version 16
Project("{8BC9CEB8-8B4A-11D0-8D11-00A0C91BC942}") = "ALL_BUILD", "ALL_BUILD.vcxproj", "{AF34C62D-D8AA-35D6-951F-1CF940CAA78F}"
	ProjectSection(ProjectDependencies) = postProject
		{B60D689A-F7A8-3CCA-A15B-E36955118B5A} = {B60D689A-F7A8-3CCA-A15B-E36955118B5A}
		{8A80F867-7C6E-3F94-8ADA-4BC6C2B5B346} = {8A80F867-7C6E-3F94-8ADA-4BC6C2B5B346}
	EndProjectSection
EndProject
Project("{8BC9CEB8-8B4A-11D0-8D11-00A0C91BC942}") = "INSTALL", "INSTALL.vcxproj", "{67B88291-26EE-3C83-9CDA-1EEDEFAD9E8F}"
	ProjectSection(ProjectDependencies) = postProject
		{AF34C62D-D8AA-35D6-951F-1CF940CAA78F} = {AF34C62D-D8AA-35D6-951F-1CF940CAA78F}
		{B60D689A-F7A8-3CCA-A15B-E36955118B5A} = {B60D689A-F7A8-3CCA-A15B-E36955118B5A}
	EndProjectSection
EndProject
Project("{8BC9CEB8-8B4A-11D0-8D11-00A0C91BC942}") = "RUN_TESTS", "RUN_TESTS.vcxproj", "{84D03B0E-94E4-333A-BC90-277BE79F67E4}"
	ProjectSection(ProjectDependencies) = postProject
		{B60D689A-F7A8-3CCA-A15B-E36955118B5A} = {B60D689A-F7A8-3CCA-A15B-E36955118B5A}
	EndProjectSection
EndProject
Project("{8BC9CEB8-8B4A-11D0-8D11-00A0C91BC942}") = "ZERO_CHECK", "ZERO_CHECK.vcxproj", "{B60D689A-F7A8-3CCA-A15B-E36955118B5A}"
	ProjectSection(ProjectDependencies) = postProject
	EndProjectSection
EndProject
Project("{8BC9CEB8-8B4A-11D0-8D11-00A0C91BC942}") = "reactphysics3d", "reactphysics3d.vcxproj", "{8A80F867-7C6E-3F94-8ADA-4BC6C2B5B346}"
	ProjectSection(ProjectDependencies) = postProject
		{B60D689A-F7A8-3CCA-A15B-E36955118B5A} = {B60D689A-F7A8-3CCA-A15B-E36955118B5A}
	EndProjectSection
EndProject
Global
	GlobalSection(SolutionConfigurationPlatforms) = preSolution
		Debug|x64 = Debug|x64
		Release|x64 = Release|x64
		MinSizeRel|x64 = MinSizeRel|x64
		RelWithDebInfo|x64 = RelWithDebInfo|x64
	EndGlobalSection
	GlobalSection(ProjectConfigurationPlatforms) = postSolution
		{AF34C62D-D8AA-35D6-951F-1CF940CAA78F}.Debug|x64.ActiveCfg = Debug|x64
		{AF34C62D-D8AA-35D6-951F-1CF940CAA78F}.Debug|x64.Build.0 = Debug|x64
		{AF34C62D-D8AA-35D6-951F-1CF940CAA78F}.Release|x64.ActiveCfg = Release|x64
		{AF34C62D-D8AA-35D6-951F-1CF940CAA78F}.Release|x64.Build.0 = Release|x64
		{AF34C62D-D8AA-35D6-951F-1CF940CAA78F}.MinSizeRel|x64.ActiveCfg = MinSizeRel|x64
		{AF34C62D-D8AA-35D6-951F-1CF940CAA78F}.MinSizeRel|x64.Build.0 = MinSizeRel|x64
		{AF34C62D-D8AA-35D6-951F-1CF940CAA78F}.RelWithDebInfo|x64.ActiveCfg = RelWithDebInfo|x64
		{AF34C62D-D8AA-35D6-951F-1CF940CAA78F}.RelWithDebInfo|x64.Build.0 = RelWithDebInfo|x64
		{67B88291-26EE-3C83-9CDA-1EEDEFAD9E8F}.Debug|x64.ActiveCfg = Debug|x64
		{67B88291-26EE-3C83-9CDA-1EEDEFAD9E8F}.Release|x64.ActiveCfg = Release|x64
		{67B88291-26EE-3C83-9CDA-1EEDEFAD9E8F}.MinSizeRel|x64.ActiveCfg = MinSizeRel|x64
		{67B88291-26EE-3C83-9CDA-1EEDEFAD9E8F}.RelWithDebInfo|x64.ActiveCfg = RelWithDebInfo|x64
		{84D03B0E-94E4-333A-BC90-277BE79F67E4}.Debug|x64.ActiveCfg = Debug|x64
		{84D03B0E-94E4-333A-BC90-277BE79F67E4}.Release|x64.ActiveCfg = Release|x64
		{84D03B0E-94E4-333A-BC90-277BE79F67E4}.MinSizeRel|x64.ActiveCfg = MinSizeRel|x64
		{84D03B0E-94E4-333A-BC90-277BE79F67E4}.RelWithDebInfo|x64.ActiveCfg = RelWithDebInfo|x64
		{B60D689A-F7A8-3CCA-A15B-E36955118B5A}.Debug|x64.ActiveCfg = Debug|x64
		{B60D689A-F7A8-3CCA-A15B-E36955118B5A}.Debug|x64.Build.0 = Debug|x64
		{B60D689A-F7A8-3CCA-A15B-E36955118B5A}.Release|x64.ActiveCfg = Release|x64
		{B60D689A-F7A8-3CCA-A15B-E36955118B5A}.Release|x64.Build.0 = Release|x64
		{B60D689A-F7A8-3CCA-A15B-E36955118B5A}.MinSizeRel|x64.ActiveCfg = MinSizeRel|x64
		{B60D689A-F7A8-3CCA-A15B-E36955118B5A}.MinSizeRel|x64.Build.0 = MinSizeRel|x64
		{B60D689A-F7A8-3CCA-A15B-E36955118B5A}.RelWithDebInfo|x64.ActiveCfg = RelWithDebInfo|x64
		{B60D689A-F7A8-3CCA-A15B-E36955118B5A}.RelWithDebInfo|x64.Build.0 = RelWithDebInfo|x64
		{8A80F867-7C6E-3F94-8ADA-4BC6C2B5B346}.Debug|x64.ActiveCfg = Debug|x64
		{8A80F867-7C6E-3F94-8ADA-4BC6C2B5B346}.Debug|x64.Build.0 = Debug|x64
		{8A80F867-7C6E-3F94-8ADA-4BC6C2B5B346}.Release|x64.ActiveCfg = Release|x64
		{8A80F867-7C6E-3F94-8ADA-4BC6C2B5B346}.Release|x64.Build.0 = Release|x64
		{8A80F867-7C6E-3F94-8ADA-4BC6C2B5B346}.MinSizeRel|x64.ActiveCfg = MinSizeRel|x64
		{8A80F867-7C6E-3F94-8ADA-4BC6C2B5B346}.MinSizeRel|x64.Build.0 = MinSizeRel|x64
		{8A80F867-7C6E-3F94-8ADA-4BC6C2B5B346}.RelWithDebInfo|x64.ActiveCfg = RelWithDebInfo|x64
		{8A80F867-7C6E-3F94-8ADA-4BC6C2B5B346}.RelWithDebInfo|x64.Build.0 = RelWithDebInfo|x64
	EndGlobalSection
	GlobalSection(ExtensibilityGlobals) = postSolution
		SolutionGuid = {56409894-D9DD-3F21-B420-8C4FBECB3BA3}
	EndGlobalSection
	GlobalSection(ExtensibilityAddIns) = postSolution
	EndGlobalSection
EndGlobal
