<?xml version="1.0" encoding="utf-8"?>
<Project ToolsVersion="16.0" xmlns="http://schemas.microsoft.com/developer/msbuild/2003">
  <ItemGroup>
    <CustomBuild Include="C:\Users\austi\source\repos\PixelExplorer\reactphysics3d\CMakeFiles\018f816a2132181e6a02db720b4f6487\RUN_TESTS_force.rule">
      <Filter>CMake Rules</Filter>
    </CustomBuild>
  </ItemGroup>
  <ItemGroup>
    <Filter Include="CMake Rules">
      <UniqueIdentifier>{5B6008AA-9965-34CD-9107-B7BC8ACBDB15}</UniqueIdentifier>
    </Filter>
  </ItemGroup>
</Project>
